// !$*UTF8*$!
{
	archiveVersion = 1;
	classes = {
	};
	objectVersion = 46;
	objects = {

/* Begin PBXBuildFile section */
		02257D624E0363204E581421 /* btMultiBodyFixedConstraint.cpp in Sources */ = {isa = PBXBuildFile; fileRef = 478D235F479325793ABC36F0 /* btMultiBodyFixedConstraint.cpp */; };
		06F603B65B2842AE5D465A4E /* btSimpleDynamicsWorld.cpp in Sources */ = {isa = PBXBuildFile; fileRef = 34AE30E7102E556F23B34FC2 /* btSimpleDynamicsWorld.cpp */; };
		07AC55C501A334FF5A7C11D1 /* btHinge2Constraint.cpp in Sources */ = {isa = PBXBuildFile; fileRef = 237178A13FCE0A5E3A5C056E /* btHinge2Constraint.cpp */; };
		0A8F708409FD6A90160763BB /* btMLCPSolver.cpp in Sources */ = {isa = PBXBuildFile; fileRef = 5E0121170F795AE308972EDE /* btMLCPSolver.cpp */; };
		0CF34A6974545FE159E573B9 /* btHingeConstraint.cpp in Sources */ = {isa = PBXBuildFile; fileRef = 422348F969CD4493338F1A79 /* btHingeConstraint.cpp */; };
		0F932B9423B54C32137D265D /* btSequentialImpulseConstraintSolver.cpp in Sources */ = {isa = PBXBuildFile; fileRef = 36D915FC7A854CCF5CC12006 /* btSequentialImpulseConstraintSolver.cpp */; };
		1016319545BA3EE7679300AF /* btMultiBody.cpp in Sources */ = {isa = PBXBuildFile; fileRef = 6BEE7FF425BF5EBB7BBE1E01 /* btMultiBody.cpp */; };
		136D755069D26CE82A9B272A /* btMultiBodyPoint2Point.cpp in Sources */ = {isa = PBXBuildFile; fileRef = 21B116DB0CD039795EE258B0 /* btMultiBodyPoint2Point.cpp */; };
		14603A3469372C794D25584A /* btSliderConstraint.cpp in Sources */ = {isa = PBXBuildFile; fileRef = 06744B5B56B10A8210285C88 /* btSliderConstraint.cpp */; };
		171D2C084C3F66E56F850BF7 /* btGeneric6DofSpringConstraint.cpp in Sources */ = {isa = PBXBuildFile; fileRef = 1B8C34CE49CB3E1F6689319C /* btGeneric6DofSpringConstraint.cpp */; };
		18F113A165DF4FF71066598A /* btSolve2LinearConstraint.cpp in Sources */ = {isa = PBXBuildFile; fileRef = 4EBF604F7B7B05A04BE349A9 /* btSolve2LinearConstraint.cpp */; };
		1A89553B1FFA6299477C4D22 /* btMultiBodyGearConstraint.cpp in Sources */ = {isa = PBXBuildFile; fileRef = 17577A0918DB6E802A17070D /* btMultiBodyGearConstraint.cpp */; };
		1EC332612DFB79CA3E2E521A /* btRaycastVehicle.cpp in Sources */ = {isa = PBXBuildFile; fileRef = 264C63604FF848BF74983C07 /* btRaycastVehicle.cpp */; };
		23DC5A3E21A22A370E930C3C /* btGeneric6DofSpring2Constraint.cpp in Sources */ = {isa = PBXBuildFile; fileRef = 5F1364BF6B4332EC321F1A41 /* btGeneric6DofSpring2Constraint.cpp */; };
		2647229059A7011E700B02FC /* btMultiBodyDynamicsWorld.cpp in Sources */ = {isa = PBXBuildFile; fileRef = 7330013151A149E21E050830 /* btMultiBodyDynamicsWorld.cpp */; };
		314F3BDF48326F1B65831678 /* btGearConstraint.cpp in Sources */ = {isa = PBXBuildFile; fileRef = 140B0B024ACA1E9F0DC850C6 /* btGearConstraint.cpp */; };
		325C511C31FF747872FE1671 /* btContactConstraint.cpp in Sources */ = {isa = PBXBuildFile; fileRef = 49D5725934D2552635FC40A5 /* btContactConstraint.cpp */; };
		333B0B7B66D4179601FD141A /* btRigidBody.cpp in Sources */ = {isa = PBXBuildFile; fileRef = 049F07AF2EBC4C9C15CD4E39 /* btRigidBody.cpp */; };
		3D39770A6D8365364F111D36 /* btConeTwistConstraint.cpp in Sources */ = {isa = PBXBuildFile; fileRef = 572E2CAA0853426C79B55B4F /* btConeTwistConstraint.cpp */; };
		3D533D7227265AB9679654C1 /* btDiscreteDynamicsWorld.cpp in Sources */ = {isa = PBXBuildFile; fileRef = 04F02BBB2F2C31FF61FB2F2B /* btDiscreteDynamicsWorld.cpp */; };
		42D4096A2EB45F39501A1841 /* btMultiBodyConstraintSolver.cpp in Sources */ = {isa = PBXBuildFile; fileRef = 58CC588128F904D62D00178B /* btMultiBodyConstraintSolver.cpp */; };
		43A331FB5EA75A8D79D3470A /* btNNCGConstraintSolver.cpp in Sources */ = {isa = PBXBuildFile; fileRef = 5159369069645BA949836633 /* btNNCGConstraintSolver.cpp */; };
		48306BDA397820A420033251 /* btTypedConstraint.cpp in Sources */ = {isa = PBXBuildFile; fileRef = 112C125C1385264C610D3A82 /* btTypedConstraint.cpp */; };
		507D47ED30EA536B4BEC1C7D /* btGeneric6DofConstraint.cpp in Sources */ = {isa = PBXBuildFile; fileRef = 6309005F728245CD25380B81 /* btGeneric6DofConstraint.cpp */; };
		57B625CF39AC099527800336 /* btDiscreteDynamicsWorldMt.cpp in Sources */ = {isa = PBXBuildFile; fileRef = 72AA01BD5635360A78B00F50 /* btDiscreteDynamicsWorldMt.cpp */; };
		57C701DC23E328C73F721380 /* btFixedConstraint.cpp in Sources */ = {isa = PBXBuildFile; fileRef = 50B95E203F01707958B831C8 /* btFixedConstraint.cpp */; };
		5960330E087578173945075A /* btMultiBodySliderConstraint.cpp in Sources */ = {isa = PBXBuildFile; fileRef = 663C02FE238709F67EAB2D8C /* btMultiBodySliderConstraint.cpp */; };
		5CEB735F20ED4EF337601021 /* btKinematicCharacterController.cpp in Sources */ = {isa = PBXBuildFile; fileRef = 7494327F491B115E51A94D0E /* btKinematicCharacterController.cpp */; };
		5D192040738C2659203D2A9F /* btSimulationIslandManagerMt.cpp in Sources */ = {isa = PBXBuildFile; fileRef = 5BC5775A75C17B3E4AC37E96 /* btSimulationIslandManagerMt.cpp */; };
		600C6217650E3007394B25B7 /* btUniversalConstraint.cpp in Sources */ = {isa = PBXBuildFile; fileRef = 761B66E14AB7384220021D19 /* btUniversalConstraint.cpp */; };
		6351774D64DA465864DF0072 /* btMultiBodyJointMotor.cpp in Sources */ = {isa = PBXBuildFile; fileRef = 6ADD744A2D9B4B7107462502 /* btMultiBodyJointMotor.cpp */; };
		6E2B755A02682ADD3AD531EB /* btWheelInfo.cpp in Sources */ = {isa = PBXBuildFile; fileRef = 7E734704627C48CE050604C6 /* btWheelInfo.cpp */; };
		70BD21E70629293C36213850 /* btMultiBodyJointLimitConstraint.cpp in Sources */ = {isa = PBXBuildFile; fileRef = 635E48C52E13160B40BF40DD /* btMultiBodyJointLimitConstraint.cpp */; };
		75614FCF556177EE6168185F /* btPoint2PointConstraint.cpp in Sources */ = {isa = PBXBuildFile; fileRef = 0EDA2FEA5AE237493F835259 /* btPoint2PointConstraint.cpp */; };
		789E5E0548B90D91520F6CA9 /* btMultiBodyConstraint.cpp in Sources */ = {isa = PBXBuildFile; fileRef = 50962E346E3179960C087491 /* btMultiBodyConstraint.cpp */; };
		7B507340244A34D4738D59FA /* btLemkeAlgorithm.cpp in Sources */ = {isa = PBXBuildFile; fileRef = 4F197C3444602285558F4603 /* btLemkeAlgorithm.cpp */; };
		7DC91CF40E815D085F7F3D24 /* btDantzigLCP.cpp in Sources */ = {isa = PBXBuildFile; fileRef = 1BD839FC78F8147316EA0663 /* btDantzigLCP.cpp */; };
/* End PBXBuildFile section */

/* Begin PBXFileReference section */
		02654E98772472244CF91F7B /* btCharacterControllerInterface.h */ = {isa = PBXFileReference; lastKnownFileType = sourcecode.c.h; name = btCharacterControllerInterface.h; path = ../../src/BulletDynamics/Character/btCharacterControllerInterface.h; sourceTree = "<group>"; };
		04713C8434AD56BB12D10F83 /* btMultiBodyLinkCollider.h */ = {isa = PBXFileReference; lastKnownFileType = sourcecode.c.h; name = btMultiBodyLinkCollider.h; path = ../../src/BulletDynamics/Featherstone/btMultiBodyLinkCollider.h; sourceTree = "<group>"; };
		049F07AF2EBC4C9C15CD4E39 /* btRigidBody.cpp */ = {isa = PBXFileReference; lastKnownFileType = sourcecode.cpp.cpp; name = btRigidBody.cpp; path = ../../src/BulletDynamics/Dynamics/btRigidBody.cpp; sourceTree = "<group>"; };
		04F02BBB2F2C31FF61FB2F2B /* btDiscreteDynamicsWorld.cpp */ = {isa = PBXFileReference; lastKnownFileType = sourcecode.cpp.cpp; name = btDiscreteDynamicsWorld.cpp; path = ../../src/BulletDynamics/Dynamics/btDiscreteDynamicsWorld.cpp; sourceTree = "<group>"; };
		058769D268C579A1733F65D9 /* btMultiBodyGearConstraint.h */ = {isa = PBXFileReference; lastKnownFileType = sourcecode.c.h; name = btMultiBodyGearConstraint.h; path = ../../src/BulletDynamics/Featherstone/btMultiBodyGearConstraint.h; sourceTree = "<group>"; };
		06744B5B56B10A8210285C88 /* btSliderConstraint.cpp */ = {isa = PBXFileReference; lastKnownFileType = sourcecode.cpp.cpp; name = btSliderConstraint.cpp; path = ../../src/BulletDynamics/ConstraintSolver/btSliderConstraint.cpp; sourceTree = "<group>"; };
		07EE4FA62CFE66544F381FB3 /* btSliderConstraint.h */ = {isa = PBXFileReference; lastKnownFileType = sourcecode.c.h; name = btSliderConstraint.h; path = ../../src/BulletDynamics/ConstraintSolver/btSliderConstraint.h; sourceTree = "<group>"; };
		0A8D3716377B24C8042F4821 /* btMultiBodyConstraintSolver.h */ = {isa = PBXFileReference; lastKnownFileType = sourcecode.c.h; name = btMultiBodyConstraintSolver.h; path = ../../src/BulletDynamics/Featherstone/btMultiBodyConstraintSolver.h; sourceTree = "<group>"; };
		0DBB1EB113DB3C4C22D70390 /* btGeneric6DofSpringConstraint.h */ = {isa = PBXFileReference; lastKnownFileType = sourcecode.c.h; name = btGeneric6DofSpringConstraint.h; path = ../../src/BulletDynamics/ConstraintSolver/btGeneric6DofSpringConstraint.h; sourceTree = "<group>"; };
		0EDA2FEA5AE237493F835259 /* btPoint2PointConstraint.cpp */ = {isa = PBXFileReference; lastKnownFileType = sourcecode.cpp.cpp; name = btPoint2PointConstraint.cpp; path = ../../src/BulletDynamics/ConstraintSolver/btPoint2PointConstraint.cpp; sourceTree = "<group>"; };
		112C125C1385264C610D3A82 /* btTypedConstraint.cpp */ = {isa = PBXFileReference; lastKnownFileType = sourcecode.cpp.cpp; name = btTypedConstraint.cpp; path = ../../src/BulletDynamics/ConstraintSolver/btTypedConstraint.cpp; sourceTree = "<group>"; };
		125C055C70C542BC7D4A2EE3 /* btJacobianEntry.h */ = {isa = PBXFileReference; lastKnownFileType = sourcecode.c.h; name = btJacobianEntry.h; path = ../../src/BulletDynamics/ConstraintSolver/btJacobianEntry.h; sourceTree = "<group>"; };
		126C3050059C462D5C89491F /* btMultiBodyFixedConstraint.h */ = {isa = PBXFileReference; lastKnownFileType = sourcecode.c.h; name = btMultiBodyFixedConstraint.h; path = ../../src/BulletDynamics/Featherstone/btMultiBodyFixedConstraint.h; sourceTree = "<group>"; };
		140B0B024ACA1E9F0DC850C6 /* btGearConstraint.cpp */ = {isa = PBXFileReference; lastKnownFileType = sourcecode.cpp.cpp; name = btGearConstraint.cpp; path = ../../src/BulletDynamics/ConstraintSolver/btGearConstraint.cpp; sourceTree = "<group>"; };
		14CE053A613370BB24307CFE /* btHingeConstraint.h */ = {isa = PBXFileReference; lastKnownFileType = sourcecode.c.h; name = btHingeConstraint.h; path = ../../src/BulletDynamics/ConstraintSolver/btHingeConstraint.h; sourceTree = "<group>"; };
		1538282745F51030744F0F55 /* btKinematicCharacterController.h */ = {isa = PBXFileReference; lastKnownFileType = sourcecode.c.h; name = btKinematicCharacterController.h; path = ../../src/BulletDynamics/Character/btKinematicCharacterController.h; sourceTree = "<group>"; };
		17577A0918DB6E802A17070D /* btMultiBodyGearConstraint.cpp */ = {isa = PBXFileReference; lastKnownFileType = sourcecode.cpp.cpp; name = btMultiBodyGearConstraint.cpp; path = ../../src/BulletDynamics/Featherstone/btMultiBodyGearConstraint.cpp; sourceTree = "<group>"; };
		1A03760E37701C007CAE3596 /* btSolve2LinearConstraint.h */ = {isa = PBXFileReference; lastKnownFileType = sourcecode.c.h; name = btSolve2LinearConstraint.h; path = ../../src/BulletDynamics/ConstraintSolver/btSolve2LinearConstraint.h; sourceTree = "<group>"; };
		1AEA7940759A0C9C7C7A5C14 /* btUniversalConstraint.h */ = {isa = PBXFileReference; lastKnownFileType = sourcecode.c.h; name = btUniversalConstraint.h; path = ../../src/BulletDynamics/ConstraintSolver/btUniversalConstraint.h; sourceTree = "<group>"; };
		1B8C34CE49CB3E1F6689319C /* btGeneric6DofSpringConstraint.cpp */ = {isa = PBXFileReference; lastKnownFileType = sourcecode.cpp.cpp; name = btGeneric6DofSpringConstraint.cpp; path = ../../src/BulletDynamics/ConstraintSolver/btGeneric6DofSpringConstraint.cpp; sourceTree = "<group>"; };
		1BD839FC78F8147316EA0663 /* btDantzigLCP.cpp */ = {isa = PBXFileReference; lastKnownFileType = sourcecode.cpp.cpp; name = btDantzigLCP.cpp; path = ../../src/BulletDynamics/MLCPSolvers/btDantzigLCP.cpp; sourceTree = "<group>"; };
		1D4E79987412516C49EA3153 /* btConstraintSolver.h */ = {isa = PBXFileReference; lastKnownFileType = sourcecode.c.h; name = btConstraintSolver.h; path = ../../src/BulletDynamics/ConstraintSolver/btConstraintSolver.h; sourceTree = "<group>"; };
		1EBF1FB5343065C24A81653C /* btLemkeSolver.h */ = {isa = PBXFileReference; lastKnownFileType = sourcecode.c.h; name = btLemkeSolver.h; path = ../../src/BulletDynamics/MLCPSolvers/btLemkeSolver.h; sourceTree = "<group>"; };
		1F667BE03F982BC471DE2635 /* btMLCPSolver.h */ = {isa = PBXFileReference; lastKnownFileType = sourcecode.c.h; name = btMLCPSolver.h; path = ../../src/BulletDynamics/MLCPSolvers/btMLCPSolver.h; sourceTree = "<group>"; };
		1F997BFA6E6E2ED018A25F73 /* btPATHSolver.h */ = {isa = PBXFileReference; lastKnownFileType = sourcecode.c.h; name = btPATHSolver.h; path = ../../src/BulletDynamics/MLCPSolvers/btPATHSolver.h; sourceTree = "<group>"; };
		21B116DB0CD039795EE258B0 /* btMultiBodyPoint2Point.cpp */ = {isa = PBXFileReference; lastKnownFileType = sourcecode.cpp.cpp; name = btMultiBodyPoint2Point.cpp; path = ../../src/BulletDynamics/Featherstone/btMultiBodyPoint2Point.cpp; sourceTree = "<group>"; };
		227F7A517FC160F230C9631D /* btMLCPSolverInterface.h */ = {isa = PBXFileReference; lastKnownFileType = sourcecode.c.h; name = btMLCPSolverInterface.h; path = ../../src/BulletDynamics/MLCPSolvers/btMLCPSolverInterface.h; sourceTree = "<group>"; };
		237178A13FCE0A5E3A5C056E /* btHinge2Constraint.cpp */ = {isa = PBXFileReference; lastKnownFileType = sourcecode.cpp.cpp; name = btHinge2Constraint.cpp; path = ../../src/BulletDynamics/ConstraintSolver/btHinge2Constraint.cpp; sourceTree = "<group>"; };
		25AE50964B80792911C31E01 /* btSolverBody.h */ = {isa = PBXFileReference; lastKnownFileType = sourcecode.c.h; name = btSolverBody.h; path = ../../src/BulletDynamics/ConstraintSolver/btSolverBody.h; sourceTree = "<group>"; };
		264C63604FF848BF74983C07 /* btRaycastVehicle.cpp */ = {isa = PBXFileReference; lastKnownFileType = sourcecode.cpp.cpp; name = btRaycastVehicle.cpp; path = ../../src/BulletDynamics/Vehicle/btRaycastVehicle.cpp; sourceTree = "<group>"; };
		2650631F269128AF0A1D1B8F /* btVehicleRaycaster.h */ = {isa = PBXFileReference; lastKnownFileType = sourcecode.c.h; name = btVehicleRaycaster.h; path = ../../src/BulletDynamics/Vehicle/btVehicleRaycaster.h; sourceTree = "<group>"; };
		268323F40E754480426879A4 /* btDantzigLCP.h */ = {isa = PBXFileReference; lastKnownFileType = sourcecode.c.h; name = btDantzigLCP.h; path = ../../src/BulletDynamics/MLCPSolvers/btDantzigLCP.h; sourceTree = "<group>"; };
		28035DA52EAA5B1E481D15A6 /* btMultiBodyDynamicsWorld.h */ = {isa = PBXFileReference; lastKnownFileType = sourcecode.c.h; name = btMultiBodyDynamicsWorld.h; path = ../../src/BulletDynamics/Featherstone/btMultiBodyDynamicsWorld.h; sourceTree = "<group>"; };
		2B6F19D72F551C6B5109458D /* btDantzigSolver.h */ = {isa = PBXFileReference; lastKnownFileType = sourcecode.c.h; name = btDantzigSolver.h; path = ../../src/BulletDynamics/MLCPSolvers/btDantzigSolver.h; sourceTree = "<group>"; };
		2D55624609B77F3C6DED7480 /* btSolveProjectedGaussSeidel.h */ = {isa = PBXFileReference; lastKnownFileType = sourcecode.c.h; name = btSolveProjectedGaussSeidel.h; path = ../../src/BulletDynamics/MLCPSolvers/btSolveProjectedGaussSeidel.h; sourceTree = "<group>"; };
		2DD26132597F32983BBB1B2C /* btActionInterface.h */ = {isa = PBXFileReference; lastKnownFileType = sourcecode.c.h; name = btActionInterface.h; path = ../../src/BulletDynamics/Dynamics/btActionInterface.h; sourceTree = "<group>"; };
		2EEB5FDA116F4A296BC35326 /* btMultiBodyJointLimitConstraint.h */ = {isa = PBXFileReference; lastKnownFileType = sourcecode.c.h; name = btMultiBodyJointLimitConstraint.h; path = ../../src/BulletDynamics/Featherstone/btMultiBodyJointLimitConstraint.h; sourceTree = "<group>"; };
		32CF5E397B443324324917CC /* btSequentialImpulseConstraintSolver.h */ = {isa = PBXFileReference; lastKnownFileType = sourcecode.c.h; name = btSequentialImpulseConstraintSolver.h; path = ../../src/BulletDynamics/ConstraintSolver/btSequentialImpulseConstraintSolver.h; sourceTree = "<group>"; };
		34AE30E7102E556F23B34FC2 /* btSimpleDynamicsWorld.cpp */ = {isa = PBXFileReference; lastKnownFileType = sourcecode.cpp.cpp; name = btSimpleDynamicsWorld.cpp; path = ../../src/BulletDynamics/Dynamics/btSimpleDynamicsWorld.cpp; sourceTree = "<group>"; };
		362359C13C340A422DAE1BAF /* btPoint2PointConstraint.h */ = {isa = PBXFileReference; lastKnownFileType = sourcecode.c.h; name = btPoint2PointConstraint.h; path = ../../src/BulletDynamics/ConstraintSolver/btPoint2PointConstraint.h; sourceTree = "<group>"; };
		36D915FC7A854CCF5CC12006 /* btSequentialImpulseConstraintSolver.cpp */ = {isa = PBXFileReference; lastKnownFileType = sourcecode.cpp.cpp; name = btSequentialImpulseConstraintSolver.cpp; path = ../../src/BulletDynamics/ConstraintSolver/btSequentialImpulseConstraintSolver.cpp; sourceTree = "<group>"; };
		3D5D323764D7762128821B8F /* btMultiBodyPoint2Point.h */ = {isa = PBXFileReference; lastKnownFileType = sourcecode.c.h; name = btMultiBodyPoint2Point.h; path = ../../src/BulletDynamics/Featherstone/btMultiBodyPoint2Point.h; sourceTree = "<group>"; };
		3F9823EE00217A125AA6533C /* btRaycastVehicle.h */ = {isa = PBXFileReference; lastKnownFileType = sourcecode.c.h; name = btRaycastVehicle.h; path = ../../src/BulletDynamics/Vehicle/btRaycastVehicle.h; sourceTree = "<group>"; };
		3FBF36EB30E65369293C5FDA /* btMultiBodySliderConstraint.h */ = {isa = PBXFileReference; lastKnownFileType = sourcecode.c.h; name = btMultiBodySliderConstraint.h; path = ../../src/BulletDynamics/Featherstone/btMultiBodySliderConstraint.h; sourceTree = "<group>"; };
		40FB4FA03A27706110941CBD /* btGearConstraint.h */ = {isa = PBXFileReference; lastKnownFileType = sourcecode.c.h; name = btGearConstraint.h; path = ../../src/BulletDynamics/ConstraintSolver/btGearConstraint.h; sourceTree = "<group>"; };
		422348F969CD4493338F1A79 /* btHingeConstraint.cpp */ = {isa = PBXFileReference; lastKnownFileType = sourcecode.cpp.cpp; name = btHingeConstraint.cpp; path = ../../src/BulletDynamics/ConstraintSolver/btHingeConstraint.cpp; sourceTree = "<group>"; };
		43F3223A4A717692055B4A8A /* btMultiBodyJointFeedback.h */ = {isa = PBXFileReference; lastKnownFileType = sourcecode.c.h; name = btMultiBodyJointFeedback.h; path = ../../src/BulletDynamics/Featherstone/btMultiBodyJointFeedback.h; sourceTree = "<group>"; };
		44405A0F1E6B3F516D357201 /* btSimpleDynamicsWorld.h */ = {isa = PBXFileReference; lastKnownFileType = sourcecode.c.h; name = btSimpleDynamicsWorld.h; path = ../../src/BulletDynamics/Dynamics/btSimpleDynamicsWorld.h; sourceTree = "<group>"; };
		478D235F479325793ABC36F0 /* btMultiBodyFixedConstraint.cpp */ = {isa = PBXFileReference; lastKnownFileType = sourcecode.cpp.cpp; name = btMultiBodyFixedConstraint.cpp; path = ../../src/BulletDynamics/Featherstone/btMultiBodyFixedConstraint.cpp; sourceTree = "<group>"; };
		481D1DF370183E9327B23340 /* btRigidBody.h */ = {isa = PBXFileReference; lastKnownFileType = sourcecode.c.h; name = btRigidBody.h; path = ../../src/BulletDynamics/Dynamics/btRigidBody.h; sourceTree = "<group>"; };
		49D5725934D2552635FC40A5 /* btContactConstraint.cpp */ = {isa = PBXFileReference; lastKnownFileType = sourcecode.cpp.cpp; name = btContactConstraint.cpp; path = ../../src/BulletDynamics/ConstraintSolver/btContactConstraint.cpp; sourceTree = "<group>"; };
		4BD30D95540D48482C2B6A2A /* btWheelInfo.h */ = {isa = PBXFileReference; lastKnownFileType = sourcecode.c.h; name = btWheelInfo.h; path = ../../src/BulletDynamics/Vehicle/btWheelInfo.h; sourceTree = "<group>"; };
		4EBF604F7B7B05A04BE349A9 /* btSolve2LinearConstraint.cpp */ = {isa = PBXFileReference; lastKnownFileType = sourcecode.cpp.cpp; name = btSolve2LinearConstraint.cpp; path = ../../src/BulletDynamics/ConstraintSolver/btSolve2LinearConstraint.cpp; sourceTree = "<group>"; };
		4F197C3444602285558F4603 /* btLemkeAlgorithm.cpp */ = {isa = PBXFileReference; lastKnownFileType = sourcecode.cpp.cpp; name = btLemkeAlgorithm.cpp; path = ../../src/BulletDynamics/MLCPSolvers/btLemkeAlgorithm.cpp; sourceTree = "<group>"; };
		50910E03781F53DE152B7314 /* libBulletDynamics_xcode4_x64_debug.a */ = {isa = PBXFileReference; explicitFileType = archive.ar; includeInIndex = 0; path = libBulletDynamics_xcode4_x64_debug.a; sourceTree = BUILT_PRODUCTS_DIR; };
		50962E346E3179960C087491 /* btMultiBodyConstraint.cpp */ = {isa = PBXFileReference; lastKnownFileType = sourcecode.cpp.cpp; name = btMultiBodyConstraint.cpp; path = ../../src/BulletDynamics/Featherstone/btMultiBodyConstraint.cpp; sourceTree = "<group>"; };
		50B95E203F01707958B831C8 /* btFixedConstraint.cpp */ = {isa = PBXFileReference; lastKnownFileType = sourcecode.cpp.cpp; name = btFixedConstraint.cpp; path = ../../src/BulletDynamics/ConstraintSolver/btFixedConstraint.cpp; sourceTree = "<group>"; };
		51235E4F356C7CF76FD950DA /* btSimulationIslandManagerMt.h */ = {isa = PBXFileReference; lastKnownFileType = sourcecode.c.h; name = btSimulationIslandManagerMt.h; path = ../../src/BulletDynamics/Dynamics/btSimulationIslandManagerMt.h; sourceTree = "<group>"; };
		5159369069645BA949836633 /* btNNCGConstraintSolver.cpp */ = {isa = PBXFileReference; lastKnownFileType = sourcecode.cpp.cpp; name = btNNCGConstraintSolver.cpp; path = ../../src/BulletDynamics/ConstraintSolver/btNNCGConstraintSolver.cpp; sourceTree = "<group>"; };
		56A264A1063805260FB339C4 /* btFixedConstraint.h */ = {isa = PBXFileReference; lastKnownFileType = sourcecode.c.h; name = btFixedConstraint.h; path = ../../src/BulletDynamics/ConstraintSolver/btFixedConstraint.h; sourceTree = "<group>"; };
		572E2CAA0853426C79B55B4F /* btConeTwistConstraint.cpp */ = {isa = PBXFileReference; lastKnownFileType = sourcecode.cpp.cpp; name = btConeTwistConstraint.cpp; path = ../../src/BulletDynamics/ConstraintSolver/btConeTwistConstraint.cpp; sourceTree = "<group>"; };
		58576AAA7E15290B37AC2665 /* btHinge2Constraint.h */ = {isa = PBXFileReference; lastKnownFileType = sourcecode.c.h; name = btHinge2Constraint.h; path = ../../src/BulletDynamics/ConstraintSolver/btHinge2Constraint.h; sourceTree = "<group>"; };
		58CC588128F904D62D00178B /* btMultiBodyConstraintSolver.cpp */ = {isa = PBXFileReference; lastKnownFileType = sourcecode.cpp.cpp; name = btMultiBodyConstraintSolver.cpp; path = ../../src/BulletDynamics/Featherstone/btMultiBodyConstraintSolver.cpp; sourceTree = "<group>"; };
		5BC5775A75C17B3E4AC37E96 /* btSimulationIslandManagerMt.cpp */ = {isa = PBXFileReference; lastKnownFileType = sourcecode.cpp.cpp; name = btSimulationIslandManagerMt.cpp; path = ../../src/BulletDynamics/Dynamics/btSimulationIslandManagerMt.cpp; sourceTree = "<group>"; };
		5E0121170F795AE308972EDE /* btMLCPSolver.cpp */ = {isa = PBXFileReference; lastKnownFileType = sourcecode.cpp.cpp; name = btMLCPSolver.cpp; path = ../../src/BulletDynamics/MLCPSolvers/btMLCPSolver.cpp; sourceTree = "<group>"; };
		5F1364BF6B4332EC321F1A41 /* btGeneric6DofSpring2Constraint.cpp */ = {isa = PBXFileReference; lastKnownFileType = sourcecode.cpp.cpp; name = btGeneric6DofSpring2Constraint.cpp; path = ../../src/BulletDynamics/ConstraintSolver/btGeneric6DofSpring2Constraint.cpp; sourceTree = "<group>"; };
		6036180861E64E7431517CEA /* btDiscreteDynamicsWorld.h */ = {isa = PBXFileReference; lastKnownFileType = sourcecode.c.h; name = btDiscreteDynamicsWorld.h; path = ../../src/BulletDynamics/Dynamics/btDiscreteDynamicsWorld.h; sourceTree = "<group>"; };
		60856BBB5300298A3E764D57 /* btSolverConstraint.h */ = {isa = PBXFileReference; lastKnownFileType = sourcecode.c.h; name = btSolverConstraint.h; path = ../../src/BulletDynamics/ConstraintSolver/btSolverConstraint.h; sourceTree = "<group>"; };
		62EC745B1597153828633A9D /* btMultiBodyConstraint.h */ = {isa = PBXFileReference; lastKnownFileType = sourcecode.c.h; name = btMultiBodyConstraint.h; path = ../../src/BulletDynamics/Featherstone/btMultiBodyConstraint.h; sourceTree = "<group>"; };
		6309005F728245CD25380B81 /* btGeneric6DofConstraint.cpp */ = {isa = PBXFileReference; lastKnownFileType = sourcecode.cpp.cpp; name = btGeneric6DofConstraint.cpp; path = ../../src/BulletDynamics/ConstraintSolver/btGeneric6DofConstraint.cpp; sourceTree = "<group>"; };
		635E48C52E13160B40BF40DD /* btMultiBodyJointLimitConstraint.cpp */ = {isa = PBXFileReference; lastKnownFileType = sourcecode.cpp.cpp; name = btMultiBodyJointLimitConstraint.cpp; path = ../../src/BulletDynamics/Featherstone/btMultiBodyJointLimitConstraint.cpp; sourceTree = "<group>"; };
		6416189E6E2A367A172D42DF /* btGeneric6DofConstraint.h */ = {isa = PBXFileReference; lastKnownFileType = sourcecode.c.h; name = btGeneric6DofConstraint.h; path = ../../src/BulletDynamics/ConstraintSolver/btGeneric6DofConstraint.h; sourceTree = "<group>"; };
		663C02FE238709F67EAB2D8C /* btMultiBodySliderConstraint.cpp */ = {isa = PBXFileReference; lastKnownFileType = sourcecode.cpp.cpp; name = btMultiBodySliderConstraint.cpp; path = ../../src/BulletDynamics/Featherstone/btMultiBodySliderConstraint.cpp; sourceTree = "<group>"; };
		6ADD744A2D9B4B7107462502 /* btMultiBodyJointMotor.cpp */ = {isa = PBXFileReference; lastKnownFileType = sourcecode.cpp.cpp; name = btMultiBodyJointMotor.cpp; path = ../../src/BulletDynamics/Featherstone/btMultiBodyJointMotor.cpp; sourceTree = "<group>"; };
		6BA67E5275CD0BE6657A59F7 /* btLemkeAlgorithm.h */ = {isa = PBXFileReference; lastKnownFileType = sourcecode.c.h; name = btLemkeAlgorithm.h; path = ../../src/BulletDynamics/MLCPSolvers/btLemkeAlgorithm.h; sourceTree = "<group>"; };
		6BEE7FF425BF5EBB7BBE1E01 /* btMultiBody.cpp */ = {isa = PBXFileReference; lastKnownFileType = sourcecode.cpp.cpp; name = btMultiBody.cpp; path = ../../src/BulletDynamics/Featherstone/btMultiBody.cpp; sourceTree = "<group>"; };
		6E0728D7699E39EE69016ED4 /* btMultiBody.h */ = {isa = PBXFileReference; lastKnownFileType = sourcecode.c.h; name = btMultiBody.h; path = ../../src/BulletDynamics/Featherstone/btMultiBody.h; sourceTree = "<group>"; };
		6F22433A4CDF02430E24155A /* btContactConstraint.h */ = {isa = PBXFileReference; lastKnownFileType = sourcecode.c.h; name = btContactConstraint.h; path = ../../src/BulletDynamics/ConstraintSolver/btContactConstraint.h; sourceTree = "<group>"; };
		6F5B5EDE5EFF605847445422 /* btGeneric6DofSpring2Constraint.h */ = {isa = PBXFileReference; lastKnownFileType = sourcecode.c.h; name = btGeneric6DofSpring2Constraint.h; path = ../../src/BulletDynamics/ConstraintSolver/btGeneric6DofSpring2Constraint.h; sourceTree = "<group>"; };
		70CE197958F002C5727E46AC /* btDynamicsWorld.h */ = {isa = PBXFileReference; lastKnownFileType = sourcecode.c.h; name = btDynamicsWorld.h; path = ../../src/BulletDynamics/Dynamics/btDynamicsWorld.h; sourceTree = "<group>"; };
		72AA01BD5635360A78B00F50 /* btDiscreteDynamicsWorldMt.cpp */ = {isa = PBXFileReference; lastKnownFileType = sourcecode.cpp.cpp; name = btDiscreteDynamicsWorldMt.cpp; path = ../../src/BulletDynamics/Dynamics/btDiscreteDynamicsWorldMt.cpp; sourceTree = "<group>"; };
		7330013151A149E21E050830 /* btMultiBodyDynamicsWorld.cpp */ = {isa = PBXFileReference; lastKnownFileType = sourcecode.cpp.cpp; name = btMultiBodyDynamicsWorld.cpp; path = ../../src/BulletDynamics/Featherstone/btMultiBodyDynamicsWorld.cpp; sourceTree = "<group>"; };
		7494327F491B115E51A94D0E /* btKinematicCharacterController.cpp */ = {isa = PBXFileReference; lastKnownFileType = sourcecode.cpp.cpp; name = btKinematicCharacterController.cpp; path = ../../src/BulletDynamics/Character/btKinematicCharacterController.cpp; sourceTree = "<group>"; };
		761B66E14AB7384220021D19 /* btUniversalConstraint.cpp */ = {isa = PBXFileReference; lastKnownFileType = sourcecode.cpp.cpp; name = btUniversalConstraint.cpp; path = ../../src/BulletDynamics/ConstraintSolver/btUniversalConstraint.cpp; sourceTree = "<group>"; };
		765A31521E2B57F94CAF7864 /* btConeTwistConstraint.h */ = {isa = PBXFileReference; lastKnownFileType = sourcecode.c.h; name = btConeTwistConstraint.h; path = ../../src/BulletDynamics/ConstraintSolver/btConeTwistConstraint.h; sourceTree = "<group>"; };
		77BA03D26CC1087550375BD1 /* btMultiBodyJointMotor.h */ = {isa = PBXFileReference; lastKnownFileType = sourcecode.c.h; name = btMultiBodyJointMotor.h; path = ../../src/BulletDynamics/Featherstone/btMultiBodyJointMotor.h; sourceTree = "<group>"; };
		785B4D1B424E49C008DE6100 /* btDiscreteDynamicsWorldMt.h */ = {isa = PBXFileReference; lastKnownFileType = sourcecode.c.h; name = btDiscreteDynamicsWorldMt.h; path = ../../src/BulletDynamics/Dynamics/btDiscreteDynamicsWorldMt.h; sourceTree = "<group>"; };
		78BA31AF14BA771C0B3B653E /* btMultiBodyLink.h */ = {isa = PBXFileReference; lastKnownFileType = sourcecode.c.h; name = btMultiBodyLink.h; path = ../../src/BulletDynamics/Featherstone/btMultiBodyLink.h; sourceTree = "<group>"; };
		78FA25D838956CE6008943E0 /* btContactSolverInfo.h */ = {isa = PBXFileReference; lastKnownFileType = sourcecode.c.h; name = btContactSolverInfo.h; path = ../../src/BulletDynamics/ConstraintSolver/btContactSolverInfo.h; sourceTree = "<group>"; };
		7DB84F5E4761558C010E7D00 /* btNNCGConstraintSolver.h */ = {isa = PBXFileReference; lastKnownFileType = sourcecode.c.h; name = btNNCGConstraintSolver.h; path = ../../src/BulletDynamics/ConstraintSolver/btNNCGConstraintSolver.h; sourceTree = "<group>"; };
		7DED7FC7755339B538766598 /* btTypedConstraint.h */ = {isa = PBXFileReference; lastKnownFileType = sourcecode.c.h; name = btTypedConstraint.h; path = ../../src/BulletDynamics/ConstraintSolver/btTypedConstraint.h; sourceTree = "<group>"; };
		7E734704627C48CE050604C6 /* btWheelInfo.cpp */ = {isa = PBXFileReference; lastKnownFileType = sourcecode.cpp.cpp; name = btWheelInfo.cpp; path = ../../src/BulletDynamics/Vehicle/btWheelInfo.cpp; sourceTree = "<group>"; };
		7E922A03437072221D602005 /* btMultiBodySolverConstraint.h */ = {isa = PBXFileReference; lastKnownFileType = sourcecode.c.h; name = btMultiBodySolverConstraint.h; path = ../../src/BulletDynamics/Featherstone/btMultiBodySolverConstraint.h; sourceTree = "<group>"; };
/* End PBXFileReference section */

/* Begin PBXFrameworksBuildPhase section */
		395B32F64F5A3FC932550BA7 /* Frameworks */ = {
			isa = PBXFrameworksBuildPhase;
			buildActionMask = 2147483647;
			files = (
			);
			runOnlyForDeploymentPostprocessing = 0;
		};
/* End PBXFrameworksBuildPhase section */

/* Begin PBXGroup section */
		10806D6A026F6E8862A433F7 /* BulletDynamics */ = {
			isa = PBXGroup;
			children = (
				5BFE2B394874430B335742A3 /* src */,
				74BA04F77FB847E47C88616B /* Products */,
			);
			name = BulletDynamics;
			sourceTree = "<group>";
		};
		275F73BE5BB57D30748C3693 /* Character */ = {
			isa = PBXGroup;
			children = (
				02654E98772472244CF91F7B /* btCharacterControllerInterface.h */,
				7494327F491B115E51A94D0E /* btKinematicCharacterController.cpp */,
				1538282745F51030744F0F55 /* btKinematicCharacterController.h */,
			);
			name = Character;
			sourceTree = "<group>";
		};
		2EBA43DD6F0E1BE2240161BA /* MLCPSolvers */ = {
			isa = PBXGroup;
			children = (
				1BD839FC78F8147316EA0663 /* btDantzigLCP.cpp */,
				268323F40E754480426879A4 /* btDantzigLCP.h */,
				2B6F19D72F551C6B5109458D /* btDantzigSolver.h */,
				4F197C3444602285558F4603 /* btLemkeAlgorithm.cpp */,
				6BA67E5275CD0BE6657A59F7 /* btLemkeAlgorithm.h */,
				1EBF1FB5343065C24A81653C /* btLemkeSolver.h */,
				5E0121170F795AE308972EDE /* btMLCPSolver.cpp */,
				1F667BE03F982BC471DE2635 /* btMLCPSolver.h */,
				227F7A517FC160F230C9631D /* btMLCPSolverInterface.h */,
				1F997BFA6E6E2ED018A25F73 /* btPATHSolver.h */,
				2D55624609B77F3C6DED7480 /* btSolveProjectedGaussSeidel.h */,
			);
			name = MLCPSolvers;
			sourceTree = "<group>";
		};
		32A92EC13BBA696925937501 /* Vehicle */ = {
			isa = PBXGroup;
			children = (
				264C63604FF848BF74983C07 /* btRaycastVehicle.cpp */,
				3F9823EE00217A125AA6533C /* btRaycastVehicle.h */,
				2650631F269128AF0A1D1B8F /* btVehicleRaycaster.h */,
				7E734704627C48CE050604C6 /* btWheelInfo.cpp */,
				4BD30D95540D48482C2B6A2A /* btWheelInfo.h */,
			);
			name = Vehicle;
			sourceTree = "<group>";
		};
		335A5B722BE100C46D37656D /* Featherstone */ = {
			isa = PBXGroup;
			children = (
				6BEE7FF425BF5EBB7BBE1E01 /* btMultiBody.cpp */,
				6E0728D7699E39EE69016ED4 /* btMultiBody.h */,
				50962E346E3179960C087491 /* btMultiBodyConstraint.cpp */,
				62EC745B1597153828633A9D /* btMultiBodyConstraint.h */,
				58CC588128F904D62D00178B /* btMultiBodyConstraintSolver.cpp */,
				0A8D3716377B24C8042F4821 /* btMultiBodyConstraintSolver.h */,
				7330013151A149E21E050830 /* btMultiBodyDynamicsWorld.cpp */,
				28035DA52EAA5B1E481D15A6 /* btMultiBodyDynamicsWorld.h */,
				478D235F479325793ABC36F0 /* btMultiBodyFixedConstraint.cpp */,
				126C3050059C462D5C89491F /* btMultiBodyFixedConstraint.h */,
				17577A0918DB6E802A17070D /* btMultiBodyGearConstraint.cpp */,
				058769D268C579A1733F65D9 /* btMultiBodyGearConstraint.h */,
				43F3223A4A717692055B4A8A /* btMultiBodyJointFeedback.h */,
				635E48C52E13160B40BF40DD /* btMultiBodyJointLimitConstraint.cpp */,
				2EEB5FDA116F4A296BC35326 /* btMultiBodyJointLimitConstraint.h */,
				6ADD744A2D9B4B7107462502 /* btMultiBodyJointMotor.cpp */,
				77BA03D26CC1087550375BD1 /* btMultiBodyJointMotor.h */,
				78BA31AF14BA771C0B3B653E /* btMultiBodyLink.h */,
				04713C8434AD56BB12D10F83 /* btMultiBodyLinkCollider.h */,
				21B116DB0CD039795EE258B0 /* btMultiBodyPoint2Point.cpp */,
				3D5D323764D7762128821B8F /* btMultiBodyPoint2Point.h */,
				663C02FE238709F67EAB2D8C /* btMultiBodySliderConstraint.cpp */,
				3FBF36EB30E65369293C5FDA /* btMultiBodySliderConstraint.h */,
				7E922A03437072221D602005 /* btMultiBodySolverConstraint.h */,
			);
			name = Featherstone;
			sourceTree = "<group>";
		};
		38D32BC6570A0B63313C6465 /* Dynamics */ = {
			isa = PBXGroup;
			children = (
				2DD26132597F32983BBB1B2C /* btActionInterface.h */,
				04F02BBB2F2C31FF61FB2F2B /* btDiscreteDynamicsWorld.cpp */,
				6036180861E64E7431517CEA /* btDiscreteDynamicsWorld.h */,
				72AA01BD5635360A78B00F50 /* btDiscreteDynamicsWorldMt.cpp */,
				785B4D1B424E49C008DE6100 /* btDiscreteDynamicsWorldMt.h */,
				70CE197958F002C5727E46AC /* btDynamicsWorld.h */,
				049F07AF2EBC4C9C15CD4E39 /* btRigidBody.cpp */,
				481D1DF370183E9327B23340 /* btRigidBody.h */,
				34AE30E7102E556F23B34FC2 /* btSimpleDynamicsWorld.cpp */,
				44405A0F1E6B3F516D357201 /* btSimpleDynamicsWorld.h */,
				5BC5775A75C17B3E4AC37E96 /* btSimulationIslandManagerMt.cpp */,
				51235E4F356C7CF76FD950DA /* btSimulationIslandManagerMt.h */,
			);
			name = Dynamics;
			sourceTree = "<group>";
		};
		4A8B25E6534B719835DA1EF6 /* ConstraintSolver */ = {
			isa = PBXGroup;
			children = (
				572E2CAA0853426C79B55B4F /* btConeTwistConstraint.cpp */,
				765A31521E2B57F94CAF7864 /* btConeTwistConstraint.h */,
				1D4E79987412516C49EA3153 /* btConstraintSolver.h */,
				49D5725934D2552635FC40A5 /* btContactConstraint.cpp */,
				6F22433A4CDF02430E24155A /* btContactConstraint.h */,
				78FA25D838956CE6008943E0 /* btContactSolverInfo.h */,
				50B95E203F01707958B831C8 /* btFixedConstraint.cpp */,
				56A264A1063805260FB339C4 /* btFixedConstraint.h */,
				140B0B024ACA1E9F0DC850C6 /* btGearConstraint.cpp */,
				40FB4FA03A27706110941CBD /* btGearConstraint.h */,
				6309005F728245CD25380B81 /* btGeneric6DofConstraint.cpp */,
				6416189E6E2A367A172D42DF /* btGeneric6DofConstraint.h */,
				5F1364BF6B4332EC321F1A41 /* btGeneric6DofSpring2Constraint.cpp */,
				6F5B5EDE5EFF605847445422 /* btGeneric6DofSpring2Constraint.h */,
				1B8C34CE49CB3E1F6689319C /* btGeneric6DofSpringConstraint.cpp */,
				0DBB1EB113DB3C4C22D70390 /* btGeneric6DofSpringConstraint.h */,
				237178A13FCE0A5E3A5C056E /* btHinge2Constraint.cpp */,
				58576AAA7E15290B37AC2665 /* btHinge2Constraint.h */,
				422348F969CD4493338F1A79 /* btHingeConstraint.cpp */,
				14CE053A613370BB24307CFE /* btHingeConstraint.h */,
				125C055C70C542BC7D4A2EE3 /* btJacobianEntry.h */,
				5159369069645BA949836633 /* btNNCGConstraintSolver.cpp */,
				7DB84F5E4761558C010E7D00 /* btNNCGConstraintSolver.h */,
				0EDA2FEA5AE237493F835259 /* btPoint2PointConstraint.cpp */,
				362359C13C340A422DAE1BAF /* btPoint2PointConstraint.h */,
				36D915FC7A854CCF5CC12006 /* btSequentialImpulseConstraintSolver.cpp */,
				32CF5E397B443324324917CC /* btSequentialImpulseConstraintSolver.h */,
				06744B5B56B10A8210285C88 /* btSliderConstraint.cpp */,
				07EE4FA62CFE66544F381FB3 /* btSliderConstraint.h */,
				4EBF604F7B7B05A04BE349A9 /* btSolve2LinearConstraint.cpp */,
				1A03760E37701C007CAE3596 /* btSolve2LinearConstraint.h */,
				25AE50964B80792911C31E01 /* btSolverBody.h */,
				60856BBB5300298A3E764D57 /* btSolverConstraint.h */,
				112C125C1385264C610D3A82 /* btTypedConstraint.cpp */,
				7DED7FC7755339B538766598 /* btTypedConstraint.h */,
				761B66E14AB7384220021D19 /* btUniversalConstraint.cpp */,
				1AEA7940759A0C9C7C7A5C14 /* btUniversalConstraint.h */,
			);
			name = ConstraintSolver;
			sourceTree = "<group>";
		};
		5BFE2B394874430B335742A3 /* src */ = {
			isa = PBXGroup;
			children = (
				7B4B1E555E7909C43B9F7A3E /* BulletDynamics */,
			);
			name = src;
			sourceTree = "<group>";
		};
		74BA04F77FB847E47C88616B /* Products */ = {
			isa = PBXGroup;
			children = (
				50910E03781F53DE152B7314 /* libBulletDynamics_xcode4_x64_debug.a */,
			);
			name = Products;
			sourceTree = "<group>";
		};
		7B4B1E555E7909C43B9F7A3E /* BulletDynamics */ = {
			isa = PBXGroup;
			children = (
				275F73BE5BB57D30748C3693 /* Character */,
				4A8B25E6534B719835DA1EF6 /* ConstraintSolver */,
				38D32BC6570A0B63313C6465 /* Dynamics */,
				335A5B722BE100C46D37656D /* Featherstone */,
				2EBA43DD6F0E1BE2240161BA /* MLCPSolvers */,
				32A92EC13BBA696925937501 /* Vehicle */,
			);
			name = BulletDynamics;
			sourceTree = "<group>";
		};
/* End PBXGroup section */

/* Begin PBXNativeTarget section */
		45B772370B3437E520864B3B /* BulletDynamics */ = {
			isa = PBXNativeTarget;
			buildConfigurationList = 74A039EE6BE65F9D68AC78A5 /* Build configuration list for PBXNativeTarget "BulletDynamics" */;
			buildPhases = (
				3F0F26EA7ABB3C6A600B1056 /* Resources */,
				0FA3171A3C0858B915C35772 /* Sources */,
				395B32F64F5A3FC932550BA7 /* Frameworks */,
			);
			buildRules = (
			);
			dependencies = (
			);
			name = BulletDynamics;
			productName = BulletDynamics;
			productReference = 50910E03781F53DE152B7314 /* libBulletDynamics_xcode4_x64_debug.a */;
			productType = "com.apple.product-type.library.static";
		};
/* End PBXNativeTarget section */

/* Begin PBXProject section */
		08FB7793FE84155DC02AAC07 /* Project object */ = {
			isa = PBXProject;
			attributes = {
				LastUpgradeCheck = 0910;
			};
			buildConfigurationList = 1DEB928908733DD80010E9CD /* Build configuration list for PBXProject "BulletDynamics" */;
			compatibilityVersion = "Xcode 3.2";
			developmentRegion = en;
			hasScannedForEncodings = 1;
			knownRegions = (
				en,
			);
			mainGroup = 10806D6A026F6E8862A433F7 /* BulletDynamics */;
			projectDirPath = "";
			projectRoot = "";
			targets = (
				45B772370B3437E520864B3B /* BulletDynamics */,
			);
		};
/* End PBXProject section */

/* Begin PBXResourcesBuildPhase section */
		3F0F26EA7ABB3C6A600B1056 /* Resources */ = {
			isa = PBXResourcesBuildPhase;
			buildActionMask = 2147483647;
			files = (
			);
			runOnlyForDeploymentPostprocessing = 0;
		};
/* End PBXResourcesBuildPhase section */

/* Begin PBXSourcesBuildPhase section */
		0FA3171A3C0858B915C35772 /* Sources */ = {
			isa = PBXSourcesBuildPhase;
			buildActionMask = 2147483647;
			files = (
				5CEB735F20ED4EF337601021 /* btKinematicCharacterController.cpp in Sources */,
				3D39770A6D8365364F111D36 /* btConeTwistConstraint.cpp in Sources */,
				325C511C31FF747872FE1671 /* btContactConstraint.cpp in Sources */,
				57C701DC23E328C73F721380 /* btFixedConstraint.cpp in Sources */,
				314F3BDF48326F1B65831678 /* btGearConstraint.cpp in Sources */,
				507D47ED30EA536B4BEC1C7D /* btGeneric6DofConstraint.cpp in Sources */,
				23DC5A3E21A22A370E930C3C /* btGeneric6DofSpring2Constraint.cpp in Sources */,
				171D2C084C3F66E56F850BF7 /* btGeneric6DofSpringConstraint.cpp in Sources */,
				07AC55C501A334FF5A7C11D1 /* btHinge2Constraint.cpp in Sources */,
				0CF34A6974545FE159E573B9 /* btHingeConstraint.cpp in Sources */,
				43A331FB5EA75A8D79D3470A /* btNNCGConstraintSolver.cpp in Sources */,
				75614FCF556177EE6168185F /* btPoint2PointConstraint.cpp in Sources */,
				0F932B9423B54C32137D265D /* btSequentialImpulseConstraintSolver.cpp in Sources */,
				14603A3469372C794D25584A /* btSliderConstraint.cpp in Sources */,
				18F113A165DF4FF71066598A /* btSolve2LinearConstraint.cpp in Sources */,
				48306BDA397820A420033251 /* btTypedConstraint.cpp in Sources */,
				600C6217650E3007394B25B7 /* btUniversalConstraint.cpp in Sources */,
				3D533D7227265AB9679654C1 /* btDiscreteDynamicsWorld.cpp in Sources */,
				57B625CF39AC099527800336 /* btDiscreteDynamicsWorldMt.cpp in Sources */,
				333B0B7B66D4179601FD141A /* btRigidBody.cpp in Sources */,
				06F603B65B2842AE5D465A4E /* btSimpleDynamicsWorld.cpp in Sources */,
				5D192040738C2659203D2A9F /* btSimulationIslandManagerMt.cpp in Sources */,
				1016319545BA3EE7679300AF /* btMultiBody.cpp in Sources */,
				789E5E0548B90D91520F6CA9 /* btMultiBodyConstraint.cpp in Sources */,
				42D4096A2EB45F39501A1841 /* btMultiBodyConstraintSolver.cpp in Sources */,
				2647229059A7011E700B02FC /* btMultiBodyDynamicsWorld.cpp in Sources */,
				02257D624E0363204E581421 /* btMultiBodyFixedConstraint.cpp in Sources */,
				1A89553B1FFA6299477C4D22 /* btMultiBodyGearConstraint.cpp in Sources */,
				70BD21E70629293C36213850 /* btMultiBodyJointLimitConstraint.cpp in Sources */,
				6351774D64DA465864DF0072 /* btMultiBodyJointMotor.cpp in Sources */,
				136D755069D26CE82A9B272A /* btMultiBodyPoint2Point.cpp in Sources */,
				5960330E087578173945075A /* btMultiBodySliderConstraint.cpp in Sources */,
				7DC91CF40E815D085F7F3D24 /* btDantzigLCP.cpp in Sources */,
				7B507340244A34D4738D59FA /* btLemkeAlgorithm.cpp in Sources */,
				0A8F708409FD6A90160763BB /* btMLCPSolver.cpp in Sources */,
				1EC332612DFB79CA3E2E521A /* btRaycastVehicle.cpp in Sources */,
				6E2B755A02682ADD3AD531EB /* btWheelInfo.cpp in Sources */,
			);
			runOnlyForDeploymentPostprocessing = 0;
		};
/* End PBXSourcesBuildPhase section */

/* Begin XCBuildConfiguration section */
		160949D02B96355D291E75FB /* Release */ = {
			isa = XCBuildConfiguration;
			buildSettings = {
				ALWAYS_SEARCH_USER_PATHS = NO;
				CONFIGURATION_BUILD_DIR = ../../bin;
				DEBUG_INFORMATION_FORMAT = "dwarf-with-dsym";
				GCC_DYNAMIC_NO_PIC = NO;
				GCC_MODEL_TUNING = G5;
				INSTALL_PATH = /usr/local/lib;
				PRODUCT_NAME = BulletDynamics_xcode4_x64_release;
				VALID_ARCHS = "x86_64 i386";
			};
			name = Release;
		};
		3BDD51681FD36F4E7366402F /* Debug */ = {
			isa = XCBuildConfiguration;
			buildSettings = {
				ALWAYS_SEARCH_USER_PATHS = NO;
				CONFIGURATION_BUILD_DIR = ../../bin;
				GCC_DYNAMIC_NO_PIC = NO;
				GCC_MODEL_TUNING = G5;
				INSTALL_PATH = /usr/local/lib;
				PRODUCT_NAME = BulletDynamics_xcode4_x64_debug;
				VALID_ARCHS = "x86_64 i386";
			};
			name = Debug;
		};
		3E68249D4F75260C010E6281 /* Release */ = {
			isa = XCBuildConfiguration;
			buildSettings = {
				GCC_C_LANGUAGE_STANDARD = gnu99;
				GCC_OPTIMIZATION_LEVEL = s;
				GCC_SYMBOLS_PRIVATE_EXTERN = NO;
				GCC_WARN_ABOUT_RETURN_TYPE = YES;
				GCC_WARN_UNUSED_VARIABLE = YES;
				HEADER_SEARCH_PATHS = ../../src;
				MACOSX_DEPLOYMENT_TARGET = 10.6;
				ONLY_ACTIVE_ARCH = NO;
				OTHER_CFLAGS = "-ffast-math";
				SDKROOT = macosx;
				STANDARD_C_PLUS_PLUS_LIBRARY_TYPE = static;
				VALID_ARCHS = "x86_64 i386";
			};
			name = Release;
		};
		549279B363AC6BA723473D8D /* Debug */ = {
			isa = XCBuildConfiguration;
			buildSettings = {
				COPY_PHASE_STRIP = NO;
				GCC_C_LANGUAGE_STANDARD = gnu99;
				GCC_OPTIMIZATION_LEVEL = 0;
				GCC_PREPROCESSOR_DEFINITIONS = "_DEBUG=1";
				GCC_SYMBOLS_PRIVATE_EXTERN = NO;
				GCC_WARN_ABOUT_RETURN_TYPE = YES;
				GCC_WARN_UNUSED_VARIABLE = YES;
				HEADER_SEARCH_PATHS = ../../src;
				MACOSX_DEPLOYMENT_TARGET = 10.6;
				ONLY_ACTIVE_ARCH = YES;
				OTHER_CFLAGS = "-ffast-math";
				SDKROOT = macosx;
				STANDARD_C_PLUS_PLUS_LIBRARY_TYPE = static;
				VALID_ARCHS = "x86_64 i386";
			};
			name = Debug;
		};
/* End XCBuildConfiguration section */

/* Begin XCConfigurationList section */
		1DEB928908733DD80010E9CD /* Build configuration list for PBXProject "BulletDynamics" */ = {
			isa = XCConfigurationList;
			buildConfigurations = (
				3E68249D4F75260C010E6281 /* Release */,
				549279B363AC6BA723473D8D /* Debug */,
			);
			defaultConfigurationIsVisible = 0;
			defaultConfigurationName = Release;
		};
		74A039EE6BE65F9D68AC78A5 /* Build configuration list for PBXNativeTarget "BulletDynamics" */ = {
			isa = XCConfigurationList;
			buildConfigurations = (
				160949D02B96355D291E75FB /* Release */,
				3BDD51681FD36F4E7366402F /* Debug */,
			);
			defaultConfigurationIsVisible = 0;
			defaultConfigurationName = Release;
		};
/* End XCConfigurationList section */
	};
	rootObject = 08FB7793FE84155DC02AAC07 /* Project object */;
}
