<?xml version="1.0" encoding="utf-8"?>
<Project ToolsVersion="4.0" xmlns="http://schemas.microsoft.com/developer/msbuild/2003">
  <ItemGroup>
    <Filter Include="Resource Files">
      <UniqueIdentifier>{67DA6AB6-F800-4c08-8B7A-83BB121AAD01}</UniqueIdentifier>
      <Extensions>rc;ico;cur;bmp;dlg;rc2;rct;bin;rgs;gif;jpg;jpeg;jpe;resx;tiff;tif;png;wav;mfcribbon-ms</Extensions>
    </Filter>
    <Filter Include="Data">
      <UniqueIdentifier>{a073e61a-cd6c-4710-9be4-fbab75cb839b}</UniqueIdentifier>
    </Filter>
    <Filter Include="Source">
      <UniqueIdentifier>{4FC737F1-C7A5-4376-A066-2A32D752A2FF}</UniqueIdentifier>
      <Extensions>
      </Extensions>
    </Filter>
    <Filter Include="Data\Shaders">
      <UniqueIdentifier>{bda7b404-1e93-4453-b86a-9654f24a8858}</UniqueIdentifier>
    </Filter>
    <Filter Include="Source - Platform">
      <UniqueIdentifier>{ea084754-889f-49a7-bafb-52356a55685a}</UniqueIdentifier>
    </Filter>
    <Filter Include="Source - Platform\Source - Android">
      <UniqueIdentifier>{75d864fb-0053-4403-b18b-e961513e5a52}</UniqueIdentifier>
    </Filter>
    <Filter Include="Source - Platform\Source - Android\APK files">
      <UniqueIdentifier>{150c32e4-3882-4558-98b7-d1844710adff}</UniqueIdentifier>
    </Filter>
    <Filter Include="Source - Platform\Source - Android\Java">
      <UniqueIdentifier>{caf5fc6f-d923-4706-a87b-4ee57b4932a5}</UniqueIdentifier>
    </Filter>
    <Filter Include="Source - Platform\Source - NaCL">
      <UniqueIdentifier>{2721bf97-177e-4c8c-b05a-dd51ea7e0125}</UniqueIdentifier>
    </Filter>
    <Filter Include="Source - Platform\Source - NaCL\Web Files">
      <UniqueIdentifier>{804bf7a8-e405-442f-aa23-6c20ae5833ce}</UniqueIdentifier>
    </Filter>
    <Filter Include="Source - Platform\Source - Windows">
      <UniqueIdentifier>{002809fd-7be1-4802-a623-186361897913}</UniqueIdentifier>
    </Filter>
    <Filter Include="Source\Core Files">
      <UniqueIdentifier>{04b87be4-c10b-4886-b392-8ec9a4138392}</UniqueIdentifier>
    </Filter>
    <Filter Include="Source - Platform\Source - IOS">
      <UniqueIdentifier>{c6c4cfc4-0280-4cee-9972-094ebea07722}</UniqueIdentifier>
    </Filter>
    <Filter Include="Source - Platform\Source - IOS\en.lproj">
      <UniqueIdentifier>{8857b432-0360-4cc6-bf3c-cde456b072aa}</UniqueIdentifier>
    </Filter>
    <Filter Include="Source - Platform\Source - BlackBerry">
      <UniqueIdentifier>{4a8d8701-3b26-4fc2-b69f-6bd203bcacbc}</UniqueIdentifier>
    </Filter>
    <Filter Include="Source - Platform\Source - BlackBerry\src">
      <UniqueIdentifier>{a9e3301d-10ca-428a-b5d6-bfa0d512d43f}</UniqueIdentifier>
    </Filter>
    <Filter Include="Source - Platform\Source - Emscripten">
      <UniqueIdentifier>{e50c747a-b5d5-47e8-b3b5-b144703add5b}</UniqueIdentifier>
    </Filter>
    <Filter Include="Source - Platform\Source - WP8">
      <UniqueIdentifier>{e5550a78-55dc-4dfe-be19-a1ec884306de}</UniqueIdentifier>
    </Filter>
    <Filter Include="Source\Game Components">
      <UniqueIdentifier>{35e427fe-23d4-4189-aa37-1be939bd2e0e}</UniqueIdentifier>
    </Filter>
    <Filter Include="Data\Scenes">
      <UniqueIdentifier>{e1a38ebc-d2f2-4687-bada-29e2dfd14882}</UniqueIdentifier>
    </Filter>
    <Filter Include="Data\Scripts">
      <UniqueIdentifier>{39de41de-6fdc-4997-b708-63a4d1d8fb7f}</UniqueIdentifier>
    </Filter>
    <Filter Include="Data\Shaders\PostEffects">
      <UniqueIdentifier>{ef761345-1787-4dd4-b934-b34ea5eae445}</UniqueIdentifier>
    </Filter>
    <Filter Include="Data\Materials">
      <UniqueIdentifier>{c4074914-63e9-4ce7-8a31-010002f41daa}</UniqueIdentifier>
    </Filter>
    <Filter Include="Data\Shaders\DataEngine">
      <UniqueIdentifier>{cb10872f-99a1-4126-9826-2b495081685c}</UniqueIdentifier>
    </Filter>
    <Filter Include="Data\Shaders\DataEngine\Include">
      <UniqueIdentifier>{0d383fad-86c4-4917-a4bb-71ab4a2ff62f}</UniqueIdentifier>
    </Filter>
    <Filter Include="Data\Menus">
      <UniqueIdentifier>{5f5768ad-aaf4-445b-b6d2-7af5dd98e814}</UniqueIdentifier>
    </Filter>
  </ItemGroup>
  <ItemGroup>
    <ClCompile Include="SourceWindows\WinMain.cpp">
      <Filter>Source - Platform\Source - Windows</Filter>
    </ClCompile>
    <ClCompile Include="SourceNaCL\MainModule.cpp">
      <Filter>Source - Platform\Source - NaCL</Filter>
    </ClCompile>
    <ClCompile Include="SourceCommon\GameCommonHeader.cpp">
      <Filter>Source</Filter>
    </ClCompile>
    <ClCompile Include="SourceBlackBerry\src\main.cpp">
      <Filter>Source - Platform\Source - BlackBerry\src</Filter>
    </ClCompile>
    <ClCompile Include="SourceCommon\Core\GameEmptyReplaceMe.cpp">
      <Filter>Source\Core Files</Filter>
    </ClCompile>
    <ClCompile Include="SourceWindows\WinMainWx.cpp">
      <Filter>Source - Platform\Source - Windows</Filter>
    </ClCompile>
    <ClCompile Include="SourceAndroid\main.cpp">
      <Filter>Source - Platform\Source - Android</Filter>
    </ClCompile>
    <ClCompile Include="SourceEmscripten\emMain.cpp">
      <Filter>Source - Platform\Source - Emscripten</Filter>
    </ClCompile>
    <ClCompile Include="SourceEmscripten\esUtil.c">
      <Filter>Source - Platform\Source - Emscripten</Filter>
    </ClCompile>
    <ClCompile Include="SourceWP8\CubeRenderer.cpp">
      <Filter>Source - Platform\Source - WP8</Filter>
    </ClCompile>
    <ClCompile Include="SourceWP8\Direct3DBase.cpp">
      <Filter>Source - Platform\Source - WP8</Filter>
    </ClCompile>
    <ClCompile Include="SourceWP8\WP8Main.cpp">
      <Filter>Source - Platform\Source - WP8</Filter>
    </ClCompile>
    <ClCompile Include="SourceCommon\Core\GameComponentTypeManager.cpp">
      <Filter>Source\Core Files</Filter>
    </ClCompile>
    <ClCompile Include="SourceCommon\GameComponents\ComponentAIChasePlayer.cpp">
      <Filter>Source\Game Components</Filter>
    </ClCompile>
    <ClCompile Include="SourceCommon\GameComponents\ComponentInputTrackMousePos.cpp">
      <Filter>Source\Game Components</Filter>
    </ClCompile>
    <ClCompile Include="SourceCommon\Core\GameMainFrame.cpp">
      <Filter>Source\Core Files</Filter>
    </ClCompile>
  </ItemGroup>
  <ItemGroup>
    <ClInclude Include="SourceWindows\WinMain.h">
      <Filter>Source - Platform\Source - Windows</Filter>
    </ClInclude>
    <ClInclude Include="SourceCommon\GameCommonHeader.h">
      <Filter>Source</Filter>
    </ClInclude>
    <ClInclude Include="SourceIOS\main.h">
      <Filter>Source - Platform\Source - IOS</Filter>
    </ClInclude>
    <ClInclude Include="SourceCommon\Core\GameEmptyReplaceMe.h">
      <Filter>Source\Core Files</Filter>
    </ClInclude>
    <ClInclude Include="SourceWindows\WinMainWx.h">
      <Filter>Source - Platform\Source - Windows</Filter>
    </ClInclude>
    <ClInclude Include="SourceAndroid\main.h">
      <Filter>Source - Platform\Source - Android</Filter>
    </ClInclude>
    <ClInclude Include="SourceEmscripten\esUtil.h">
      <Filter>Source - Platform\Source - Emscripten</Filter>
    </ClInclude>
    <ClInclude Include="SourceWP8\BasicTimer.h">
      <Filter>Source - Platform\Source - WP8</Filter>
    </ClInclude>
    <ClInclude Include="SourceWP8\CubeRenderer.h">
      <Filter>Source - Platform\Source - WP8</Filter>
    </ClInclude>
    <ClInclude Include="SourceWP8\Direct3DBase.h">
      <Filter>Source - Platform\Source - WP8</Filter>
    </ClInclude>
    <ClInclude Include="SourceWP8\DirectXHelper.h">
      <Filter>Source - Platform\Source - WP8</Filter>
    </ClInclude>
    <ClInclude Include="SourceWP8\WP8Main.h">
      <Filter>Source - Platform\Source - WP8</Filter>
    </ClInclude>
    <ClInclude Include="SourceCommon\Core\GameComponentTypeManager.h">
      <Filter>Source\Core Files</Filter>
    </ClInclude>
    <ClInclude Include="SourceCommon\GameComponents\ComponentAIChasePlayer.h">
      <Filter>Source\Game Components</Filter>
    </ClInclude>
    <ClInclude Include="SourceCommon\GameComponents\ComponentInputTrackMousePos.h">
      <Filter>Source\Game Components</Filter>
    </ClInclude>
    <ClInclude Include="SourceCommon\Core\GameMainFrame.h">
      <Filter>Source\Core Files</Filter>
    </ClInclude>
  </ItemGroup>
  <ItemGroup>
    <None Include="SourceNaCL\Web\myframework.js">
      <Filter>Source - Platform\Source - NaCL\Web Files</Filter>
    </None>
    <None Include="SourceNaCL\Web\myframework.nmf">
      <Filter>Source - Platform\Source - NaCL\Web Files</Filter>
    </None>
    <None Include="SourceNaCL\Web\myframework_dbg.nmf">
      <Filter>Source - Platform\Source - NaCL\Web Files</Filter>
    </None>
    <None Include="SourceAndroid\AndroidApk\AndroidManifest.xml">
      <Filter>Source - Platform\Source - Android\APK files</Filter>
    </None>
    <None Include="SourceAndroid\AndroidApk\build.xml">
      <Filter>Source - Platform\Source - Android\APK files</Filter>
    </None>
    <None Include="SourceAndroid\AndroidApk\project.properties">
      <Filter>Source - Platform\Source - Android\APK files</Filter>
    </None>
    <None Include="SourceAndroid\AndroidApk\local.properties">
      <Filter>Source - Platform\Source - Android\APK files</Filter>
    </None>
    <None Include="SourceAndroid\AndroidApk\res\values\strings.xml">
      <Filter>Source - Platform\Source - Android\APK files</Filter>
    </None>
    <None Include="SourceAndroid\AndroidApk\res\layout\main.xml">
      <Filter>Source - Platform\Source - Android\APK files</Filter>
    </None>
    <None Include="SourceNaCL\Web\game.html">
      <Filter>Source - Platform\Source - NaCL\Web Files</Filter>
    </None>
    <None Include="SourceIOS\en.lproj\InfoPlist.strings">
      <Filter>Source - Platform\Source - IOS\en.lproj</Filter>
    </None>
    <None Include="SourceIOS\en.lproj\ViewController_iPad.xib">
      <Filter>Source - Platform\Source - IOS\en.lproj</Filter>
    </None>
    <None Include="SourceIOS\en.lproj\ViewController_iPhone.xib">
      <Filter>Source - Platform\Source - IOS\en.lproj</Filter>
    </None>
    <None Include="SourceIOS\EmptyReplaceMe-Info.plist">
      <Filter>Source - Platform\Source - IOS</Filter>
    </None>
    <None Include="SourceIOS\EmptyReplaceMe-Prefix.pch">
      <Filter>Source - Platform\Source - IOS</Filter>
    </None>
    <None Include="SourceIOS\main.mm">
      <Filter>Source - Platform\Source - IOS</Filter>
    </None>
    <None Include="SourceBlackBerry\.cproject">
      <Filter>Source - Platform\Source - BlackBerry</Filter>
    </None>
    <None Include="SourceBlackBerry\.project">
      <Filter>Source - Platform\Source - BlackBerry</Filter>
    </None>
    <None Include="SourceBlackBerry\bar-descriptor.xml">
      <Filter>Source - Platform\Source - BlackBerry</Filter>
    </None>
    <None Include="SourceAndroid\AndroidApk\src\com\flathead\EmptyReplaceMePackage\EmptyReplaceMeActivity.java">
      <Filter>Source - Platform\Source - Android\Java</Filter>
    </None>
    <None Include="SourceEmscripten\httpd_Debug.py">
      <Filter>Source - Platform\Source - Emscripten</Filter>
    </None>
    <None Include="SourceEmscripten\httpd_Release.py">
      <Filter>Source - Platform\Source - Emscripten</Filter>
    </None>
    <None Include="..\..\todo.todo" />
    <None Include="Data\Scripts\Enemy.lua">
      <Filter>Data\Scripts</Filter>
    </None>
    <None Include="Data\Scripts\GGJEnemy.lua">
      <Filter>Data\Scripts</Filter>
    </None>
    <None Include="Data\Scripts\GGJPlayer.lua">
      <Filter>Data\Scripts</Filter>
    </None>
    <None Include="Data\Scripts\GGJTube.lua">
      <Filter>Data\Scripts</Filter>
    </None>
    <None Include="Data\Scripts\Player.lua">
      <Filter>Data\Scripts</Filter>
    </None>
    <None Include="Data\Scripts\SimpleCharacterController.lua">
      <Filter>Data\Scripts</Filter>
    </None>
    <None Include="Data\Scripts\CharacterController_Physics.lua">
      <Filter>Data\Scripts</Filter>
    </None>
    <None Include="Data\Materials\Bones.mymaterial">
      <Filter>Data\Materials</Filter>
    </None>
    <None Include="Data\Materials\Lights.mymaterial">
      <Filter>Data\Materials</Filter>
    </None>
    <None Include="Data\Scenes\TestAnimation.scene">
      <Filter>Data\Scenes</Filter>
    </None>
    <None Include="Data\Scenes\TestBasicScene.scene">
      <Filter>Data\Scenes</Filter>
    </None>
    <None Include="Data\Scenes\TestLights.scene">
      <Filter>Data\Scenes</Filter>
    </None>
    <None Include="Data\Scenes\TestMenuPages.scene">
      <Filter>Data\Scenes</Filter>
    </None>
    <None Include="Data\Scenes\TestParenting.scene">
      <Filter>Data\Scenes</Filter>
    </None>
    <None Include="Data\Scenes\TestPhysics.scene">
      <Filter>Data\Scenes</Filter>
    </None>
    <None Include="Data\Scenes\TestPhysicsCharacter.scene">
      <Filter>Data\Scenes</Filter>
    </None>
    <None Include="Data\Scenes\TestPostEffects.scene">
      <Filter>Data\Scenes</Filter>
    </None>
    <None Include="Data\Scenes\TestPostEffectsBokeh.scene">
      <Filter>Data\Scenes</Filter>
    </None>
    <None Include="Data\Scenes\TestShadow.scene">
      <Filter>Data\Scenes</Filter>
    </None>
    <None Include="Data\Shaders\Shader_BoneAnim.glsl">
      <Filter>Data\Shaders</Filter>
    </None>
    <None Include="Data\Shaders\Shader_Breathe.glsl">
      <Filter>Data\Shaders</Filter>
    </None>
    <None Include="Data\Shaders\Shader_TestNormals.glsl">
      <Filter>Data\Shaders</Filter>
    </None>
    <None Include="Data\Shaders\Shader_Texture.glsl">
      <Filter>Data\Shaders</Filter>
    </None>
    <None Include="Data\Shaders\Shader_TextureLights.glsl">
      <Filter>Data\Shaders</Filter>
    </None>
    <None Include="Data\Shaders\Shader_TextureVertexColor.glsl">
      <Filter>Data\Shaders</Filter>
    </None>
    <None Include="Data\Shaders\Shader_VertSinY.glsl">
      <Filter>Data\Shaders</Filter>
    </None>
    <None Include="Data\Shaders\Shader_Water.glsl">
      <Filter>Data\Shaders</Filter>
    </None>
    <None Include="Data\Shaders\PostEffects\BlurHorizontal.glsl">
      <Filter>Data\Shaders\PostEffects</Filter>
    </None>
    <None Include="Data\Shaders\PostEffects\BlurVertical.glsl">
      <Filter>Data\Shaders\PostEffects</Filter>
    </None>
    <None Include="Data\Shaders\PostEffects\DoFBokeh.glsl">
      <Filter>Data\Shaders\PostEffects</Filter>
    </None>
    <None Include="Data\Shaders\PostEffects\DoFHorizontal.glsl">
      <Filter>Data\Shaders\PostEffects</Filter>
    </None>
    <None Include="Data\Shaders\PostEffects\DoFVertical.glsl">
      <Filter>Data\Shaders\PostEffects</Filter>
    </None>
    <None Include="..\..\Engine\DataEngine\Shaders\Include\Bone_AttribsAndUniforms.glsl">
      <Filter>Data\Shaders\DataEngine\Include</Filter>
    </None>
    <None Include="..\..\Engine\DataEngine\Shaders\Include\Bone_Functions.glsl">
      <Filter>Data\Shaders\DataEngine\Include</Filter>
    </None>
    <None Include="..\..\Engine\DataEngine\Shaders\Include\Light_Functions.glsl">
      <Filter>Data\Shaders\DataEngine\Include</Filter>
    </None>
    <None Include="..\..\Engine\DataEngine\Shaders\Include\Light_Uniforms.glsl">
      <Filter>Data\Shaders\DataEngine\Include</Filter>
    </None>
    <None Include="..\..\Engine\DataEngine\Shaders\Include\LSVaryings.glsl">
      <Filter>Data\Shaders\DataEngine\Include</Filter>
    </None>
    <None Include="..\..\Engine\DataEngine\Shaders\Include\LSVaryings_Functions.glsl">
      <Filter>Data\Shaders\DataEngine\Include</Filter>
    </None>
    <None Include="..\..\Engine\DataEngine\Shaders\Include\WSVaryings.glsl">
      <Filter>Data\Shaders\DataEngine\Include</Filter>
    </None>
    <None Include="..\..\Engine\DataEngine\Shaders\Include\WSVaryings_Functions.glsl">
      <Filter>Data\Shaders\DataEngine\Include</Filter>
    </None>
    <None Include="..\..\Engine\DataEngine\Shaders\Shader_TintColor.glsl">
      <Filter>Data\Shaders\DataEngine</Filter>
    </None>
    <None Include="..\..\Engine\DataEngine\Shaders\Shader_ClipSpaceTexture.glsl">
      <Filter>Data\Shaders\DataEngine</Filter>
    </None>
    <None Include="Data\Menus\Test.menu">
      <Filter>Data\Menus</Filter>
    </None>
    <None Include="Data\Menus\TestMenuActions.lua">
      <Filter>Data\Menus</Filter>
    </None>
    <None Include="EditorPrefs.ini" />
    <None Include="Data\Shaders\TestFragCoord.glsl">
      <Filter>Data\Shaders</Filter>
    </None>
    <None Include="Data\Scenes\TestFragCoord.scene">
      <Filter>Data\Scenes</Filter>
    </None>
    <None Include="Data\Scenes\Multi-enemy.scene">
      <Filter>Data\Scenes</Filter>
    </None>
    <None Include="Data\Scenes\TestInheritance.scene">
      <Filter>Data\Scenes</Filter>
    </None>
    <None Include="Data\Scenes\TestLua.scene">
      <Filter>Data\Scenes</Filter>
    </None>
    <None Include="Data\Scripts\MemoryTest.lua">
      <Filter>Data\Scripts</Filter>
    </None>
    <None Include="Data\Scenes\TestParticles.scene">
      <Filter>Data\Scenes</Filter>
    </None>
  </ItemGroup>
</Project>