
Microsoft Visual Studio Solution File, Format Version 11.00
# Visual Studio 2010
Project("{8BC9CEB8-8B4A-11D0-8D11-00A0C91BC942}") = "EmptyReplaceMe", "Game\EmptyReplaceMe.vcxproj", "{7D769B4D-A21C-419B-8253-62000540AF20}"
	ProjectSection(ProjectDependencies) = postProject
		{CBF52F7E-23CE-4846-B48C-0146D0879805} = {CBF52F7E-23CE-4846-B48C-0146D0879805}
		{9E4D91C3-6ED5-4DFD-B6CD-ADA011C049B8} = {9E4D91C3-6ED5-4DFD-B6CD-ADA011C049B8}
		{016089D0-2136-4A3D-B08C-5031542BE1D7} = {016089D0-2136-4A3D-B08C-5031542BE1D7}
	EndProjectSection
EndProject
Project("{8BC9CEB8-8B4A-11D0-8D11-00A0C91BC942}") = "MyFramework", "..\Framework\MyFramework\MyFramework.vcxproj", "{016089D0-2136-4A3D-B08C-5031542BE1D7}"
	ProjectSection(ProjectDependencies) = postProject
		{98400D17-43A5-1A40-95BE-C53AC78E7694} = {98400D17-43A5-1A40-95BE-C53AC78E7694}
	EndProjectSection
EndProject
Project("{8BC9CEB8-8B4A-11D0-8D11-00A0C91BC942}") = "MyEngine", "..\Engine\MyEngine\MyEngine.vcxproj", "{CBF52F7E-23CE-4846-B48C-0146D0879805}"
	ProjectSection(ProjectDependencies) = postProject
		{AD82F95E-C422-7443-A26D-57999762CED9} = {AD82F95E-C422-7443-A26D-57999762CED9}
		{5E81B361-BFF0-A443-A143-44C7B2164E8E} = {5E81B361-BFF0-A443-A143-44C7B2164E8E}
		{1BD50A98-FB78-7F43-84A9-82901F5A00D0} = {1BD50A98-FB78-7F43-84A9-82901F5A00D0}
		{016089D0-2136-4A3D-B08C-5031542BE1D7} = {016089D0-2136-4A3D-B08C-5031542BE1D7}
	EndProjectSection
EndProject
Project("{2150E333-8FDC-42A3-9474-1A3956D46DE8}") = "Bullet", "Bullet", "{124EFAD2-0BB6-4C2A-BAD7-3DFE5D9E21CD}"
EndProject
Project("{8BC9CEB8-8B4A-11D0-8D11-00A0C91BC942}") = "BulletCollision", "..\Engine\Libraries\BulletCollision.vcxproj", "{1BD50A98-FB78-7F43-84A9-82901F5A00D0}"
EndProject
Project("{8BC9CEB8-8B4A-11D0-8D11-00A0C91BC942}") = "BulletDynamics", "..\Engine\Libraries\BulletDynamics.vcxproj", "{AD82F95E-C422-7443-A26D-57999762CED9}"
EndProject
Project("{8BC9CEB8-8B4A-11D0-8D11-00A0C91BC942}") = "LinearMath", "..\Engine\Libraries\LinearMath.vcxproj", "{5E81B361-BFF0-A443-A143-44C7B2164E8E}"
EndProject
Project("{8BC9CEB8-8B4A-11D0-8D11-00A0C91BC942}") = "Box2D", "..\Framework\Libraries\Box2D.vcxproj", "{98400D17-43A5-1A40-95BE-C53AC78E7694}"
EndProject
Project("{8BC9CEB8-8B4A-11D0-8D11-00A0C91BC942}") = "SharedGameCode", "..\Engine\Libraries\SharedGameCode\SharedGameCode.vcxproj", "{9E4D91C3-6ED5-4DFD-B6CD-ADA011C049B8}"
EndProject
Global
	GlobalSection(SolutionConfigurationPlatforms) = preSolution
		Debug|Android = Debug|Android
		Debug|Emscripten = Debug|Emscripten
		Debug|PNaCl = Debug|PNaCl
		Debug|Win32 = Debug|Win32
		Debug|x64 = Debug|x64
		EditorDebug|Android = EditorDebug|Android
		EditorDebug|Emscripten = EditorDebug|Emscripten
		EditorDebug|PNaCl = EditorDebug|PNaCl
		EditorDebug|Win32 = EditorDebug|Win32
		EditorDebug|x64 = EditorDebug|x64
		EditorRelease|Android = EditorRelease|Android
		EditorRelease|Emscripten = EditorRelease|Emscripten
		EditorRelease|PNaCl = EditorRelease|PNaCl
		EditorRelease|Win32 = EditorRelease|Win32
		EditorRelease|x64 = EditorRelease|x64
		Release|Android = Release|Android
		Release|Emscripten = Release|Emscripten
		Release|PNaCl = Release|PNaCl
		Release|Win32 = Release|Win32
		Release|x64 = Release|x64
	EndGlobalSection
	GlobalSection(ProjectConfigurationPlatforms) = postSolution
		{7D769B4D-A21C-419B-8253-62000540AF20}.Debug|Android.ActiveCfg = Debug|x64
		{7D769B4D-A21C-419B-8253-62000540AF20}.Debug|Emscripten.ActiveCfg = Debug|x64
		{7D769B4D-A21C-419B-8253-62000540AF20}.Debug|PNaCl.ActiveCfg = Debug|x64
		{7D769B4D-A21C-419B-8253-62000540AF20}.Debug|Win32.ActiveCfg = Debug|Win32
		{7D769B4D-A21C-419B-8253-62000540AF20}.Debug|Win32.Build.0 = Debug|Win32
		{7D769B4D-A21C-419B-8253-62000540AF20}.Debug|x64.ActiveCfg = Debug|x64
		{7D769B4D-A21C-419B-8253-62000540AF20}.Debug|x64.Build.0 = Debug|x64
		{7D769B4D-A21C-419B-8253-62000540AF20}.EditorDebug|Android.ActiveCfg = EditorDebug|x64
		{7D769B4D-A21C-419B-8253-62000540AF20}.EditorDebug|Emscripten.ActiveCfg = EditorDebug|x64
		{7D769B4D-A21C-419B-8253-62000540AF20}.EditorDebug|PNaCl.ActiveCfg = EditorDebug|x64
		{7D769B4D-A21C-419B-8253-62000540AF20}.EditorDebug|Win32.ActiveCfg = EditorDebug|Win32
		{7D769B4D-A21C-419B-8253-62000540AF20}.EditorDebug|Win32.Build.0 = EditorDebug|Win32
		{7D769B4D-A21C-419B-8253-62000540AF20}.EditorDebug|x64.ActiveCfg = EditorDebug|x64
		{7D769B4D-A21C-419B-8253-62000540AF20}.EditorDebug|x64.Build.0 = EditorDebug|x64
		{7D769B4D-A21C-419B-8253-62000540AF20}.EditorRelease|Android.ActiveCfg = EditorRelease|x64
		{7D769B4D-A21C-419B-8253-62000540AF20}.EditorRelease|Emscripten.ActiveCfg = EditorRelease|x64
		{7D769B4D-A21C-419B-8253-62000540AF20}.EditorRelease|PNaCl.ActiveCfg = EditorRelease|x64
		{7D769B4D-A21C-419B-8253-62000540AF20}.EditorRelease|Win32.ActiveCfg = EditorRelease|Win32
		{7D769B4D-A21C-419B-8253-62000540AF20}.EditorRelease|Win32.Build.0 = EditorRelease|Win32
		{7D769B4D-A21C-419B-8253-62000540AF20}.EditorRelease|x64.ActiveCfg = EditorRelease|x64
		{7D769B4D-A21C-419B-8253-62000540AF20}.EditorRelease|x64.Build.0 = EditorRelease|x64
		{7D769B4D-A21C-419B-8253-62000540AF20}.Release|Android.ActiveCfg = Release|x64
		{7D769B4D-A21C-419B-8253-62000540AF20}.Release|Emscripten.ActiveCfg = Release|x64
		{7D769B4D-A21C-419B-8253-62000540AF20}.Release|PNaCl.ActiveCfg = Release|x64
		{7D769B4D-A21C-419B-8253-62000540AF20}.Release|Win32.ActiveCfg = Release|Win32
		{7D769B4D-A21C-419B-8253-62000540AF20}.Release|Win32.Build.0 = Release|Win32
		{7D769B4D-A21C-419B-8253-62000540AF20}.Release|x64.ActiveCfg = Release|x64
		{7D769B4D-A21C-419B-8253-62000540AF20}.Release|x64.Build.0 = Release|x64
		{016089D0-2136-4A3D-B08C-5031542BE1D7}.Debug|Android.ActiveCfg = Debug|x64
		{016089D0-2136-4A3D-B08C-5031542BE1D7}.Debug|Emscripten.ActiveCfg = Debug|x64
		{016089D0-2136-4A3D-B08C-5031542BE1D7}.Debug|PNaCl.ActiveCfg = Debug|x64
		{016089D0-2136-4A3D-B08C-5031542BE1D7}.Debug|Win32.ActiveCfg = Debug|Win32
		{016089D0-2136-4A3D-B08C-5031542BE1D7}.Debug|Win32.Build.0 = Debug|Win32
		{016089D0-2136-4A3D-B08C-5031542BE1D7}.Debug|x64.ActiveCfg = Debug|x64
		{016089D0-2136-4A3D-B08C-5031542BE1D7}.Debug|x64.Build.0 = Debug|x64
		{016089D0-2136-4A3D-B08C-5031542BE1D7}.EditorDebug|Android.ActiveCfg = EditorDebug|x64
		{016089D0-2136-4A3D-B08C-5031542BE1D7}.EditorDebug|Emscripten.ActiveCfg = EditorDebug|x64
		{016089D0-2136-4A3D-B08C-5031542BE1D7}.EditorDebug|PNaCl.ActiveCfg = EditorDebug|x64
		{016089D0-2136-4A3D-B08C-5031542BE1D7}.EditorDebug|Win32.ActiveCfg = EditorDebug|Win32
		{016089D0-2136-4A3D-B08C-5031542BE1D7}.EditorDebug|Win32.Build.0 = EditorDebug|Win32
		{016089D0-2136-4A3D-B08C-5031542BE1D7}.EditorDebug|x64.ActiveCfg = EditorDebug|x64
		{016089D0-2136-4A3D-B08C-5031542BE1D7}.EditorDebug|x64.Build.0 = EditorDebug|x64
		{016089D0-2136-4A3D-B08C-5031542BE1D7}.EditorRelease|Android.ActiveCfg = EditorRelease|x64
		{016089D0-2136-4A3D-B08C-5031542BE1D7}.EditorRelease|Emscripten.ActiveCfg = EditorRelease|x64
		{016089D0-2136-4A3D-B08C-5031542BE1D7}.EditorRelease|PNaCl.ActiveCfg = EditorRelease|x64
		{016089D0-2136-4A3D-B08C-5031542BE1D7}.EditorRelease|Win32.ActiveCfg = EditorRelease|Win32
		{016089D0-2136-4A3D-B08C-5031542BE1D7}.EditorRelease|Win32.Build.0 = EditorRelease|Win32
		{016089D0-2136-4A3D-B08C-5031542BE1D7}.EditorRelease|x64.ActiveCfg = EditorRelease|x64
		{016089D0-2136-4A3D-B08C-5031542BE1D7}.EditorRelease|x64.Build.0 = EditorRelease|x64
		{016089D0-2136-4A3D-B08C-5031542BE1D7}.Release|Android.ActiveCfg = Release|x64
		{016089D0-2136-4A3D-B08C-5031542BE1D7}.Release|Emscripten.ActiveCfg = Release|x64
		{016089D0-2136-4A3D-B08C-5031542BE1D7}.Release|PNaCl.ActiveCfg = Release|x64
		{016089D0-2136-4A3D-B08C-5031542BE1D7}.Release|Win32.ActiveCfg = Release|Win32
		{016089D0-2136-4A3D-B08C-5031542BE1D7}.Release|Win32.Build.0 = Release|Win32
		{016089D0-2136-4A3D-B08C-5031542BE1D7}.Release|x64.ActiveCfg = Release|x64
		{016089D0-2136-4A3D-B08C-5031542BE1D7}.Release|x64.Build.0 = Release|x64
		{CBF52F7E-23CE-4846-B48C-0146D0879805}.Debug|Android.ActiveCfg = Debug|x64
		{CBF52F7E-23CE-4846-B48C-0146D0879805}.Debug|Emscripten.ActiveCfg = Debug|x64
		{CBF52F7E-23CE-4846-B48C-0146D0879805}.Debug|PNaCl.ActiveCfg = Debug|x64
		{CBF52F7E-23CE-4846-B48C-0146D0879805}.Debug|Win32.ActiveCfg = Debug|Win32
		{CBF52F7E-23CE-4846-B48C-0146D0879805}.Debug|Win32.Build.0 = Debug|Win32
		{CBF52F7E-23CE-4846-B48C-0146D0879805}.Debug|x64.ActiveCfg = Debug|x64
		{CBF52F7E-23CE-4846-B48C-0146D0879805}.Debug|x64.Build.0 = Debug|x64
		{CBF52F7E-23CE-4846-B48C-0146D0879805}.EditorDebug|Android.ActiveCfg = EditorDebug|x64
		{CBF52F7E-23CE-4846-B48C-0146D0879805}.EditorDebug|Emscripten.ActiveCfg = EditorDebug|x64
		{CBF52F7E-23CE-4846-B48C-0146D0879805}.EditorDebug|PNaCl.ActiveCfg = EditorDebug|x64
		{CBF52F7E-23CE-4846-B48C-0146D0879805}.EditorDebug|Win32.ActiveCfg = EditorDebug|Win32
		{CBF52F7E-23CE-4846-B48C-0146D0879805}.EditorDebug|Win32.Build.0 = EditorDebug|Win32
		{CBF52F7E-23CE-4846-B48C-0146D0879805}.EditorDebug|x64.ActiveCfg = EditorDebug|x64
		{CBF52F7E-23CE-4846-B48C-0146D0879805}.EditorDebug|x64.Build.0 = EditorDebug|x64
		{CBF52F7E-23CE-4846-B48C-0146D0879805}.EditorRelease|Android.ActiveCfg = EditorRelease|x64
		{CBF52F7E-23CE-4846-B48C-0146D0879805}.EditorRelease|Emscripten.ActiveCfg = EditorRelease|x64
		{CBF52F7E-23CE-4846-B48C-0146D0879805}.EditorRelease|PNaCl.ActiveCfg = EditorRelease|x64
		{CBF52F7E-23CE-4846-B48C-0146D0879805}.EditorRelease|Win32.ActiveCfg = EditorRelease|Win32
		{CBF52F7E-23CE-4846-B48C-0146D0879805}.EditorRelease|Win32.Build.0 = EditorRelease|Win32
		{CBF52F7E-23CE-4846-B48C-0146D0879805}.EditorRelease|x64.ActiveCfg = EditorRelease|x64
		{CBF52F7E-23CE-4846-B48C-0146D0879805}.EditorRelease|x64.Build.0 = EditorRelease|x64
		{CBF52F7E-23CE-4846-B48C-0146D0879805}.Release|Android.ActiveCfg = Release|x64
		{CBF52F7E-23CE-4846-B48C-0146D0879805}.Release|Emscripten.ActiveCfg = Release|x64
		{CBF52F7E-23CE-4846-B48C-0146D0879805}.Release|PNaCl.ActiveCfg = Release|x64
		{CBF52F7E-23CE-4846-B48C-0146D0879805}.Release|Win32.ActiveCfg = Release|Win32
		{CBF52F7E-23CE-4846-B48C-0146D0879805}.Release|Win32.Build.0 = Release|Win32
		{CBF52F7E-23CE-4846-B48C-0146D0879805}.Release|x64.ActiveCfg = Release|x64
		{CBF52F7E-23CE-4846-B48C-0146D0879805}.Release|x64.Build.0 = Release|x64
		{1BD50A98-FB78-7F43-84A9-82901F5A00D0}.Debug|Android.ActiveCfg = Debug|Android
		{1BD50A98-FB78-7F43-84A9-82901F5A00D0}.Debug|Android.Build.0 = Debug|Android
		{1BD50A98-FB78-7F43-84A9-82901F5A00D0}.Debug|Emscripten.ActiveCfg = Debug|Emscripten
		{1BD50A98-FB78-7F43-84A9-82901F5A00D0}.Debug|Emscripten.Build.0 = Debug|Emscripten
		{1BD50A98-FB78-7F43-84A9-82901F5A00D0}.Debug|PNaCl.ActiveCfg = Debug|PNaCl
		{1BD50A98-FB78-7F43-84A9-82901F5A00D0}.Debug|PNaCl.Build.0 = Debug|PNaCl
		{1BD50A98-FB78-7F43-84A9-82901F5A00D0}.Debug|Win32.ActiveCfg = Debug|Win32
		{1BD50A98-FB78-7F43-84A9-82901F5A00D0}.Debug|Win32.Build.0 = Debug|Win32
		{1BD50A98-FB78-7F43-84A9-82901F5A00D0}.Debug|x64.ActiveCfg = Debug|x64
		{1BD50A98-FB78-7F43-84A9-82901F5A00D0}.Debug|x64.Build.0 = Debug|x64
		{1BD50A98-FB78-7F43-84A9-82901F5A00D0}.EditorDebug|Android.ActiveCfg = Debug|Android
		{1BD50A98-FB78-7F43-84A9-82901F5A00D0}.EditorDebug|Android.Build.0 = Debug|Android
		{1BD50A98-FB78-7F43-84A9-82901F5A00D0}.EditorDebug|Android.Deploy.0 = Debug|Android
		{1BD50A98-FB78-7F43-84A9-82901F5A00D0}.EditorDebug|Emscripten.ActiveCfg = Debug|Emscripten
		{1BD50A98-FB78-7F43-84A9-82901F5A00D0}.EditorDebug|Emscripten.Build.0 = Debug|Emscripten
		{1BD50A98-FB78-7F43-84A9-82901F5A00D0}.EditorDebug|PNaCl.ActiveCfg = Debug|PNaCl
		{1BD50A98-FB78-7F43-84A9-82901F5A00D0}.EditorDebug|PNaCl.Build.0 = Debug|PNaCl
		{1BD50A98-FB78-7F43-84A9-82901F5A00D0}.EditorDebug|Win32.ActiveCfg = Debug|Win32
		{1BD50A98-FB78-7F43-84A9-82901F5A00D0}.EditorDebug|Win32.Build.0 = Debug|Win32
		{1BD50A98-FB78-7F43-84A9-82901F5A00D0}.EditorDebug|x64.ActiveCfg = Debug|x64
		{1BD50A98-FB78-7F43-84A9-82901F5A00D0}.EditorDebug|x64.Build.0 = Debug|x64
		{1BD50A98-FB78-7F43-84A9-82901F5A00D0}.EditorRelease|Android.ActiveCfg = Release|Android
		{1BD50A98-FB78-7F43-84A9-82901F5A00D0}.EditorRelease|Android.Build.0 = Release|Android
		{1BD50A98-FB78-7F43-84A9-82901F5A00D0}.EditorRelease|Android.Deploy.0 = Release|Android
		{1BD50A98-FB78-7F43-84A9-82901F5A00D0}.EditorRelease|Emscripten.ActiveCfg = Release|Emscripten
		{1BD50A98-FB78-7F43-84A9-82901F5A00D0}.EditorRelease|Emscripten.Build.0 = Release|Emscripten
		{1BD50A98-FB78-7F43-84A9-82901F5A00D0}.EditorRelease|PNaCl.ActiveCfg = Release|PNaCl
		{1BD50A98-FB78-7F43-84A9-82901F5A00D0}.EditorRelease|PNaCl.Build.0 = Release|PNaCl
		{1BD50A98-FB78-7F43-84A9-82901F5A00D0}.EditorRelease|Win32.ActiveCfg = Release|Win32
		{1BD50A98-FB78-7F43-84A9-82901F5A00D0}.EditorRelease|Win32.Build.0 = Release|Win32
		{1BD50A98-FB78-7F43-84A9-82901F5A00D0}.EditorRelease|x64.ActiveCfg = Release|x64
		{1BD50A98-FB78-7F43-84A9-82901F5A00D0}.EditorRelease|x64.Build.0 = Release|x64
		{1BD50A98-FB78-7F43-84A9-82901F5A00D0}.Release|Android.ActiveCfg = Release|Android
		{1BD50A98-FB78-7F43-84A9-82901F5A00D0}.Release|Android.Build.0 = Release|Android
		{1BD50A98-FB78-7F43-84A9-82901F5A00D0}.Release|Emscripten.ActiveCfg = Release|Emscripten
		{1BD50A98-FB78-7F43-84A9-82901F5A00D0}.Release|Emscripten.Build.0 = Release|Emscripten
		{1BD50A98-FB78-7F43-84A9-82901F5A00D0}.Release|PNaCl.ActiveCfg = Release|PNaCl
		{1BD50A98-FB78-7F43-84A9-82901F5A00D0}.Release|PNaCl.Build.0 = Release|PNaCl
		{1BD50A98-FB78-7F43-84A9-82901F5A00D0}.Release|Win32.ActiveCfg = Release|Win32
		{1BD50A98-FB78-7F43-84A9-82901F5A00D0}.Release|Win32.Build.0 = Release|Win32
		{1BD50A98-FB78-7F43-84A9-82901F5A00D0}.Release|x64.ActiveCfg = Release|x64
		{1BD50A98-FB78-7F43-84A9-82901F5A00D0}.Release|x64.Build.0 = Release|x64
		{AD82F95E-C422-7443-A26D-57999762CED9}.Debug|Android.ActiveCfg = Debug|Android
		{AD82F95E-C422-7443-A26D-57999762CED9}.Debug|Android.Build.0 = Debug|Android
		{AD82F95E-C422-7443-A26D-57999762CED9}.Debug|Emscripten.ActiveCfg = Debug|Emscripten
		{AD82F95E-C422-7443-A26D-57999762CED9}.Debug|Emscripten.Build.0 = Debug|Emscripten
		{AD82F95E-C422-7443-A26D-57999762CED9}.Debug|PNaCl.ActiveCfg = Debug|PNaCl
		{AD82F95E-C422-7443-A26D-57999762CED9}.Debug|PNaCl.Build.0 = Debug|PNaCl
		{AD82F95E-C422-7443-A26D-57999762CED9}.Debug|Win32.ActiveCfg = Debug|Win32
		{AD82F95E-C422-7443-A26D-57999762CED9}.Debug|Win32.Build.0 = Debug|Win32
		{AD82F95E-C422-7443-A26D-57999762CED9}.Debug|x64.ActiveCfg = Debug|x64
		{AD82F95E-C422-7443-A26D-57999762CED9}.Debug|x64.Build.0 = Debug|x64
		{AD82F95E-C422-7443-A26D-57999762CED9}.EditorDebug|Android.ActiveCfg = Debug|Android
		{AD82F95E-C422-7443-A26D-57999762CED9}.EditorDebug|Android.Build.0 = Debug|Android
		{AD82F95E-C422-7443-A26D-57999762CED9}.EditorDebug|Android.Deploy.0 = Debug|Android
		{AD82F95E-C422-7443-A26D-57999762CED9}.EditorDebug|Emscripten.ActiveCfg = Debug|Emscripten
		{AD82F95E-C422-7443-A26D-57999762CED9}.EditorDebug|Emscripten.Build.0 = Debug|Emscripten
		{AD82F95E-C422-7443-A26D-57999762CED9}.EditorDebug|PNaCl.ActiveCfg = Debug|PNaCl
		{AD82F95E-C422-7443-A26D-57999762CED9}.EditorDebug|PNaCl.Build.0 = Debug|PNaCl
		{AD82F95E-C422-7443-A26D-57999762CED9}.EditorDebug|Win32.ActiveCfg = Debug|Win32
		{AD82F95E-C422-7443-A26D-57999762CED9}.EditorDebug|Win32.Build.0 = Debug|Win32
		{AD82F95E-C422-7443-A26D-57999762CED9}.EditorDebug|x64.ActiveCfg = Debug|x64
		{AD82F95E-C422-7443-A26D-57999762CED9}.EditorDebug|x64.Build.0 = Debug|x64
		{AD82F95E-C422-7443-A26D-57999762CED9}.EditorRelease|Android.ActiveCfg = Release|Android
		{AD82F95E-C422-7443-A26D-57999762CED9}.EditorRelease|Android.Build.0 = Release|Android
		{AD82F95E-C422-7443-A26D-57999762CED9}.EditorRelease|Android.Deploy.0 = Release|Android
		{AD82F95E-C422-7443-A26D-57999762CED9}.EditorRelease|Emscripten.ActiveCfg = Release|Emscripten
		{AD82F95E-C422-7443-A26D-57999762CED9}.EditorRelease|Emscripten.Build.0 = Release|Emscripten
		{AD82F95E-C422-7443-A26D-57999762CED9}.EditorRelease|PNaCl.ActiveCfg = Release|PNaCl
		{AD82F95E-C422-7443-A26D-57999762CED9}.EditorRelease|PNaCl.Build.0 = Release|PNaCl
		{AD82F95E-C422-7443-A26D-57999762CED9}.EditorRelease|Win32.ActiveCfg = Release|Win32
		{AD82F95E-C422-7443-A26D-57999762CED9}.EditorRelease|Win32.Build.0 = Release|Win32
		{AD82F95E-C422-7443-A26D-57999762CED9}.EditorRelease|x64.ActiveCfg = Release|x64
		{AD82F95E-C422-7443-A26D-57999762CED9}.EditorRelease|x64.Build.0 = Release|x64
		{AD82F95E-C422-7443-A26D-57999762CED9}.Release|Android.ActiveCfg = Release|Android
		{AD82F95E-C422-7443-A26D-57999762CED9}.Release|Android.Build.0 = Release|Android
		{AD82F95E-C422-7443-A26D-57999762CED9}.Release|Emscripten.ActiveCfg = Release|Emscripten
		{AD82F95E-C422-7443-A26D-57999762CED9}.Release|Emscripten.Build.0 = Release|Emscripten
		{AD82F95E-C422-7443-A26D-57999762CED9}.Release|PNaCl.ActiveCfg = Release|PNaCl
		{AD82F95E-C422-7443-A26D-57999762CED9}.Release|PNaCl.Build.0 = Release|PNaCl
		{AD82F95E-C422-7443-A26D-57999762CED9}.Release|Win32.ActiveCfg = Release|Win32
		{AD82F95E-C422-7443-A26D-57999762CED9}.Release|Win32.Build.0 = Release|Win32
		{AD82F95E-C422-7443-A26D-57999762CED9}.Release|x64.ActiveCfg = Release|x64
		{AD82F95E-C422-7443-A26D-57999762CED9}.Release|x64.Build.0 = Release|x64
		{5E81B361-BFF0-A443-A143-44C7B2164E8E}.Debug|Android.ActiveCfg = Debug|Android
		{5E81B361-BFF0-A443-A143-44C7B2164E8E}.Debug|Android.Build.0 = Debug|Android
		{5E81B361-BFF0-A443-A143-44C7B2164E8E}.Debug|Emscripten.ActiveCfg = Debug|Emscripten
		{5E81B361-BFF0-A443-A143-44C7B2164E8E}.Debug|Emscripten.Build.0 = Debug|Emscripten
		{5E81B361-BFF0-A443-A143-44C7B2164E8E}.Debug|PNaCl.ActiveCfg = Debug|PNaCl
		{5E81B361-BFF0-A443-A143-44C7B2164E8E}.Debug|PNaCl.Build.0 = Debug|PNaCl
		{5E81B361-BFF0-A443-A143-44C7B2164E8E}.Debug|Win32.ActiveCfg = Debug|Win32
		{5E81B361-BFF0-A443-A143-44C7B2164E8E}.Debug|Win32.Build.0 = Debug|Win32
		{5E81B361-BFF0-A443-A143-44C7B2164E8E}.Debug|x64.ActiveCfg = Debug|x64
		{5E81B361-BFF0-A443-A143-44C7B2164E8E}.Debug|x64.Build.0 = Debug|x64
		{5E81B361-BFF0-A443-A143-44C7B2164E8E}.EditorDebug|Android.ActiveCfg = Debug|Android
		{5E81B361-BFF0-A443-A143-44C7B2164E8E}.EditorDebug|Android.Build.0 = Debug|Android
		{5E81B361-BFF0-A443-A143-44C7B2164E8E}.EditorDebug|Android.Deploy.0 = Debug|Android
		{5E81B361-BFF0-A443-A143-44C7B2164E8E}.EditorDebug|Emscripten.ActiveCfg = Debug|Emscripten
		{5E81B361-BFF0-A443-A143-44C7B2164E8E}.EditorDebug|Emscripten.Build.0 = Debug|Emscripten
		{5E81B361-BFF0-A443-A143-44C7B2164E8E}.EditorDebug|PNaCl.ActiveCfg = Debug|PNaCl
		{5E81B361-BFF0-A443-A143-44C7B2164E8E}.EditorDebug|PNaCl.Build.0 = Debug|PNaCl
		{5E81B361-BFF0-A443-A143-44C7B2164E8E}.EditorDebug|Win32.ActiveCfg = Debug|Win32
		{5E81B361-BFF0-A443-A143-44C7B2164E8E}.EditorDebug|Win32.Build.0 = Debug|Win32
		{5E81B361-BFF0-A443-A143-44C7B2164E8E}.EditorDebug|x64.ActiveCfg = Debug|x64
		{5E81B361-BFF0-A443-A143-44C7B2164E8E}.EditorDebug|x64.Build.0 = Debug|x64
		{5E81B361-BFF0-A443-A143-44C7B2164E8E}.EditorRelease|Android.ActiveCfg = Release|Android
		{5E81B361-BFF0-A443-A143-44C7B2164E8E}.EditorRelease|Android.Build.0 = Release|Android
		{5E81B361-BFF0-A443-A143-44C7B2164E8E}.EditorRelease|Android.Deploy.0 = Release|Android
		{5E81B361-BFF0-A443-A143-44C7B2164E8E}.EditorRelease|Emscripten.ActiveCfg = Release|Emscripten
		{5E81B361-BFF0-A443-A143-44C7B2164E8E}.EditorRelease|Emscripten.Build.0 = Release|Emscripten
		{5E81B361-BFF0-A443-A143-44C7B2164E8E}.EditorRelease|PNaCl.ActiveCfg = Release|PNaCl
		{5E81B361-BFF0-A443-A143-44C7B2164E8E}.EditorRelease|PNaCl.Build.0 = Release|PNaCl
		{5E81B361-BFF0-A443-A143-44C7B2164E8E}.EditorRelease|Win32.ActiveCfg = Release|Win32
		{5E81B361-BFF0-A443-A143-44C7B2164E8E}.EditorRelease|Win32.Build.0 = Release|Win32
		{5E81B361-BFF0-A443-A143-44C7B2164E8E}.EditorRelease|x64.ActiveCfg = Release|x64
		{5E81B361-BFF0-A443-A143-44C7B2164E8E}.EditorRelease|x64.Build.0 = Release|x64
		{5E81B361-BFF0-A443-A143-44C7B2164E8E}.Release|Android.ActiveCfg = Release|Android
		{5E81B361-BFF0-A443-A143-44C7B2164E8E}.Release|Android.Build.0 = Release|Android
		{5E81B361-BFF0-A443-A143-44C7B2164E8E}.Release|Emscripten.ActiveCfg = Release|Emscripten
		{5E81B361-BFF0-A443-A143-44C7B2164E8E}.Release|Emscripten.Build.0 = Release|Emscripten
		{5E81B361-BFF0-A443-A143-44C7B2164E8E}.Release|PNaCl.ActiveCfg = Release|PNaCl
		{5E81B361-BFF0-A443-A143-44C7B2164E8E}.Release|PNaCl.Build.0 = Release|PNaCl
		{5E81B361-BFF0-A443-A143-44C7B2164E8E}.Release|Win32.ActiveCfg = Release|Win32
		{5E81B361-BFF0-A443-A143-44C7B2164E8E}.Release|Win32.Build.0 = Release|Win32
		{5E81B361-BFF0-A443-A143-44C7B2164E8E}.Release|x64.ActiveCfg = Release|x64
		{5E81B361-BFF0-A443-A143-44C7B2164E8E}.Release|x64.Build.0 = Release|x64
		{98400D17-43A5-1A40-95BE-C53AC78E7694}.Debug|Android.ActiveCfg = Debug|Android
		{98400D17-43A5-1A40-95BE-C53AC78E7694}.Debug|Android.Build.0 = Debug|Android
		{98400D17-43A5-1A40-95BE-C53AC78E7694}.Debug|Emscripten.ActiveCfg = Debug|Emscripten
		{98400D17-43A5-1A40-95BE-C53AC78E7694}.Debug|Emscripten.Build.0 = Debug|Emscripten
		{98400D17-43A5-1A40-95BE-C53AC78E7694}.Debug|PNaCl.ActiveCfg = Debug|PNaCl
		{98400D17-43A5-1A40-95BE-C53AC78E7694}.Debug|PNaCl.Build.0 = Debug|PNaCl
		{98400D17-43A5-1A40-95BE-C53AC78E7694}.Debug|Win32.ActiveCfg = Debug|Win32
		{98400D17-43A5-1A40-95BE-C53AC78E7694}.Debug|Win32.Build.0 = Debug|Win32
		{98400D17-43A5-1A40-95BE-C53AC78E7694}.Debug|x64.ActiveCfg = Debug|x64
		{98400D17-43A5-1A40-95BE-C53AC78E7694}.Debug|x64.Build.0 = Debug|x64
		{98400D17-43A5-1A40-95BE-C53AC78E7694}.EditorDebug|Android.ActiveCfg = Debug|Android
		{98400D17-43A5-1A40-95BE-C53AC78E7694}.EditorDebug|Android.Build.0 = Debug|Android
		{98400D17-43A5-1A40-95BE-C53AC78E7694}.EditorDebug|Android.Deploy.0 = Debug|Android
		{98400D17-43A5-1A40-95BE-C53AC78E7694}.EditorDebug|Emscripten.ActiveCfg = Debug|Emscripten
		{98400D17-43A5-1A40-95BE-C53AC78E7694}.EditorDebug|Emscripten.Build.0 = Debug|Emscripten
		{98400D17-43A5-1A40-95BE-C53AC78E7694}.EditorDebug|PNaCl.ActiveCfg = Debug|PNaCl
		{98400D17-43A5-1A40-95BE-C53AC78E7694}.EditorDebug|PNaCl.Build.0 = Debug|PNaCl
		{98400D17-43A5-1A40-95BE-C53AC78E7694}.EditorDebug|Win32.ActiveCfg = Debug|Win32
		{98400D17-43A5-1A40-95BE-C53AC78E7694}.EditorDebug|Win32.Build.0 = Debug|Win32
		{98400D17-43A5-1A40-95BE-C53AC78E7694}.EditorDebug|x64.ActiveCfg = Debug|x64
		{98400D17-43A5-1A40-95BE-C53AC78E7694}.EditorDebug|x64.Build.0 = Debug|x64
		{98400D17-43A5-1A40-95BE-C53AC78E7694}.EditorRelease|Android.ActiveCfg = Release|Android
		{98400D17-43A5-1A40-95BE-C53AC78E7694}.EditorRelease|Android.Build.0 = Release|Android
		{98400D17-43A5-1A40-95BE-C53AC78E7694}.EditorRelease|Android.Deploy.0 = Release|Android
		{98400D17-43A5-1A40-95BE-C53AC78E7694}.EditorRelease|Emscripten.ActiveCfg = Release|Emscripten
		{98400D17-43A5-1A40-95BE-C53AC78E7694}.EditorRelease|Emscripten.Build.0 = Release|Emscripten
		{98400D17-43A5-1A40-95BE-C53AC78E7694}.EditorRelease|PNaCl.ActiveCfg = Release|PNaCl
		{98400D17-43A5-1A40-95BE-C53AC78E7694}.EditorRelease|PNaCl.Build.0 = Release|PNaCl
		{98400D17-43A5-1A40-95BE-C53AC78E7694}.EditorRelease|Win32.ActiveCfg = Release|Win32
		{98400D17-43A5-1A40-95BE-C53AC78E7694}.EditorRelease|Win32.Build.0 = Release|Win32
		{98400D17-43A5-1A40-95BE-C53AC78E7694}.EditorRelease|x64.ActiveCfg = Release|x64
		{98400D17-43A5-1A40-95BE-C53AC78E7694}.EditorRelease|x64.Build.0 = Release|x64
		{98400D17-43A5-1A40-95BE-C53AC78E7694}.Release|Android.ActiveCfg = Release|Android
		{98400D17-43A5-1A40-95BE-C53AC78E7694}.Release|Android.Build.0 = Release|Android
		{98400D17-43A5-1A40-95BE-C53AC78E7694}.Release|Emscripten.ActiveCfg = Release|Emscripten
		{98400D17-43A5-1A40-95BE-C53AC78E7694}.Release|Emscripten.Build.0 = Release|Emscripten
		{98400D17-43A5-1A40-95BE-C53AC78E7694}.Release|PNaCl.ActiveCfg = Release|PNaCl
		{98400D17-43A5-1A40-95BE-C53AC78E7694}.Release|PNaCl.Build.0 = Release|PNaCl
		{98400D17-43A5-1A40-95BE-C53AC78E7694}.Release|Win32.ActiveCfg = Release|Win32
		{98400D17-43A5-1A40-95BE-C53AC78E7694}.Release|Win32.Build.0 = Release|Win32
		{98400D17-43A5-1A40-95BE-C53AC78E7694}.Release|x64.ActiveCfg = Release|x64
		{98400D17-43A5-1A40-95BE-C53AC78E7694}.Release|x64.Build.0 = Release|x64
		{9E4D91C3-6ED5-4DFD-B6CD-ADA011C049B8}.Debug|Android.ActiveCfg = Debug|x64
		{9E4D91C3-6ED5-4DFD-B6CD-ADA011C049B8}.Debug|Emscripten.ActiveCfg = Debug|x64
		{9E4D91C3-6ED5-4DFD-B6CD-ADA011C049B8}.Debug|PNaCl.ActiveCfg = Debug|x64
		{9E4D91C3-6ED5-4DFD-B6CD-ADA011C049B8}.Debug|Win32.ActiveCfg = Debug|Win32
		{9E4D91C3-6ED5-4DFD-B6CD-ADA011C049B8}.Debug|Win32.Build.0 = Debug|Win32
		{9E4D91C3-6ED5-4DFD-B6CD-ADA011C049B8}.Debug|x64.ActiveCfg = Debug|x64
		{9E4D91C3-6ED5-4DFD-B6CD-ADA011C049B8}.Debug|x64.Build.0 = Debug|x64
		{9E4D91C3-6ED5-4DFD-B6CD-ADA011C049B8}.EditorDebug|Android.ActiveCfg = EditorDebug|x64
		{9E4D91C3-6ED5-4DFD-B6CD-ADA011C049B8}.EditorDebug|Emscripten.ActiveCfg = EditorDebug|x64
		{9E4D91C3-6ED5-4DFD-B6CD-ADA011C049B8}.EditorDebug|PNaCl.ActiveCfg = EditorDebug|x64
		{9E4D91C3-6ED5-4DFD-B6CD-ADA011C049B8}.EditorDebug|Win32.ActiveCfg = EditorDebug|Win32
		{9E4D91C3-6ED5-4DFD-B6CD-ADA011C049B8}.EditorDebug|Win32.Build.0 = EditorDebug|Win32
		{9E4D91C3-6ED5-4DFD-B6CD-ADA011C049B8}.EditorDebug|x64.ActiveCfg = EditorDebug|x64
		{9E4D91C3-6ED5-4DFD-B6CD-ADA011C049B8}.EditorDebug|x64.Build.0 = EditorDebug|x64
		{9E4D91C3-6ED5-4DFD-B6CD-ADA011C049B8}.EditorRelease|Android.ActiveCfg = EditorRelease|x64
		{9E4D91C3-6ED5-4DFD-B6CD-ADA011C049B8}.EditorRelease|Emscripten.ActiveCfg = EditorRelease|x64
		{9E4D91C3-6ED5-4DFD-B6CD-ADA011C049B8}.EditorRelease|PNaCl.ActiveCfg = EditorRelease|x64
		{9E4D91C3-6ED5-4DFD-B6CD-ADA011C049B8}.EditorRelease|Win32.ActiveCfg = EditorRelease|Win32
		{9E4D91C3-6ED5-4DFD-B6CD-ADA011C049B8}.EditorRelease|Win32.Build.0 = EditorRelease|Win32
		{9E4D91C3-6ED5-4DFD-B6CD-ADA011C049B8}.EditorRelease|x64.ActiveCfg = EditorRelease|x64
		{9E4D91C3-6ED5-4DFD-B6CD-ADA011C049B8}.EditorRelease|x64.Build.0 = EditorRelease|x64
		{9E4D91C3-6ED5-4DFD-B6CD-ADA011C049B8}.Release|Android.ActiveCfg = Release|x64
		{9E4D91C3-6ED5-4DFD-B6CD-ADA011C049B8}.Release|Emscripten.ActiveCfg = Release|x64
		{9E4D91C3-6ED5-4DFD-B6CD-ADA011C049B8}.Release|PNaCl.ActiveCfg = Release|x64
		{9E4D91C3-6ED5-4DFD-B6CD-ADA011C049B8}.Release|Win32.ActiveCfg = Release|Win32
		{9E4D91C3-6ED5-4DFD-B6CD-ADA011C049B8}.Release|Win32.Build.0 = Release|Win32
		{9E4D91C3-6ED5-4DFD-B6CD-ADA011C049B8}.Release|x64.ActiveCfg = Release|x64
		{9E4D91C3-6ED5-4DFD-B6CD-ADA011C049B8}.Release|x64.Build.0 = Release|x64
	EndGlobalSection
	GlobalSection(SolutionProperties) = preSolution
		HideSolutionNode = FALSE
	EndGlobalSection
	GlobalSection(NestedProjects) = preSolution
		{1BD50A98-FB78-7F43-84A9-82901F5A00D0} = {124EFAD2-0BB6-4C2A-BAD7-3DFE5D9E21CD}
		{AD82F95E-C422-7443-A26D-57999762CED9} = {124EFAD2-0BB6-4C2A-BAD7-3DFE5D9E21CD}
		{5E81B361-BFF0-A443-A143-44C7B2164E8E} = {124EFAD2-0BB6-4C2A-BAD7-3DFE5D9E21CD}
	EndGlobalSection
EndGlobal
