// !$*UTF8*$!
{
	archiveVersion = 1;
	classes = {
	};
	objectVersion = 46;
	objects = {

/* Begin PBXBuildFile section */
		044C62A11ADDEAEE00BABD53 /* Data in Resources */ = {isa = PBXBuildFile; fileRef = 044C62A01ADDEAEE00BABD53 /* Data */; };
		044C62BA1ADDEB0900BABD53 /* GameComponentTypeManager.cpp in Sources */ = {isa = PBXBuildFile; fileRef = 044C62A41ADDEB0900BABD53 /* GameComponentTypeManager.cpp */; };
		044C62BB1ADDEB0900BABD53 /* GameEmptyReplaceMe.cpp in Sources */ = {isa = PBXBuildFile; fileRef = 044C62A61ADDEB0900BABD53 /* GameEmptyReplaceMe.cpp */; };
		044C62BC1ADDEB0900BABD53 /* GameCommonHeader.cpp in Sources */ = {isa = PBXBuildFile; fileRef = 044C62A81ADDEB0900BABD53 /* GameCommonHeader.cpp */; };
		044C62BD1ADDEB0900BABD53 /* ComponentAIChasePlayer.cpp in Sources */ = {isa = PBXBuildFile; fileRef = 044C62AB1ADDEB0900BABD53 /* ComponentAIChasePlayer.cpp */; };
		044C62BE1ADDEB0900BABD53 /* ComponentInputTrackMousePos.cpp in Sources */ = {isa = PBXBuildFile; fileRef = 044C62AD1ADDEB0900BABD53 /* ComponentInputTrackMousePos.cpp */; };
		044C62C01ADDEB0900BABD53 /* InfoPlist.strings in Resources */ = {isa = PBXBuildFile; fileRef = 044C62B21ADDEB0900BABD53 /* InfoPlist.strings */; };
		044C62C11ADDEB0900BABD53 /* ViewController_iPad.xib in Resources */ = {isa = PBXBuildFile; fileRef = 044C62B41ADDEB0900BABD53 /* ViewController_iPad.xib */; };
		044C62C21ADDEB0900BABD53 /* ViewController_iPhone.xib in Resources */ = {isa = PBXBuildFile; fileRef = 044C62B61ADDEB0900BABD53 /* ViewController_iPhone.xib */; };
		044C62C31ADDEB0900BABD53 /* main.mm in Sources */ = {isa = PBXBuildFile; fileRef = 044C62B91ADDEB0900BABD53 /* main.mm */; };
		044C62CB1ADDEF7200BABD53 /* libMyEngine.a in Frameworks */ = {isa = PBXBuildFile; fileRef = 044C62CA1ADDEF7200BABD53 /* libMyEngine.a */; };
		044C62CD1ADDEFD400BABD53 /* Default-568h@2x.png in Resources */ = {isa = PBXBuildFile; fileRef = 044C62CC1ADDEFD400BABD53 /* Default-568h@2x.png */; };
		044C62D11ADE800E00BABD53 /* libBulletCollision_xcode4.a in Frameworks */ = {isa = PBXBuildFile; fileRef = 044C62CE1ADE800E00BABD53 /* libBulletCollision_xcode4.a */; };
		044C62D21ADE800E00BABD53 /* libBulletDynamics_xcode4.a in Frameworks */ = {isa = PBXBuildFile; fileRef = 044C62CF1ADE800E00BABD53 /* libBulletDynamics_xcode4.a */; };
		044C62D31ADE800E00BABD53 /* libLinearMath_xcode4.a in Frameworks */ = {isa = PBXBuildFile; fileRef = 044C62D01ADE800E00BABD53 /* libLinearMath_xcode4.a */; };
		045EDF1C1A068036007912CA /* StoreKit.framework in Frameworks */ = {isa = PBXBuildFile; fileRef = 045EDF1B1A068036007912CA /* StoreKit.framework */; };
		A11DC47B160D2EC1006C837D /* AudioToolbox.framework in Frameworks */ = {isa = PBXBuildFile; fileRef = A11DC478160D2EC1006C837D /* AudioToolbox.framework */; };
		A11DC47C160D2EC1006C837D /* AVFoundation.framework in Frameworks */ = {isa = PBXBuildFile; fileRef = A11DC479160D2EC1006C837D /* AVFoundation.framework */; };
		A11DC47D160D2EC1006C837D /* GameKit.framework in Frameworks */ = {isa = PBXBuildFile; fileRef = A11DC47A160D2EC1006C837D /* GameKit.framework */; };
		BF267D03151B68C6009458AE /* UIKit.framework in Frameworks */ = {isa = PBXBuildFile; fileRef = BF267D02151B68C6009458AE /* UIKit.framework */; };
		BF267D05151B68C6009458AE /* Foundation.framework in Frameworks */ = {isa = PBXBuildFile; fileRef = BF267D04151B68C6009458AE /* Foundation.framework */; };
		BF267D07151B68C6009458AE /* CoreGraphics.framework in Frameworks */ = {isa = PBXBuildFile; fileRef = BF267D06151B68C6009458AE /* CoreGraphics.framework */; };
		BF267D09151B68C6009458AE /* GLKit.framework in Frameworks */ = {isa = PBXBuildFile; fileRef = BF267D08151B68C6009458AE /* GLKit.framework */; };
		BF267D0B151B68C6009458AE /* OpenGLES.framework in Frameworks */ = {isa = PBXBuildFile; fileRef = BF267D0A151B68C6009458AE /* OpenGLES.framework */; };
		BF27F4BA1529E957000F8A5F /* OpenAL.framework in Frameworks */ = {isa = PBXBuildFile; fileRef = BF27F4B91529E957000F8A5F /* OpenAL.framework */; };
		BF71E9B9151B9F94009F0CD9 /* libMyFramework.a in Frameworks */ = {isa = PBXBuildFile; fileRef = BF71E9B8151B9F94009F0CD9 /* libMyFramework.a */; };
/* End PBXBuildFile section */

/* Begin PBXFileReference section */
		044C62A01ADDEAEE00BABD53 /* Data */ = {isa = PBXFileReference; lastKnownFileType = folder; path = Data; sourceTree = "<group>"; };
		044C62A41ADDEB0900BABD53 /* GameComponentTypeManager.cpp */ = {isa = PBXFileReference; fileEncoding = 4; lastKnownFileType = sourcecode.cpp.cpp; path = GameComponentTypeManager.cpp; sourceTree = "<group>"; };
		044C62A51ADDEB0900BABD53 /* GameComponentTypeManager.h */ = {isa = PBXFileReference; fileEncoding = 4; lastKnownFileType = sourcecode.c.h; path = GameComponentTypeManager.h; sourceTree = "<group>"; };
		044C62A61ADDEB0900BABD53 /* GameEmptyReplaceMe.cpp */ = {isa = PBXFileReference; fileEncoding = 4; lastKnownFileType = sourcecode.cpp.cpp; path = GameEmptyReplaceMe.cpp; sourceTree = "<group>"; };
		044C62A71ADDEB0900BABD53 /* GameEmptyReplaceMe.h */ = {isa = PBXFileReference; fileEncoding = 4; lastKnownFileType = sourcecode.c.h; path = GameEmptyReplaceMe.h; sourceTree = "<group>"; };
		044C62A81ADDEB0900BABD53 /* GameCommonHeader.cpp */ = {isa = PBXFileReference; fileEncoding = 4; lastKnownFileType = sourcecode.cpp.cpp; path = GameCommonHeader.cpp; sourceTree = "<group>"; };
		044C62A91ADDEB0900BABD53 /* GameCommonHeader.h */ = {isa = PBXFileReference; fileEncoding = 4; lastKnownFileType = sourcecode.c.h; path = GameCommonHeader.h; sourceTree = "<group>"; };
		044C62AB1ADDEB0900BABD53 /* ComponentAIChasePlayer.cpp */ = {isa = PBXFileReference; fileEncoding = 4; lastKnownFileType = sourcecode.cpp.cpp; path = ComponentAIChasePlayer.cpp; sourceTree = "<group>"; };
		044C62AC1ADDEB0900BABD53 /* ComponentAIChasePlayer.h */ = {isa = PBXFileReference; fileEncoding = 4; lastKnownFileType = sourcecode.c.h; path = ComponentAIChasePlayer.h; sourceTree = "<group>"; };
		044C62AD1ADDEB0900BABD53 /* ComponentInputTrackMousePos.cpp */ = {isa = PBXFileReference; fileEncoding = 4; lastKnownFileType = sourcecode.cpp.cpp; path = ComponentInputTrackMousePos.cpp; sourceTree = "<group>"; };
		044C62AE1ADDEB0900BABD53 /* ComponentInputTrackMousePos.h */ = {isa = PBXFileReference; fileEncoding = 4; lastKnownFileType = sourcecode.c.h; path = ComponentInputTrackMousePos.h; sourceTree = "<group>"; };
		044C62B01ADDEB0900BABD53 /* EmptyReplaceMe-Info.plist */ = {isa = PBXFileReference; fileEncoding = 4; lastKnownFileType = text.plist.xml; path = "EmptyReplaceMe-Info.plist"; sourceTree = "<group>"; };
		044C62B11ADDEB0900BABD53 /* EmptyReplaceMe-Prefix.pch */ = {isa = PBXFileReference; fileEncoding = 4; lastKnownFileType = sourcecode.c.h; path = "EmptyReplaceMe-Prefix.pch"; sourceTree = "<group>"; };
		044C62B31ADDEB0900BABD53 /* en */ = {isa = PBXFileReference; lastKnownFileType = text.plist.strings; name = en; path = en.lproj/InfoPlist.strings; sourceTree = "<group>"; };
		044C62B51ADDEB0900BABD53 /* en */ = {isa = PBXFileReference; lastKnownFileType = file.xib; name = en; path = en.lproj/ViewController_iPad.xib; sourceTree = "<group>"; };
		044C62B71ADDEB0900BABD53 /* en */ = {isa = PBXFileReference; lastKnownFileType = file.xib; name = en; path = en.lproj/ViewController_iPhone.xib; sourceTree = "<group>"; };
		044C62B81ADDEB0900BABD53 /* main.h */ = {isa = PBXFileReference; fileEncoding = 4; lastKnownFileType = sourcecode.c.h; path = main.h; sourceTree = "<group>"; };
		044C62B91ADDEB0900BABD53 /* main.mm */ = {isa = PBXFileReference; fileEncoding = 4; lastKnownFileType = sourcecode.cpp.objcpp; path = main.mm; sourceTree = "<group>"; };
		044C62CA1ADDEF7200BABD53 /* libMyEngine.a */ = {isa = PBXFileReference; lastKnownFileType = archive.ar; name = libMyEngine.a; path = "../../Engine/MyEngine/build/Debug-iphoneos/libMyEngine.a"; sourceTree = "<group>"; };
		044C62CC1ADDEFD400BABD53 /* Default-568h@2x.png */ = {isa = PBXFileReference; lastKnownFileType = image.png; path = "Default-568h@2x.png"; sourceTree = "<group>"; };
		044C62CE1ADE800E00BABD53 /* libBulletCollision_xcode4.a */ = {isa = PBXFileReference; lastKnownFileType = archive.ar; name = libBulletCollision_xcode4.a; path = /Users/jameslord/Projects/ProjectEngineEmpty/bullet/build/xcode4ios/../../lib/libBulletCollision_xcode4.a; sourceTree = "<absolute>"; };
		044C62CF1ADE800E00BABD53 /* libBulletDynamics_xcode4.a */ = {isa = PBXFileReference; lastKnownFileType = archive.ar; name = libBulletDynamics_xcode4.a; path = /Users/jameslord/Projects/ProjectEngineEmpty/bullet/build/xcode4ios/../../lib/libBulletDynamics_xcode4.a; sourceTree = "<absolute>"; };
		044C62D01ADE800E00BABD53 /* libLinearMath_xcode4.a */ = {isa = PBXFileReference; lastKnownFileType = archive.ar; name = libLinearMath_xcode4.a; path = /Users/jameslord/Projects/ProjectEngineEmpty/bullet/build/xcode4ios/../../lib/libLinearMath_xcode4.a; sourceTree = "<absolute>"; };
		045EDF1B1A068036007912CA /* StoreKit.framework */ = {isa = PBXFileReference; lastKnownFileType = wrapper.framework; name = StoreKit.framework; path = Platforms/iPhoneOS.platform/Developer/SDKs/iPhoneOS.sdk/System/Library/Frameworks/StoreKit.framework; sourceTree = DEVELOPER_DIR; };
		A11DC478160D2EC1006C837D /* AudioToolbox.framework */ = {isa = PBXFileReference; lastKnownFileType = wrapper.framework; name = AudioToolbox.framework; path = System/Library/Frameworks/AudioToolbox.framework; sourceTree = SDKROOT; };
		A11DC479160D2EC1006C837D /* AVFoundation.framework */ = {isa = PBXFileReference; lastKnownFileType = wrapper.framework; name = AVFoundation.framework; path = System/Library/Frameworks/AVFoundation.framework; sourceTree = SDKROOT; };
		A11DC47A160D2EC1006C837D /* GameKit.framework */ = {isa = PBXFileReference; lastKnownFileType = wrapper.framework; name = GameKit.framework; path = System/Library/Frameworks/GameKit.framework; sourceTree = SDKROOT; };
		BF267CFE151B68C6009458AE /* EmptyReplaceMe.app */ = {isa = PBXFileReference; explicitFileType = wrapper.application; includeInIndex = 0; path = EmptyReplaceMe.app; sourceTree = BUILT_PRODUCTS_DIR; };
		BF267D02151B68C6009458AE /* UIKit.framework */ = {isa = PBXFileReference; lastKnownFileType = wrapper.framework; name = UIKit.framework; path = System/Library/Frameworks/UIKit.framework; sourceTree = SDKROOT; };
		BF267D04151B68C6009458AE /* Foundation.framework */ = {isa = PBXFileReference; lastKnownFileType = wrapper.framework; name = Foundation.framework; path = System/Library/Frameworks/Foundation.framework; sourceTree = SDKROOT; };
		BF267D06151B68C6009458AE /* CoreGraphics.framework */ = {isa = PBXFileReference; lastKnownFileType = wrapper.framework; name = CoreGraphics.framework; path = System/Library/Frameworks/CoreGraphics.framework; sourceTree = SDKROOT; };
		BF267D08151B68C6009458AE /* GLKit.framework */ = {isa = PBXFileReference; lastKnownFileType = wrapper.framework; name = GLKit.framework; path = System/Library/Frameworks/GLKit.framework; sourceTree = SDKROOT; };
		BF267D0A151B68C6009458AE /* OpenGLES.framework */ = {isa = PBXFileReference; lastKnownFileType = wrapper.framework; name = OpenGLES.framework; path = System/Library/Frameworks/OpenGLES.framework; sourceTree = SDKROOT; };
		BF27F4B91529E957000F8A5F /* OpenAL.framework */ = {isa = PBXFileReference; lastKnownFileType = wrapper.framework; name = OpenAL.framework; path = System/Library/Frameworks/OpenAL.framework; sourceTree = SDKROOT; };
		BF71E9B8151B9F94009F0CD9 /* libMyFramework.a */ = {isa = PBXFileReference; lastKnownFileType = archive.ar; name = libMyFramework.a; path = "../../Framework/MyFramework/build/Release-iphoneos/libMyFramework.a"; sourceTree = "<group>"; };
/* End PBXFileReference section */

/* Begin PBXFrameworksBuildPhase section */
		BF267CFB151B68C6009458AE /* Frameworks */ = {
			isa = PBXFrameworksBuildPhase;
			buildActionMask = 2147483647;
			files = (
				044C62D11ADE800E00BABD53 /* libBulletCollision_xcode4.a in Frameworks */,
				044C62D21ADE800E00BABD53 /* libBulletDynamics_xcode4.a in Frameworks */,
				044C62D31ADE800E00BABD53 /* libLinearMath_xcode4.a in Frameworks */,
				044C62CB1ADDEF7200BABD53 /* libMyEngine.a in Frameworks */,
				BF27F4BA1529E957000F8A5F /* OpenAL.framework in Frameworks */,
				BF71E9B9151B9F94009F0CD9 /* libMyFramework.a in Frameworks */,
				BF267D03151B68C6009458AE /* UIKit.framework in Frameworks */,
				BF267D05151B68C6009458AE /* Foundation.framework in Frameworks */,
				BF267D07151B68C6009458AE /* CoreGraphics.framework in Frameworks */,
				BF267D09151B68C6009458AE /* GLKit.framework in Frameworks */,
				BF267D0B151B68C6009458AE /* OpenGLES.framework in Frameworks */,
				A11DC47B160D2EC1006C837D /* AudioToolbox.framework in Frameworks */,
				A11DC47C160D2EC1006C837D /* AVFoundation.framework in Frameworks */,
				A11DC47D160D2EC1006C837D /* GameKit.framework in Frameworks */,
				045EDF1C1A068036007912CA /* StoreKit.framework in Frameworks */,
			);
			runOnlyForDeploymentPostprocessing = 0;
		};
/* End PBXFrameworksBuildPhase section */

/* Begin PBXGroup section */
		044C62A21ADDEB0900BABD53 /* SourceCommon */ = {
			isa = PBXGroup;
			children = (
				044C62A31ADDEB0900BABD53 /* Core */,
				044C62A81ADDEB0900BABD53 /* GameCommonHeader.cpp */,
				044C62A91ADDEB0900BABD53 /* GameCommonHeader.h */,
				044C62AA1ADDEB0900BABD53 /* GameComponents */,
			);
			path = SourceCommon;
			sourceTree = "<group>";
		};
		044C62A31ADDEB0900BABD53 /* Core */ = {
			isa = PBXGroup;
			children = (
				044C62A41ADDEB0900BABD53 /* GameComponentTypeManager.cpp */,
				044C62A51ADDEB0900BABD53 /* GameComponentTypeManager.h */,
				044C62A61ADDEB0900BABD53 /* GameEmptyReplaceMe.cpp */,
				044C62A71ADDEB0900BABD53 /* GameEmptyReplaceMe.h */,
			);
			path = Core;
			sourceTree = "<group>";
		};
		044C62AA1ADDEB0900BABD53 /* GameComponents */ = {
			isa = PBXGroup;
			children = (
				044C62AB1ADDEB0900BABD53 /* ComponentAIChasePlayer.cpp */,
				044C62AC1ADDEB0900BABD53 /* ComponentAIChasePlayer.h */,
				044C62AD1ADDEB0900BABD53 /* ComponentInputTrackMousePos.cpp */,
				044C62AE1ADDEB0900BABD53 /* ComponentInputTrackMousePos.h */,
			);
			path = GameComponents;
			sourceTree = "<group>";
		};
		044C62AF1ADDEB0900BABD53 /* SourceIOS */ = {
			isa = PBXGroup;
			children = (
				044C62B01ADDEB0900BABD53 /* EmptyReplaceMe-Info.plist */,
				044C62B11ADDEB0900BABD53 /* EmptyReplaceMe-Prefix.pch */,
				044C62B21ADDEB0900BABD53 /* InfoPlist.strings */,
				044C62B41ADDEB0900BABD53 /* ViewController_iPad.xib */,
				044C62B61ADDEB0900BABD53 /* ViewController_iPhone.xib */,
				044C62B81ADDEB0900BABD53 /* main.h */,
				044C62B91ADDEB0900BABD53 /* main.mm */,
			);
			path = SourceIOS;
			sourceTree = "<group>";
		};
		BF267CF3151B68C6009458AE = {
			isa = PBXGroup;
			children = (
				044C62CC1ADDEFD400BABD53 /* Default-568h@2x.png */,
				044C62A21ADDEB0900BABD53 /* SourceCommon */,
				044C62AF1ADDEB0900BABD53 /* SourceIOS */,
				044C62A01ADDEAEE00BABD53 /* Data */,
				BF267D01151B68C6009458AE /* Frameworks */,
				BF267CFF151B68C6009458AE /* Products */,
			);
			sourceTree = "<group>";
		};
		BF267CFF151B68C6009458AE /* Products */ = {
			isa = PBXGroup;
			children = (
				BF267CFE151B68C6009458AE /* EmptyReplaceMe.app */,
			);
			name = Products;
			sourceTree = "<group>";
		};
		BF267D01151B68C6009458AE /* Frameworks */ = {
			isa = PBXGroup;
			children = (
				044C62CE1ADE800E00BABD53 /* libBulletCollision_xcode4.a */,
				044C62CF1ADE800E00BABD53 /* libBulletDynamics_xcode4.a */,
				044C62D01ADE800E00BABD53 /* libLinearMath_xcode4.a */,
				BF71E9B8151B9F94009F0CD9 /* libMyFramework.a */,
				044C62CA1ADDEF7200BABD53 /* libMyEngine.a */,
				045EDF1B1A068036007912CA /* StoreKit.framework */,
				A11DC478160D2EC1006C837D /* AudioToolbox.framework */,
				A11DC479160D2EC1006C837D /* AVFoundation.framework */,
				A11DC47A160D2EC1006C837D /* GameKit.framework */,
				BF27F4B91529E957000F8A5F /* OpenAL.framework */,
				BF267D02151B68C6009458AE /* UIKit.framework */,
				BF267D04151B68C6009458AE /* Foundation.framework */,
				BF267D06151B68C6009458AE /* CoreGraphics.framework */,
				BF267D08151B68C6009458AE /* GLKit.framework */,
				BF267D0A151B68C6009458AE /* OpenGLES.framework */,
			);
			name = Frameworks;
			sourceTree = "<group>";
		};
/* End PBXGroup section */

/* Begin PBXNativeTarget section */
		BF267CFD151B68C6009458AE /* EmptyReplaceMe */ = {
			isa = PBXNativeTarget;
			buildConfigurationList = BF267D27151B68C6009458AE /* Build configuration list for PBXNativeTarget "EmptyReplaceMe" */;
			buildPhases = (
				BF267CFA151B68C6009458AE /* Sources */,
				BF267CFB151B68C6009458AE /* Frameworks */,
				BF267CFC151B68C6009458AE /* Resources */,
				BF71EB1A151BFE01009F0CD9 /* ShellScript */,
			);
			buildRules = (
			);
			dependencies = (
			);
			name = EmptyReplaceMe;
			productName = EmptyReplaceMe;
			productReference = BF267CFE151B68C6009458AE /* EmptyReplaceMe.app */;
			productType = "com.apple.product-type.application";
		};
/* End PBXNativeTarget section */

/* Begin PBXProject section */
		BF267CF5151B68C6009458AE /* Project object */ = {
			isa = PBXProject;
			attributes = {
				LastUpgradeCheck = 0610;
			};
			buildConfigurationList = BF267CF8151B68C6009458AE /* Build configuration list for PBXProject "EmptyReplaceMe" */;
			compatibilityVersion = "Xcode 3.2";
			developmentRegion = English;
			hasScannedForEncodings = 0;
			knownRegions = (
				en,
			);
			mainGroup = BF267CF3151B68C6009458AE;
			productRefGroup = BF267CFF151B68C6009458AE /* Products */;
			projectDirPath = "";
			projectRoot = "";
			targets = (
				BF267CFD151B68C6009458AE /* EmptyReplaceMe */,
			);
		};
/* End PBXProject section */

/* Begin PBXResourcesBuildPhase section */
		BF267CFC151B68C6009458AE /* Resources */ = {
			isa = PBXResourcesBuildPhase;
			buildActionMask = 2147483647;
			files = (
				044C62C11ADDEB0900BABD53 /* ViewController_iPad.xib in Resources */,
				044C62A11ADDEAEE00BABD53 /* Data in Resources */,
				044C62C01ADDEB0900BABD53 /* InfoPlist.strings in Resources */,
				044C62CD1ADDEFD400BABD53 /* Default-568h@2x.png in Resources */,
				044C62C21ADDEB0900BABD53 /* ViewController_iPhone.xib in Resources */,
			);
			runOnlyForDeploymentPostprocessing = 0;
		};
/* End PBXResourcesBuildPhase section */

/* Begin PBXShellScriptBuildPhase section */
		BF71EB1A151BFE01009F0CD9 /* ShellScript */ = {
			isa = PBXShellScriptBuildPhase;
			buildActionMask = 2147483647;
			files = (
			);
			inputPaths = (
			);
			outputPaths = (
			);
			runOnlyForDeploymentPostprocessing = 0;
			shellPath = /bin/sh;
			shellScript = "touch -cm ${SRCROOT}/Data";
		};
/* End PBXShellScriptBuildPhase section */

/* Begin PBXSourcesBuildPhase section */
		BF267CFA151B68C6009458AE /* Sources */ = {
			isa = PBXSourcesBuildPhase;
			buildActionMask = 2147483647;
			files = (
				044C62C31ADDEB0900BABD53 /* main.mm in Sources */,
				044C62BE1ADDEB0900BABD53 /* ComponentInputTrackMousePos.cpp in Sources */,
				044C62BC1ADDEB0900BABD53 /* GameCommonHeader.cpp in Sources */,
				044C62BD1ADDEB0900BABD53 /* ComponentAIChasePlayer.cpp in Sources */,
				044C62BB1ADDEB0900BABD53 /* GameEmptyReplaceMe.cpp in Sources */,
				044C62BA1ADDEB0900BABD53 /* GameComponentTypeManager.cpp in Sources */,
			);
			runOnlyForDeploymentPostprocessing = 0;
		};
/* End PBXSourcesBuildPhase section */

/* Begin PBXVariantGroup section */
		044C62B21ADDEB0900BABD53 /* InfoPlist.strings */ = {
			isa = PBXVariantGroup;
			children = (
				044C62B31ADDEB0900BABD53 /* en */,
			);
			name = InfoPlist.strings;
			sourceTree = "<group>";
		};
		044C62B41ADDEB0900BABD53 /* ViewController_iPad.xib */ = {
			isa = PBXVariantGroup;
			children = (
				044C62B51ADDEB0900BABD53 /* en */,
			);
			name = ViewController_iPad.xib;
			sourceTree = "<group>";
		};
		044C62B61ADDEB0900BABD53 /* ViewController_iPhone.xib */ = {
			isa = PBXVariantGroup;
			children = (
				044C62B71ADDEB0900BABD53 /* en */,
			);
			name = ViewController_iPhone.xib;
			sourceTree = "<group>";
		};
/* End PBXVariantGroup section */

/* Begin XCBuildConfiguration section */
		BF267D25151B68C6009458AE /* Debug */ = {
			isa = XCBuildConfiguration;
			buildSettings = {
				ALWAYS_SEARCH_USER_PATHS = NO;
				CLANG_WARN_BOOL_CONVERSION = YES;
				CLANG_WARN_CONSTANT_CONVERSION = YES;
				CLANG_WARN_EMPTY_BODY = YES;
				CLANG_WARN_ENUM_CONVERSION = YES;
				CLANG_WARN_INT_CONVERSION = YES;
				CLANG_WARN_UNREACHABLE_CODE = YES;
				CLANG_WARN__DUPLICATE_METHOD_MATCH = YES;
				"CODE_SIGN_IDENTITY[sdk=iphoneos*]" = "iPhone Developer";
				COPY_PHASE_STRIP = NO;
				ENABLE_STRICT_OBJC_MSGSEND = YES;
				GCC_C_LANGUAGE_STANDARD = gnu99;
				GCC_DYNAMIC_NO_PIC = NO;
				GCC_OPTIMIZATION_LEVEL = 0;
				GCC_PREPROCESSOR_DEFINITIONS = (
					"DEBUG=1",
					"_DEBUG=1",
					"MYFW_IOS=1",
					"$(inherited)",
				);
				GCC_SYMBOLS_PRIVATE_EXTERN = NO;
				GCC_VERSION = com.apple.compilers.llvm.clang.1_0;
				GCC_WARN_64_TO_32_BIT_CONVERSION = YES;
				GCC_WARN_ABOUT_RETURN_TYPE = YES;
				GCC_WARN_UNDECLARED_SELECTOR = YES;
				GCC_WARN_UNINITIALIZED_AUTOS = YES;
				GCC_WARN_UNUSED_FUNCTION = YES;
				GCC_WARN_UNUSED_VARIABLE = YES;
				IPHONEOS_DEPLOYMENT_TARGET = 5.1;
				ONLY_ACTIVE_ARCH = YES;
				SDKROOT = iphoneos;
				TARGETED_DEVICE_FAMILY = "1,2";
			};
			name = Debug;
		};
		BF267D26151B68C6009458AE /* Release */ = {
			isa = XCBuildConfiguration;
			buildSettings = {
				ALWAYS_SEARCH_USER_PATHS = NO;
				CLANG_WARN_BOOL_CONVERSION = YES;
				CLANG_WARN_CONSTANT_CONVERSION = YES;
				CLANG_WARN_EMPTY_BODY = YES;
				CLANG_WARN_ENUM_CONVERSION = YES;
				CLANG_WARN_INT_CONVERSION = YES;
				CLANG_WARN_UNREACHABLE_CODE = YES;
				CLANG_WARN__DUPLICATE_METHOD_MATCH = YES;
				"CODE_SIGN_IDENTITY[sdk=iphoneos*]" = "iPhone Developer";
				COPY_PHASE_STRIP = YES;
				ENABLE_STRICT_OBJC_MSGSEND = YES;
				GCC_C_LANGUAGE_STANDARD = gnu99;
				GCC_PREPROCESSOR_DEFINITIONS = (
					"MYFW_IOS=1",
					"$(inherited)",
				);
				GCC_VERSION = com.apple.compilers.llvm.clang.1_0;
				GCC_WARN_64_TO_32_BIT_CONVERSION = YES;
				GCC_WARN_ABOUT_RETURN_TYPE = YES;
				GCC_WARN_UNDECLARED_SELECTOR = YES;
				GCC_WARN_UNINITIALIZED_AUTOS = YES;
				GCC_WARN_UNUSED_FUNCTION = YES;
				GCC_WARN_UNUSED_VARIABLE = YES;
				IPHONEOS_DEPLOYMENT_TARGET = 5.1;
				OTHER_CFLAGS = "-DNS_BLOCK_ASSERTIONS=1";
				SDKROOT = iphoneos;
				TARGETED_DEVICE_FAMILY = "1,2";
				VALIDATE_PRODUCT = YES;
			};
			name = Release;
		};
		BF267D28151B68C6009458AE /* Debug */ = {
			isa = XCBuildConfiguration;
			buildSettings = {
				"CODE_SIGN_IDENTITY[sdk=iphoneos*]" = "iPhone Developer";
				COMPRESS_PNG_FILES = NO;
				FRAMEWORK_SEARCH_PATHS = "$(inherited)";
				GCC_PRECOMPILE_PREFIX_HEADER = YES;
				GCC_PREFIX_HEADER = "SourceIOS/EmptyReplaceMe-Prefix.pch";
				GCC_PREPROCESSOR_DEFINITIONS = (
					"DEBUG=1",
					"_DEBUG=1",
					"MYFW_IOS=1",
					"MYFW_OPENGLES2=1",
				);
				"GCC_THUMB_SUPPORT[arch=armv6]" = "";
				INFOPLIST_FILE = "SourceIOS/EmptyReplaceMe-Info.plist";
				IPHONEOS_DEPLOYMENT_TARGET = 4.3;
				LIBRARY_SEARCH_PATHS = (
					"$(inherited)",
					/Users/jameslord/Projects/ProjectEngineEmpty/bullet/lib,
				);
				PRODUCT_NAME = EmptyReplaceMe;
				"PROVISIONING_PROFILE[sdk=iphoneos*]" = "";
				TARGETED_DEVICE_FAMILY = "1,2";
				USER_HEADER_SEARCH_PATHS = "./SourceCommon . ../../bullet/src";
				WRAPPER_EXTENSION = app;
			};
			name = Debug;
		};
		BF267D29151B68C6009458AE /* Release */ = {
			isa = XCBuildConfiguration;
			buildSettings = {
				"CODE_SIGN_IDENTITY[sdk=iphoneos*]" = "iPhone Developer";
				COMPRESS_PNG_FILES = NO;
				FRAMEWORK_SEARCH_PATHS = "$(inherited)";
				GCC_PRECOMPILE_PREFIX_HEADER = YES;
				GCC_PREFIX_HEADER = "SourceIOS/EmptyReplaceMe-Prefix.pch";
				GCC_PREPROCESSOR_DEFINITIONS = (
					"MYFW_IOS=1",
					"MYFW_OPENGLES2=1",
				);
				"GCC_THUMB_SUPPORT[arch=armv6]" = "";
				INFOPLIST_FILE = "SourceIOS/EmptyReplaceMe-Info.plist";
				IPHONEOS_DEPLOYMENT_TARGET = 4.3;
				LIBRARY_SEARCH_PATHS = (
					"$(inherited)",
					/Users/jameslord/Projects/ProjectEngineEmpty/bullet/lib,
				);
				PRODUCT_NAME = EmptyReplaceMe;
				"PROVISIONING_PROFILE[sdk=iphoneos*]" = "";
				TARGETED_DEVICE_FAMILY = "1,2";
				USER_HEADER_SEARCH_PATHS = "./SourceCommon . ../../bullet/src";
				WRAPPER_EXTENSION = app;
			};
			name = Release;
		};
/* End XCBuildConfiguration section */

/* Begin XCConfigurationList section */
		BF267CF8151B68C6009458AE /* Build configuration list for PBXProject "EmptyReplaceMe" */ = {
			isa = XCConfigurationList;
			buildConfigurations = (
				BF267D25151B68C6009458AE /* Debug */,
				BF267D26151B68C6009458AE /* Release */,
			);
			defaultConfigurationIsVisible = 0;
			defaultConfigurationName = Release;
		};
		BF267D27151B68C6009458AE /* Build configuration list for PBXNativeTarget "EmptyReplaceMe" */ = {
			isa = XCConfigurationList;
			buildConfigurations = (
				BF267D28151B68C6009458AE /* Debug */,
				BF267D29151B68C6009458AE /* Release */,
			);
			defaultConfigurationIsVisible = 0;
			defaultConfigurationName = Release;
		};
/* End XCConfigurationList section */
	};
	rootObject = BF267CF5151B68C6009458AE /* Project object */;
}
