// !$*UTF8*$!
{
	archiveVersion = 1;
	classes = {
	};
	objectVersion = 46;
	objects = {

/* Begin PBXBuildFile section */
		0423ABDC1AE2FDAD00C1AE29 /* GameCommonHeader.cpp in Sources */ = {isa = PBXBuildFile; fileRef = 044C62A81ADDEB0900BABD53 /* GameCommonHeader.cpp */; };
		0423ABDD1AE2FDAD00C1AE29 /* ComponentInputTrackMousePos.cpp in Sources */ = {isa = PBXBuildFile; fileRef = 044C62AD1ADDEB0900BABD53 /* ComponentInputTrackMousePos.cpp */; };
		0423ABDE1AE2FDAD00C1AE29 /* GameEmptyReplaceMe.cpp in Sources */ = {isa = PBXBuildFile; fileRef = 044C62A61ADDEB0900BABD53 /* GameEmptyReplaceMe.cpp */; };
		0423ABDF1AE2FDAD00C1AE29 /* GameComponentTypeManager.cpp in Sources */ = {isa = PBXBuildFile; fileRef = 044C62A41ADDEB0900BABD53 /* GameComponentTypeManager.cpp */; };
		0423ABE31AE2FDAD00C1AE29 /* ComponentAIChasePlayer.cpp in Sources */ = {isa = PBXBuildFile; fileRef = 044C62AB1ADDEB0900BABD53 /* ComponentAIChasePlayer.cpp */; };
		0423ABE51AE2FDAD00C1AE29 /* AppKit.framework in Frameworks */ = {isa = PBXBuildFile; fileRef = 044C652A1ADF119C00BABD53 /* AppKit.framework */; };
		0423ABE61AE2FDAD00C1AE29 /* Cocoa.framework in Frameworks */ = {isa = PBXBuildFile; fileRef = 044C652B1ADF119C00BABD53 /* Cocoa.framework */; };
		0423ABE71AE2FDAD00C1AE29 /* CoreData.framework in Frameworks */ = {isa = PBXBuildFile; fileRef = 044C652C1ADF119C00BABD53 /* CoreData.framework */; };
		0423ABE81AE2FDAD00C1AE29 /* CoreVideo.framework in Frameworks */ = {isa = PBXBuildFile; fileRef = 044C652D1ADF119C00BABD53 /* CoreVideo.framework */; };
		0423ABEC1AE2FDAD00C1AE29 /* Foundation.framework in Frameworks */ = {isa = PBXBuildFile; fileRef = 044C64F51ADEE62F00BABD53 /* Foundation.framework */; };
		0423ABED1AE2FDAD00C1AE29 /* OpenAL.framework in Frameworks */ = {isa = PBXBuildFile; fileRef = 044C64ED1ADEE2C800BABD53 /* OpenAL.framework */; };
		0423ABEE1AE2FDAD00C1AE29 /* OpenGL.framework in Frameworks */ = {isa = PBXBuildFile; fileRef = 044C64EE1ADEE2C800BABD53 /* OpenGL.framework */; };
		0423ABF11AE2FDAD00C1AE29 /* MainMenu.xib in Resources */ = {isa = PBXBuildFile; fileRef = 044C65321ADF128600BABD53 /* MainMenu.xib */; };
		04316D351FD4916E009DCA2E /* OSXMainWx.cpp in Sources */ = {isa = PBXBuildFile; fileRef = 04316D311FD48D07009DCA2E /* OSXMainWx.cpp */; };
		044C62BA1ADDEB0900BABD53 /* GameComponentTypeManager.cpp in Sources */ = {isa = PBXBuildFile; fileRef = 044C62A41ADDEB0900BABD53 /* GameComponentTypeManager.cpp */; };
		044C62BB1ADDEB0900BABD53 /* GameEmptyReplaceMe.cpp in Sources */ = {isa = PBXBuildFile; fileRef = 044C62A61ADDEB0900BABD53 /* GameEmptyReplaceMe.cpp */; };
		044C62BC1ADDEB0900BABD53 /* GameCommonHeader.cpp in Sources */ = {isa = PBXBuildFile; fileRef = 044C62A81ADDEB0900BABD53 /* GameCommonHeader.cpp */; };
		044C62BD1ADDEB0900BABD53 /* ComponentAIChasePlayer.cpp in Sources */ = {isa = PBXBuildFile; fileRef = 044C62AB1ADDEB0900BABD53 /* ComponentAIChasePlayer.cpp */; };
		044C62BE1ADDEB0900BABD53 /* ComponentInputTrackMousePos.cpp in Sources */ = {isa = PBXBuildFile; fileRef = 044C62AD1ADDEB0900BABD53 /* ComponentInputTrackMousePos.cpp */; };
		044C62C11ADDEB0900BABD53 /* ViewController_iPad.xib in Resources */ = {isa = PBXBuildFile; fileRef = 044C62B41ADDEB0900BABD53 /* ViewController_iPad.xib */; };
		044C62C21ADDEB0900BABD53 /* ViewController_iPhone.xib in Resources */ = {isa = PBXBuildFile; fileRef = 044C62B61ADDEB0900BABD53 /* ViewController_iPhone.xib */; };
		044C62C31ADDEB0900BABD53 /* main.mm in Sources */ = {isa = PBXBuildFile; fileRef = 044C62B91ADDEB0900BABD53 /* main.mm */; };
		044C63CF1ADED2A600BABD53 /* GameCommonHeader.cpp in Sources */ = {isa = PBXBuildFile; fileRef = 044C62A81ADDEB0900BABD53 /* GameCommonHeader.cpp */; };
		044C63D01ADED2B300BABD53 /* GameComponentTypeManager.cpp in Sources */ = {isa = PBXBuildFile; fileRef = 044C62A41ADDEB0900BABD53 /* GameComponentTypeManager.cpp */; };
		044C63D11ADED2B300BABD53 /* GameEmptyReplaceMe.cpp in Sources */ = {isa = PBXBuildFile; fileRef = 044C62A61ADDEB0900BABD53 /* GameEmptyReplaceMe.cpp */; };
		044C63D21ADED2BA00BABD53 /* ComponentAIChasePlayer.cpp in Sources */ = {isa = PBXBuildFile; fileRef = 044C62AB1ADDEB0900BABD53 /* ComponentAIChasePlayer.cpp */; };
		044C63D31ADED2BA00BABD53 /* ComponentInputTrackMousePos.cpp in Sources */ = {isa = PBXBuildFile; fileRef = 044C62AD1ADDEB0900BABD53 /* ComponentInputTrackMousePos.cpp */; };
		044C64EF1ADEE2C800BABD53 /* OpenAL.framework in Frameworks */ = {isa = PBXBuildFile; fileRef = 044C64ED1ADEE2C800BABD53 /* OpenAL.framework */; };
		044C64F01ADEE2C800BABD53 /* OpenGL.framework in Frameworks */ = {isa = PBXBuildFile; fileRef = 044C64EE1ADEE2C800BABD53 /* OpenGL.framework */; };
		044C64F61ADEE62F00BABD53 /* Foundation.framework in Frameworks */ = {isa = PBXBuildFile; fileRef = 044C64F51ADEE62F00BABD53 /* Foundation.framework */; };
		044C65251ADF073100BABD53 /* AppDelegate.mm in Sources */ = {isa = PBXBuildFile; fileRef = 044C65121ADF072900BABD53 /* AppDelegate.mm */; };
		044C65261ADF073C00BABD53 /* main.m in Sources */ = {isa = PBXBuildFile; fileRef = 044C651B1ADF072A00BABD53 /* main.m */; };
		044C65271ADF075B00BABD53 /* MyOpenGLView.mm in Sources */ = {isa = PBXBuildFile; fileRef = 044C651D1ADF072A00BABD53 /* MyOpenGLView.mm */; };
		044C652E1ADF119C00BABD53 /* AppKit.framework in Frameworks */ = {isa = PBXBuildFile; fileRef = 044C652A1ADF119C00BABD53 /* AppKit.framework */; };
		044C652F1ADF119C00BABD53 /* Cocoa.framework in Frameworks */ = {isa = PBXBuildFile; fileRef = 044C652B1ADF119C00BABD53 /* Cocoa.framework */; };
		044C65301ADF119C00BABD53 /* CoreData.framework in Frameworks */ = {isa = PBXBuildFile; fileRef = 044C652C1ADF119C00BABD53 /* CoreData.framework */; };
		044C65311ADF119C00BABD53 /* CoreVideo.framework in Frameworks */ = {isa = PBXBuildFile; fileRef = 044C652D1ADF119C00BABD53 /* CoreVideo.framework */; };
		044C65341ADF129A00BABD53 /* MainMenu.xib in Resources */ = {isa = PBXBuildFile; fileRef = 044C65321ADF128600BABD53 /* MainMenu.xib */; };
		045EDF1C1A068036007912CA /* StoreKit.framework in Frameworks */ = {isa = PBXBuildFile; fileRef = 045EDF1B1A068036007912CA /* StoreKit.framework */; };
		04936F001AE3F24B00344903 /* WinMainWx.cpp in Sources */ = {isa = PBXBuildFile; fileRef = 04936EFD1AE3F24B00344903 /* WinMainWx.cpp */; };
		04A4F9A71FE5AE1E002AA24B /* Assets.xcassets in Resources */ = {isa = PBXBuildFile; fileRef = 04A4F9A61FE5AE1E002AA24B /* Assets.xcassets */; };
		04CDEC181FD24E28006D7D06 /* libwx_baseu-3.1.1.0.0.dylib in Frameworks */ = {isa = PBXBuildFile; fileRef = 04CDEC101FD24DF5006D7D06 /* libwx_baseu-3.1.1.0.0.dylib */; };
		04CDEC191FD24E28006D7D06 /* libwx_osx_cocoau_aui-3.1.1.0.0.dylib in Frameworks */ = {isa = PBXBuildFile; fileRef = 04CDEC111FD24DF5006D7D06 /* libwx_osx_cocoau_aui-3.1.1.0.0.dylib */; };
		04CDEC1A1FD24E28006D7D06 /* libwx_osx_cocoau_core-3.1.1.0.0.dylib in Frameworks */ = {isa = PBXBuildFile; fileRef = 04CDEC121FD24DF6006D7D06 /* libwx_osx_cocoau_core-3.1.1.0.0.dylib */; };
		04CDEC1B1FD24E28006D7D06 /* libwx_osx_cocoau_gl-3.1.1.0.0.dylib in Frameworks */ = {isa = PBXBuildFile; fileRef = 04CDEC131FD24DF6006D7D06 /* libwx_osx_cocoau_gl-3.1.1.0.0.dylib */; };
		04FC207F1FE4C78900120D0C /* OpenGLES.framework in Frameworks */ = {isa = PBXBuildFile; fileRef = 04FC207E1FE4C78900120D0C /* OpenGLES.framework */; };
		04FC20811FE4C79E00120D0C /* UIKit.framework in Frameworks */ = {isa = PBXBuildFile; fileRef = 04FC20801FE4C79E00120D0C /* UIKit.framework */; };
		04FC20871FE54E6700120D0C /* libBulletCollision-iOS.a in Frameworks */ = {isa = PBXBuildFile; fileRef = 04FC208D1FE54E6700120D0C /* libBulletCollision-iOS.a */; };
		04FC20881FE54E6700120D0C /* libBulletDynamics-iOS.a in Frameworks */ = {isa = PBXBuildFile; fileRef = 04FC208E1FE54E6700120D0C /* libBulletDynamics-iOS.a */; };
		04FC20891FE54E6700120D0C /* libLinearMath-iOS.a in Frameworks */ = {isa = PBXBuildFile; fileRef = 04FC208F1FE54E6700120D0C /* libLinearMath-iOS.a */; };
		04FC208A1FE54E6700120D0C /* libMyEngine-iOS.a in Frameworks */ = {isa = PBXBuildFile; fileRef = 04FC20901FE54E6700120D0C /* libMyEngine-iOS.a */; };
		04FC208B1FE54E6700120D0C /* libMyFramework-iOS.a in Frameworks */ = {isa = PBXBuildFile; fileRef = 04FC20911FE54E6700120D0C /* libMyFramework-iOS.a */; };
		04FC208C1FE54E6700120D0C /* libSharedGameCode-iOS.a in Frameworks */ = {isa = PBXBuildFile; fileRef = 04FC20921FE54E6700120D0C /* libSharedGameCode-iOS.a */; };
		04FC20931FE54E7500120D0C /* libBulletCollision-OSX.a in Frameworks */ = {isa = PBXBuildFile; fileRef = 04FC20991FE54E7500120D0C /* libBulletCollision-OSX.a */; };
		04FC20941FE54E7500120D0C /* libBulletDynamics-OSX.a in Frameworks */ = {isa = PBXBuildFile; fileRef = 04FC209A1FE54E7500120D0C /* libBulletDynamics-OSX.a */; };
		04FC20951FE54E7500120D0C /* libLinearMath-OSX.a in Frameworks */ = {isa = PBXBuildFile; fileRef = 04FC209B1FE54E7500120D0C /* libLinearMath-OSX.a */; };
		04FC20961FE54E7500120D0C /* libMyEngine-OSX.a in Frameworks */ = {isa = PBXBuildFile; fileRef = 04FC209C1FE54E7500120D0C /* libMyEngine-OSX.a */; };
		04FC20971FE54E7500120D0C /* libMyFramework-OSX.a in Frameworks */ = {isa = PBXBuildFile; fileRef = 04FC209D1FE54E7500120D0C /* libMyFramework-OSX.a */; };
		04FC20981FE54E7500120D0C /* libSharedGameCode-OSX.a in Frameworks */ = {isa = PBXBuildFile; fileRef = 04FC209E1FE54E7500120D0C /* libSharedGameCode-OSX.a */; };
		04FC20A21FE54E8500120D0C /* libMyEngine-wx.a in Frameworks */ = {isa = PBXBuildFile; fileRef = 04FC20A81FE54E8500120D0C /* libMyEngine-wx.a */; };
		04FC20A31FE54E8500120D0C /* libMyFramework-wx.a in Frameworks */ = {isa = PBXBuildFile; fileRef = 04FC20A91FE54E8500120D0C /* libMyFramework-wx.a */; };
		04FC20A41FE54E8500120D0C /* libSharedGameCode-wx.a in Frameworks */ = {isa = PBXBuildFile; fileRef = 04FC20AA1FE54E8500120D0C /* libSharedGameCode-wx.a */; };
		04FC20AB1FE54EBC00120D0C /* libBulletCollision-OSX.a in Frameworks */ = {isa = PBXBuildFile; fileRef = 04FC20991FE54E7500120D0C /* libBulletCollision-OSX.a */; };
		04FC20AC1FE54EBC00120D0C /* libBulletDynamics-OSX.a in Frameworks */ = {isa = PBXBuildFile; fileRef = 04FC209A1FE54E7500120D0C /* libBulletDynamics-OSX.a */; };
		04FC20AD1FE54EBC00120D0C /* libLinearMath-OSX.a in Frameworks */ = {isa = PBXBuildFile; fileRef = 04FC209B1FE54E7500120D0C /* libLinearMath-OSX.a */; };
		A11DC47B160D2EC1006C837D /* AudioToolbox.framework in Frameworks */ = {isa = PBXBuildFile; fileRef = A11DC478160D2EC1006C837D /* AudioToolbox.framework */; };
		A11DC47C160D2EC1006C837D /* AVFoundation.framework in Frameworks */ = {isa = PBXBuildFile; fileRef = A11DC479160D2EC1006C837D /* AVFoundation.framework */; };
		A11DC47D160D2EC1006C837D /* GameKit.framework in Frameworks */ = {isa = PBXBuildFile; fileRef = A11DC47A160D2EC1006C837D /* GameKit.framework */; };
		BF267D05151B68C6009458AE /* Foundation.framework in Frameworks */ = {isa = PBXBuildFile; fileRef = BF267D04151B68C6009458AE /* Foundation.framework */; };
		BF267D07151B68C6009458AE /* CoreGraphics.framework in Frameworks */ = {isa = PBXBuildFile; fileRef = BF267D06151B68C6009458AE /* CoreGraphics.framework */; };
		BF267D09151B68C6009458AE /* GLKit.framework in Frameworks */ = {isa = PBXBuildFile; fileRef = BF267D08151B68C6009458AE /* GLKit.framework */; };
		BF27F4BA1529E957000F8A5F /* OpenAL.framework in Frameworks */ = {isa = PBXBuildFile; fileRef = BF27F4B91529E957000F8A5F /* OpenAL.framework */; };
/* End PBXBuildFile section */

/* Begin PBXFileReference section */
		0423ABF51AE2FDAD00C1AE29 /* EmptyReplaceMe-wx.app */ = {isa = PBXFileReference; explicitFileType = wrapper.application; includeInIndex = 0; path = "EmptyReplaceMe-wx.app"; sourceTree = BUILT_PRODUCTS_DIR; };
		0423ABF71AE2FEBD00C1AE29 /* Info-wx.plist */ = {isa = PBXFileReference; fileEncoding = 4; lastKnownFileType = text.plist.xml; path = "Info-wx.plist"; sourceTree = "<group>"; };
		04316D311FD48D07009DCA2E /* OSXMainWx.cpp */ = {isa = PBXFileReference; fileEncoding = 4; lastKnownFileType = sourcecode.cpp.cpp; path = OSXMainWx.cpp; sourceTree = "<group>"; };
		04316D321FD48D07009DCA2E /* OSXMainWx.h */ = {isa = PBXFileReference; fileEncoding = 4; lastKnownFileType = sourcecode.c.h; path = OSXMainWx.h; sourceTree = "<group>"; };
		044C62A01ADDEAEE00BABD53 /* Data */ = {isa = PBXFileReference; lastKnownFileType = folder; path = Data; sourceTree = "<group>"; };
		044C62A41ADDEB0900BABD53 /* GameComponentTypeManager.cpp */ = {isa = PBXFileReference; fileEncoding = 4; lastKnownFileType = sourcecode.cpp.cpp; path = GameComponentTypeManager.cpp; sourceTree = "<group>"; };
		044C62A51ADDEB0900BABD53 /* GameComponentTypeManager.h */ = {isa = PBXFileReference; fileEncoding = 4; lastKnownFileType = sourcecode.c.h; path = GameComponentTypeManager.h; sourceTree = "<group>"; };
		044C62A61ADDEB0900BABD53 /* GameEmptyReplaceMe.cpp */ = {isa = PBXFileReference; fileEncoding = 4; lastKnownFileType = sourcecode.cpp.cpp; path = GameEmptyReplaceMe.cpp; sourceTree = "<group>"; };
		044C62A71ADDEB0900BABD53 /* GameEmptyReplaceMe.h */ = {isa = PBXFileReference; fileEncoding = 4; lastKnownFileType = sourcecode.c.h; path = GameEmptyReplaceMe.h; sourceTree = "<group>"; };
		044C62A81ADDEB0900BABD53 /* GameCommonHeader.cpp */ = {isa = PBXFileReference; fileEncoding = 4; lastKnownFileType = sourcecode.cpp.cpp; path = GameCommonHeader.cpp; sourceTree = "<group>"; };
		044C62A91ADDEB0900BABD53 /* GameCommonHeader.h */ = {isa = PBXFileReference; fileEncoding = 4; lastKnownFileType = sourcecode.c.h; path = GameCommonHeader.h; sourceTree = "<group>"; };
		044C62AB1ADDEB0900BABD53 /* ComponentAIChasePlayer.cpp */ = {isa = PBXFileReference; fileEncoding = 4; lastKnownFileType = sourcecode.cpp.cpp; path = ComponentAIChasePlayer.cpp; sourceTree = "<group>"; };
		044C62AC1ADDEB0900BABD53 /* ComponentAIChasePlayer.h */ = {isa = PBXFileReference; fileEncoding = 4; lastKnownFileType = sourcecode.c.h; path = ComponentAIChasePlayer.h; sourceTree = "<group>"; };
		044C62AD1ADDEB0900BABD53 /* ComponentInputTrackMousePos.cpp */ = {isa = PBXFileReference; fileEncoding = 4; lastKnownFileType = sourcecode.cpp.cpp; path = ComponentInputTrackMousePos.cpp; sourceTree = "<group>"; };
		044C62AE1ADDEB0900BABD53 /* ComponentInputTrackMousePos.h */ = {isa = PBXFileReference; fileEncoding = 4; lastKnownFileType = sourcecode.c.h; path = ComponentInputTrackMousePos.h; sourceTree = "<group>"; };
		044C62B51ADDEB0900BABD53 /* en */ = {isa = PBXFileReference; lastKnownFileType = file.xib; name = en; path = en.lproj/ViewController_iPad.xib; sourceTree = "<group>"; };
		044C62B71ADDEB0900BABD53 /* en */ = {isa = PBXFileReference; lastKnownFileType = file.xib; name = en; path = en.lproj/ViewController_iPhone.xib; sourceTree = "<group>"; };
		044C62B81ADDEB0900BABD53 /* main.h */ = {isa = PBXFileReference; fileEncoding = 4; lastKnownFileType = sourcecode.c.h; path = main.h; sourceTree = "<group>"; };
		044C62B91ADDEB0900BABD53 /* main.mm */ = {isa = PBXFileReference; fileEncoding = 4; lastKnownFileType = sourcecode.cpp.objcpp; path = main.mm; sourceTree = "<group>"; };
		044C63AF1ADED17300BABD53 /* EmptyReplaceMe-OSX.app */ = {isa = PBXFileReference; explicitFileType = wrapper.application; includeInIndex = 0; path = "EmptyReplaceMe-OSX.app"; sourceTree = BUILT_PRODUCTS_DIR; };
		044C64ED1ADEE2C800BABD53 /* OpenAL.framework */ = {isa = PBXFileReference; lastKnownFileType = wrapper.framework; name = OpenAL.framework; path = Platforms/MacOSX.platform/Developer/SDKs/MacOSX10.10.sdk/System/Library/Frameworks/OpenAL.framework; sourceTree = DEVELOPER_DIR; };
		044C64EE1ADEE2C800BABD53 /* OpenGL.framework */ = {isa = PBXFileReference; lastKnownFileType = wrapper.framework; name = OpenGL.framework; path = Platforms/MacOSX.platform/Developer/SDKs/MacOSX10.10.sdk/System/Library/Frameworks/OpenGL.framework; sourceTree = DEVELOPER_DIR; };
		044C64F51ADEE62F00BABD53 /* Foundation.framework */ = {isa = PBXFileReference; lastKnownFileType = wrapper.framework; name = Foundation.framework; path = Platforms/MacOSX.platform/Developer/SDKs/MacOSX10.10.sdk/System/Library/Frameworks/Foundation.framework; sourceTree = DEVELOPER_DIR; };
		044C65111ADF072900BABD53 /* AppDelegate.h */ = {isa = PBXFileReference; fileEncoding = 4; lastKnownFileType = sourcecode.c.h; path = AppDelegate.h; sourceTree = "<group>"; };
		044C65121ADF072900BABD53 /* AppDelegate.mm */ = {isa = PBXFileReference; fileEncoding = 4; lastKnownFileType = sourcecode.cpp.objcpp; path = AppDelegate.mm; sourceTree = "<group>"; };
		044C651B1ADF072A00BABD53 /* main.m */ = {isa = PBXFileReference; fileEncoding = 4; lastKnownFileType = sourcecode.c.objc; path = main.m; sourceTree = "<group>"; };
		044C651C1ADF072A00BABD53 /* MyOpenGLView.h */ = {isa = PBXFileReference; fileEncoding = 4; lastKnownFileType = sourcecode.c.h; path = MyOpenGLView.h; sourceTree = "<group>"; };
		044C651D1ADF072A00BABD53 /* MyOpenGLView.mm */ = {isa = PBXFileReference; fileEncoding = 4; lastKnownFileType = sourcecode.cpp.objcpp; path = MyOpenGLView.mm; sourceTree = "<group>"; };
		044C65281ADF095600BABD53 /* Info.plist */ = {isa = PBXFileReference; fileEncoding = 4; lastKnownFileType = text.plist.xml; path = Info.plist; sourceTree = "<group>"; };
		044C652A1ADF119C00BABD53 /* AppKit.framework */ = {isa = PBXFileReference; lastKnownFileType = wrapper.framework; name = AppKit.framework; path = Platforms/MacOSX.platform/Developer/SDKs/MacOSX10.10.sdk/System/Library/Frameworks/AppKit.framework; sourceTree = DEVELOPER_DIR; };
		044C652B1ADF119C00BABD53 /* Cocoa.framework */ = {isa = PBXFileReference; lastKnownFileType = wrapper.framework; name = Cocoa.framework; path = Platforms/MacOSX.platform/Developer/SDKs/MacOSX10.10.sdk/System/Library/Frameworks/Cocoa.framework; sourceTree = DEVELOPER_DIR; };
		044C652C1ADF119C00BABD53 /* CoreData.framework */ = {isa = PBXFileReference; lastKnownFileType = wrapper.framework; name = CoreData.framework; path = Platforms/MacOSX.platform/Developer/SDKs/MacOSX10.10.sdk/System/Library/Frameworks/CoreData.framework; sourceTree = DEVELOPER_DIR; };
		044C652D1ADF119C00BABD53 /* CoreVideo.framework */ = {isa = PBXFileReference; lastKnownFileType = wrapper.framework; name = CoreVideo.framework; path = Platforms/MacOSX.platform/Developer/SDKs/MacOSX10.10.sdk/System/Library/Frameworks/CoreVideo.framework; sourceTree = DEVELOPER_DIR; };
		044C65321ADF128600BABD53 /* MainMenu.xib */ = {isa = PBXFileReference; fileEncoding = 4; lastKnownFileType = file.xib; path = MainMenu.xib; sourceTree = "<group>"; };
		045EDF1B1A068036007912CA /* StoreKit.framework */ = {isa = PBXFileReference; lastKnownFileType = wrapper.framework; name = StoreKit.framework; path = Platforms/iPhoneOS.platform/Developer/SDKs/iPhoneOS.sdk/System/Library/Frameworks/StoreKit.framework; sourceTree = DEVELOPER_DIR; };
		04936EFB1AE3F24B00344903 /* WinMain.cpp */ = {isa = PBXFileReference; fileEncoding = 4; lastKnownFileType = sourcecode.cpp.cpp; path = WinMain.cpp; sourceTree = "<group>"; };
		04936EFC1AE3F24B00344903 /* WinMain.h */ = {isa = PBXFileReference; fileEncoding = 4; lastKnownFileType = sourcecode.c.h; path = WinMain.h; sourceTree = "<group>"; };
		04936EFD1AE3F24B00344903 /* WinMainWx.cpp */ = {isa = PBXFileReference; fileEncoding = 4; lastKnownFileType = sourcecode.cpp.cpp; path = WinMainWx.cpp; sourceTree = "<group>"; };
		04936EFE1AE3F24B00344903 /* WinMainWx.h */ = {isa = PBXFileReference; fileEncoding = 4; lastKnownFileType = sourcecode.c.h; path = WinMainWx.h; sourceTree = "<group>"; };
		04A4F9A61FE5AE1E002AA24B /* Assets.xcassets */ = {isa = PBXFileReference; lastKnownFileType = folder.assetcatalog; path = Assets.xcassets; sourceTree = "<group>"; };
		04B5E81F1B0EB2E000A58A64 /* DataEngine */ = {isa = PBXFileReference; lastKnownFileType = folder; name = DataEngine; path = ../../Engine/DataEngine; sourceTree = "<group>"; };
		04CDEC101FD24DF5006D7D06 /* libwx_baseu-3.1.1.0.0.dylib */ = {isa = PBXFileReference; lastKnownFileType = "compiled.mach-o.dylib"; name = "libwx_baseu-3.1.1.0.0.dylib"; path = "../../Framework/Libraries/wxWidgets/build-cocoa-debug/lib/libwx_baseu-3.1.1.0.0.dylib"; sourceTree = "<group>"; };
		04CDEC111FD24DF5006D7D06 /* libwx_osx_cocoau_aui-3.1.1.0.0.dylib */ = {isa = PBXFileReference; lastKnownFileType = "compiled.mach-o.dylib"; name = "libwx_osx_cocoau_aui-3.1.1.0.0.dylib"; path = "../../Framework/Libraries/wxWidgets/build-cocoa-debug/lib/libwx_osx_cocoau_aui-3.1.1.0.0.dylib"; sourceTree = "<group>"; };
		04CDEC121FD24DF6006D7D06 /* libwx_osx_cocoau_core-3.1.1.0.0.dylib */ = {isa = PBXFileReference; lastKnownFileType = "compiled.mach-o.dylib"; name = "libwx_osx_cocoau_core-3.1.1.0.0.dylib"; path = "../../Framework/Libraries/wxWidgets/build-cocoa-debug/lib/libwx_osx_cocoau_core-3.1.1.0.0.dylib"; sourceTree = "<group>"; };
		04CDEC131FD24DF6006D7D06 /* libwx_osx_cocoau_gl-3.1.1.0.0.dylib */ = {isa = PBXFileReference; lastKnownFileType = "compiled.mach-o.dylib"; name = "libwx_osx_cocoau_gl-3.1.1.0.0.dylib"; path = "../../Framework/Libraries/wxWidgets/build-cocoa-debug/lib/libwx_osx_cocoau_gl-3.1.1.0.0.dylib"; sourceTree = "<group>"; };
		04FC207C1FE4C71C00120D0C /* Info.plist */ = {isa = PBXFileReference; fileEncoding = 4; lastKnownFileType = text.plist.xml; path = Info.plist; sourceTree = "<group>"; };
		04FC207E1FE4C78900120D0C /* OpenGLES.framework */ = {isa = PBXFileReference; lastKnownFileType = wrapper.framework; name = OpenGLES.framework; path = Platforms/iPhoneOS.platform/Developer/SDKs/iPhoneOS11.2.sdk/System/Library/Frameworks/OpenGLES.framework; sourceTree = DEVELOPER_DIR; };
		04FC20801FE4C79E00120D0C /* UIKit.framework */ = {isa = PBXFileReference; lastKnownFileType = wrapper.framework; name = UIKit.framework; path = Platforms/iPhoneOS.platform/Developer/SDKs/iPhoneOS11.2.sdk/System/Library/Frameworks/UIKit.framework; sourceTree = DEVELOPER_DIR; };
		04FC208D1FE54E6700120D0C /* libBulletCollision-iOS.a */ = {isa = PBXFileReference; explicitFileType = archive.ar; path = "libBulletCollision-iOS.a"; sourceTree = BUILT_PRODUCTS_DIR; };
		04FC208E1FE54E6700120D0C /* libBulletDynamics-iOS.a */ = {isa = PBXFileReference; explicitFileType = archive.ar; path = "libBulletDynamics-iOS.a"; sourceTree = BUILT_PRODUCTS_DIR; };
		04FC208F1FE54E6700120D0C /* libLinearMath-iOS.a */ = {isa = PBXFileReference; explicitFileType = archive.ar; path = "libLinearMath-iOS.a"; sourceTree = BUILT_PRODUCTS_DIR; };
		04FC20901FE54E6700120D0C /* libMyEngine-iOS.a */ = {isa = PBXFileReference; explicitFileType = archive.ar; path = "libMyEngine-iOS.a"; sourceTree = BUILT_PRODUCTS_DIR; };
		04FC20911FE54E6700120D0C /* libMyFramework-iOS.a */ = {isa = PBXFileReference; explicitFileType = archive.ar; path = "libMyFramework-iOS.a"; sourceTree = BUILT_PRODUCTS_DIR; };
		04FC20921FE54E6700120D0C /* libSharedGameCode-iOS.a */ = {isa = PBXFileReference; explicitFileType = archive.ar; path = "libSharedGameCode-iOS.a"; sourceTree = BUILT_PRODUCTS_DIR; };
		04FC20991FE54E7500120D0C /* libBulletCollision-OSX.a */ = {isa = PBXFileReference; explicitFileType = archive.ar; path = "libBulletCollision-OSX.a"; sourceTree = BUILT_PRODUCTS_DIR; };
		04FC209A1FE54E7500120D0C /* libBulletDynamics-OSX.a */ = {isa = PBXFileReference; explicitFileType = archive.ar; path = "libBulletDynamics-OSX.a"; sourceTree = BUILT_PRODUCTS_DIR; };
		04FC209B1FE54E7500120D0C /* libLinearMath-OSX.a */ = {isa = PBXFileReference; explicitFileType = archive.ar; path = "libLinearMath-OSX.a"; sourceTree = BUILT_PRODUCTS_DIR; };
		04FC209C1FE54E7500120D0C /* libMyEngine-OSX.a */ = {isa = PBXFileReference; explicitFileType = archive.ar; path = "libMyEngine-OSX.a"; sourceTree = BUILT_PRODUCTS_DIR; };
		04FC209D1FE54E7500120D0C /* libMyFramework-OSX.a */ = {isa = PBXFileReference; explicitFileType = archive.ar; path = "libMyFramework-OSX.a"; sourceTree = BUILT_PRODUCTS_DIR; };
		04FC209E1FE54E7500120D0C /* libSharedGameCode-OSX.a */ = {isa = PBXFileReference; explicitFileType = archive.ar; path = "libSharedGameCode-OSX.a"; sourceTree = BUILT_PRODUCTS_DIR; };
		04FC20A81FE54E8500120D0C /* libMyEngine-wx.a */ = {isa = PBXFileReference; explicitFileType = archive.ar; path = "libMyEngine-wx.a"; sourceTree = BUILT_PRODUCTS_DIR; };
		04FC20A91FE54E8500120D0C /* libMyFramework-wx.a */ = {isa = PBXFileReference; explicitFileType = archive.ar; path = "libMyFramework-wx.a"; sourceTree = BUILT_PRODUCTS_DIR; };
		04FC20AA1FE54E8500120D0C /* libSharedGameCode-wx.a */ = {isa = PBXFileReference; explicitFileType = archive.ar; path = "libSharedGameCode-wx.a"; sourceTree = BUILT_PRODUCTS_DIR; };
		A11DC478160D2EC1006C837D /* AudioToolbox.framework */ = {isa = PBXFileReference; lastKnownFileType = wrapper.framework; name = AudioToolbox.framework; path = System/Library/Frameworks/AudioToolbox.framework; sourceTree = SDKROOT; };
		A11DC479160D2EC1006C837D /* AVFoundation.framework */ = {isa = PBXFileReference; lastKnownFileType = wrapper.framework; name = AVFoundation.framework; path = System/Library/Frameworks/AVFoundation.framework; sourceTree = SDKROOT; };
		A11DC47A160D2EC1006C837D /* GameKit.framework */ = {isa = PBXFileReference; lastKnownFileType = wrapper.framework; name = GameKit.framework; path = System/Library/Frameworks/GameKit.framework; sourceTree = SDKROOT; };
		BF267CFE151B68C6009458AE /* EmptyReplaceMe-iOS.app */ = {isa = PBXFileReference; explicitFileType = wrapper.application; includeInIndex = 0; path = "EmptyReplaceMe-iOS.app"; sourceTree = BUILT_PRODUCTS_DIR; };
		BF267D04151B68C6009458AE /* Foundation.framework */ = {isa = PBXFileReference; lastKnownFileType = wrapper.framework; name = Foundation.framework; path = System/Library/Frameworks/Foundation.framework; sourceTree = SDKROOT; };
		BF267D06151B68C6009458AE /* CoreGraphics.framework */ = {isa = PBXFileReference; lastKnownFileType = wrapper.framework; name = CoreGraphics.framework; path = System/Library/Frameworks/CoreGraphics.framework; sourceTree = SDKROOT; };
		BF267D08151B68C6009458AE /* GLKit.framework */ = {isa = PBXFileReference; lastKnownFileType = wrapper.framework; name = GLKit.framework; path = System/Library/Frameworks/GLKit.framework; sourceTree = SDKROOT; };
		BF27F4B91529E957000F8A5F /* OpenAL.framework */ = {isa = PBXFileReference; lastKnownFileType = wrapper.framework; name = OpenAL.framework; path = System/Library/Frameworks/OpenAL.framework; sourceTree = SDKROOT; };
/* End PBXFileReference section */

/* Begin PBXFrameworksBuildPhase section */
		0423ABE41AE2FDAD00C1AE29 /* Frameworks */ = {
			isa = PBXFrameworksBuildPhase;
			buildActionMask = 2147483647;
			files = (
				04FC20A21FE54E8500120D0C /* libMyEngine-wx.a in Frameworks */,
				04FC20A31FE54E8500120D0C /* libMyFramework-wx.a in Frameworks */,
				04FC20A41FE54E8500120D0C /* libSharedGameCode-wx.a in Frameworks */,
				04FC20AB1FE54EBC00120D0C /* libBulletCollision-OSX.a in Frameworks */,
				04FC20AC1FE54EBC00120D0C /* libBulletDynamics-OSX.a in Frameworks */,
				0423ABE51AE2FDAD00C1AE29 /* AppKit.framework in Frameworks */,
				04CDEC1A1FD24E28006D7D06 /* libwx_osx_cocoau_core-3.1.1.0.0.dylib in Frameworks */,
				04CDEC1B1FD24E28006D7D06 /* libwx_osx_cocoau_gl-3.1.1.0.0.dylib in Frameworks */,
				04CDEC191FD24E28006D7D06 /* libwx_osx_cocoau_aui-3.1.1.0.0.dylib in Frameworks */,
				04FC20AD1FE54EBC00120D0C /* libLinearMath-OSX.a in Frameworks */,
				04CDEC181FD24E28006D7D06 /* libwx_baseu-3.1.1.0.0.dylib in Frameworks */,
				0423ABE61AE2FDAD00C1AE29 /* Cocoa.framework in Frameworks */,
				0423ABE71AE2FDAD00C1AE29 /* CoreData.framework in Frameworks */,
				0423ABE81AE2FDAD00C1AE29 /* CoreVideo.framework in Frameworks */,
				0423ABEC1AE2FDAD00C1AE29 /* Foundation.framework in Frameworks */,
				0423ABED1AE2FDAD00C1AE29 /* OpenAL.framework in Frameworks */,
				0423ABEE1AE2FDAD00C1AE29 /* OpenGL.framework in Frameworks */,
			);
			runOnlyForDeploymentPostprocessing = 0;
		};
		044C63AC1ADED17300BABD53 /* Frameworks */ = {
			isa = PBXFrameworksBuildPhase;
			buildActionMask = 2147483647;
			files = (
				04FC20931FE54E7500120D0C /* libBulletCollision-OSX.a in Frameworks */,
				04FC20941FE54E7500120D0C /* libBulletDynamics-OSX.a in Frameworks */,
				04FC20951FE54E7500120D0C /* libLinearMath-OSX.a in Frameworks */,
				04FC20961FE54E7500120D0C /* libMyEngine-OSX.a in Frameworks */,
				04FC20971FE54E7500120D0C /* libMyFramework-OSX.a in Frameworks */,
				04FC20981FE54E7500120D0C /* libSharedGameCode-OSX.a in Frameworks */,
				044C652E1ADF119C00BABD53 /* AppKit.framework in Frameworks */,
				044C652F1ADF119C00BABD53 /* Cocoa.framework in Frameworks */,
				044C65301ADF119C00BABD53 /* CoreData.framework in Frameworks */,
				044C65311ADF119C00BABD53 /* CoreVideo.framework in Frameworks */,
				044C64F61ADEE62F00BABD53 /* Foundation.framework in Frameworks */,
				044C64EF1ADEE2C800BABD53 /* OpenAL.framework in Frameworks */,
				044C64F01ADEE2C800BABD53 /* OpenGL.framework in Frameworks */,
			);
			runOnlyForDeploymentPostprocessing = 0;
		};
		BF267CFB151B68C6009458AE /* Frameworks */ = {
			isa = PBXFrameworksBuildPhase;
			buildActionMask = 2147483647;
			files = (
				04FC20871FE54E6700120D0C /* libBulletCollision-iOS.a in Frameworks */,
				04FC20881FE54E6700120D0C /* libBulletDynamics-iOS.a in Frameworks */,
				04FC20891FE54E6700120D0C /* libLinearMath-iOS.a in Frameworks */,
				04FC208A1FE54E6700120D0C /* libMyEngine-iOS.a in Frameworks */,
				04FC208B1FE54E6700120D0C /* libMyFramework-iOS.a in Frameworks */,
				04FC208C1FE54E6700120D0C /* libSharedGameCode-iOS.a in Frameworks */,
				04FC20811FE4C79E00120D0C /* UIKit.framework in Frameworks */,
				BF267D05151B68C6009458AE /* Foundation.framework in Frameworks */,
				BF267D07151B68C6009458AE /* CoreGraphics.framework in Frameworks */,
				BF267D09151B68C6009458AE /* GLKit.framework in Frameworks */,
				04FC207F1FE4C78900120D0C /* OpenGLES.framework in Frameworks */,
				BF27F4BA1529E957000F8A5F /* OpenAL.framework in Frameworks */,
				A11DC47B160D2EC1006C837D /* AudioToolbox.framework in Frameworks */,
				A11DC47C160D2EC1006C837D /* AVFoundation.framework in Frameworks */,
				A11DC47D160D2EC1006C837D /* GameKit.framework in Frameworks */,
				045EDF1C1A068036007912CA /* StoreKit.framework in Frameworks */,
			);
			runOnlyForDeploymentPostprocessing = 0;
		};
/* End PBXFrameworksBuildPhase section */

/* Begin PBXGroup section */
		044C62A21ADDEB0900BABD53 /* SourceCommon */ = {
			isa = PBXGroup;
			children = (
				044C62A31ADDEB0900BABD53 /* Core */,
				044C62A81ADDEB0900BABD53 /* GameCommonHeader.cpp */,
				044C62A91ADDEB0900BABD53 /* GameCommonHeader.h */,
				044C62AA1ADDEB0900BABD53 /* GameComponents */,
			);
			path = SourceCommon;
			sourceTree = "<group>";
		};
		044C62A31ADDEB0900BABD53 /* Core */ = {
			isa = PBXGroup;
			children = (
				044C62A41ADDEB0900BABD53 /* GameComponentTypeManager.cpp */,
				044C62A51ADDEB0900BABD53 /* GameComponentTypeManager.h */,
				044C62A61ADDEB0900BABD53 /* GameEmptyReplaceMe.cpp */,
				044C62A71ADDEB0900BABD53 /* GameEmptyReplaceMe.h */,
			);
			path = Core;
			sourceTree = "<group>";
		};
		044C62AA1ADDEB0900BABD53 /* GameComponents */ = {
			isa = PBXGroup;
			children = (
				044C62AB1ADDEB0900BABD53 /* ComponentAIChasePlayer.cpp */,
				044C62AC1ADDEB0900BABD53 /* ComponentAIChasePlayer.h */,
				044C62AD1ADDEB0900BABD53 /* ComponentInputTrackMousePos.cpp */,
				044C62AE1ADDEB0900BABD53 /* ComponentInputTrackMousePos.h */,
			);
			path = GameComponents;
			sourceTree = "<group>";
		};
		044C62AF1ADDEB0900BABD53 /* SourceIOS */ = {
			isa = PBXGroup;
			children = (
				04FC207C1FE4C71C00120D0C /* Info.plist */,
				044C62B41ADDEB0900BABD53 /* ViewController_iPad.xib */,
				044C62B61ADDEB0900BABD53 /* ViewController_iPhone.xib */,
				044C62B81ADDEB0900BABD53 /* main.h */,
				044C62B91ADDEB0900BABD53 /* main.mm */,
			);
			path = SourceIOS;
			sourceTree = "<group>";
		};
		044C65101ADF072900BABD53 /* SourceOSX */ = {
			isa = PBXGroup;
			children = (
				04316D311FD48D07009DCA2E /* OSXMainWx.cpp */,
				04316D321FD48D07009DCA2E /* OSXMainWx.h */,
				044C65321ADF128600BABD53 /* MainMenu.xib */,
				044C65281ADF095600BABD53 /* Info.plist */,
				0423ABF71AE2FEBD00C1AE29 /* Info-wx.plist */,
				044C65111ADF072900BABD53 /* AppDelegate.h */,
				044C65121ADF072900BABD53 /* AppDelegate.mm */,
				044C651B1ADF072A00BABD53 /* main.m */,
				044C651C1ADF072A00BABD53 /* MyOpenGLView.h */,
				044C651D1ADF072A00BABD53 /* MyOpenGLView.mm */,
			);
			path = SourceOSX;
			sourceTree = "<group>";
		};
		04936EFA1AE3F24B00344903 /* SourceWindows */ = {
			isa = PBXGroup;
			children = (
				04936EFB1AE3F24B00344903 /* WinMain.cpp */,
				04936EFC1AE3F24B00344903 /* WinMain.h */,
				04936EFD1AE3F24B00344903 /* WinMainWx.cpp */,
				04936EFE1AE3F24B00344903 /* WinMainWx.h */,
			);
			path = SourceWindows;
			sourceTree = "<group>";
		};
		BF267CF3151B68C6009458AE = {
			isa = PBXGroup;
			children = (
				04A4F9A61FE5AE1E002AA24B /* Assets.xcassets */,
				04B5E81F1B0EB2E000A58A64 /* DataEngine */,
				044C62A01ADDEAEE00BABD53 /* Data */,
				044C62A21ADDEB0900BABD53 /* SourceCommon */,
				044C62AF1ADDEB0900BABD53 /* SourceIOS */,
				044C65101ADF072900BABD53 /* SourceOSX */,
				04936EFA1AE3F24B00344903 /* SourceWindows */,
				BF267D01151B68C6009458AE /* Frameworks */,
				BF267CFF151B68C6009458AE /* Products */,
			);
			sourceTree = "<group>";
		};
		BF267CFF151B68C6009458AE /* Products */ = {
			isa = PBXGroup;
			children = (
				BF267CFE151B68C6009458AE /* EmptyReplaceMe-iOS.app */,
				044C63AF1ADED17300BABD53 /* EmptyReplaceMe-OSX.app */,
				0423ABF51AE2FDAD00C1AE29 /* EmptyReplaceMe-wx.app */,
			);
			name = Products;
			sourceTree = "<group>";
		};
		BF267D01151B68C6009458AE /* Frameworks */ = {
			isa = PBXGroup;
			children = (
				04FC20A81FE54E8500120D0C /* libMyEngine-wx.a */,
				04FC20A91FE54E8500120D0C /* libMyFramework-wx.a */,
				04FC20AA1FE54E8500120D0C /* libSharedGameCode-wx.a */,
				04FC20991FE54E7500120D0C /* libBulletCollision-OSX.a */,
				04FC209A1FE54E7500120D0C /* libBulletDynamics-OSX.a */,
				04FC209B1FE54E7500120D0C /* libLinearMath-OSX.a */,
				04FC209C1FE54E7500120D0C /* libMyEngine-OSX.a */,
				04FC209D1FE54E7500120D0C /* libMyFramework-OSX.a */,
				04FC209E1FE54E7500120D0C /* libSharedGameCode-OSX.a */,
				04FC208D1FE54E6700120D0C /* libBulletCollision-iOS.a */,
				04FC208E1FE54E6700120D0C /* libBulletDynamics-iOS.a */,
				04FC208F1FE54E6700120D0C /* libLinearMath-iOS.a */,
				04FC20901FE54E6700120D0C /* libMyEngine-iOS.a */,
				04FC20911FE54E6700120D0C /* libMyFramework-iOS.a */,
				04FC20921FE54E6700120D0C /* libSharedGameCode-iOS.a */,
				04FC20801FE4C79E00120D0C /* UIKit.framework */,
				04FC207E1FE4C78900120D0C /* OpenGLES.framework */,
				04CDEC101FD24DF5006D7D06 /* libwx_baseu-3.1.1.0.0.dylib */,
				04CDEC111FD24DF5006D7D06 /* libwx_osx_cocoau_aui-3.1.1.0.0.dylib */,
				04CDEC121FD24DF6006D7D06 /* libwx_osx_cocoau_core-3.1.1.0.0.dylib */,
				04CDEC131FD24DF6006D7D06 /* libwx_osx_cocoau_gl-3.1.1.0.0.dylib */,
				044C652A1ADF119C00BABD53 /* AppKit.framework */,
				044C652B1ADF119C00BABD53 /* Cocoa.framework */,
				044C652C1ADF119C00BABD53 /* CoreData.framework */,
				044C652D1ADF119C00BABD53 /* CoreVideo.framework */,
				044C64F51ADEE62F00BABD53 /* Foundation.framework */,
				044C64ED1ADEE2C800BABD53 /* OpenAL.framework */,
				044C64EE1ADEE2C800BABD53 /* OpenGL.framework */,
				045EDF1B1A068036007912CA /* StoreKit.framework */,
				A11DC478160D2EC1006C837D /* AudioToolbox.framework */,
				A11DC479160D2EC1006C837D /* AVFoundation.framework */,
				A11DC47A160D2EC1006C837D /* GameKit.framework */,
				BF27F4B91529E957000F8A5F /* OpenAL.framework */,
				BF267D04151B68C6009458AE /* Foundation.framework */,
				BF267D06151B68C6009458AE /* CoreGraphics.framework */,
				BF267D08151B68C6009458AE /* GLKit.framework */,
			);
			name = Frameworks;
			sourceTree = "<group>";
		};
/* End PBXGroup section */

/* Begin PBXNativeTarget section */
		0423ABDA1AE2FDAD00C1AE29 /* EmptyReplaceMe-wx */ = {
			isa = PBXNativeTarget;
			buildConfigurationList = 0423ABF21AE2FDAD00C1AE29 /* Build configuration list for PBXNativeTarget "EmptyReplaceMe-wx" */;
			buildPhases = (
				0423ABDB1AE2FDAD00C1AE29 /* Sources */,
				0423ABE41AE2FDAD00C1AE29 /* Frameworks */,
				0423ABEF1AE2FDAD00C1AE29 /* Resources */,
			);
			buildRules = (
			);
			dependencies = (
			);
			name = "EmptyReplaceMe-wx";
			productName = "EmptyReplaceMe-wx";
			productReference = 0423ABF51AE2FDAD00C1AE29 /* EmptyReplaceMe-wx.app */;
			productType = "com.apple.product-type.application";
		};
		044C63AE1ADED17300BABD53 /* EmptyReplaceMe-OSX */ = {
			isa = PBXNativeTarget;
			buildConfigurationList = 044C63C91ADED17400BABD53 /* Build configuration list for PBXNativeTarget "EmptyReplaceMe-OSX" */;
			buildPhases = (
				044C63AB1ADED17300BABD53 /* Sources */,
				044C63AC1ADED17300BABD53 /* Frameworks */,
				044C63AD1ADED17300BABD53 /* Resources */,
			);
			buildRules = (
			);
			dependencies = (
			);
			name = "EmptyReplaceMe-OSX";
			productName = "EmptyReplaceMe-wx";
			productReference = 044C63AF1ADED17300BABD53 /* EmptyReplaceMe-OSX.app */;
			productType = "com.apple.product-type.application";
		};
		BF267CFD151B68C6009458AE /* EmptyReplaceMe-iOS */ = {
			isa = PBXNativeTarget;
			buildConfigurationList = BF267D27151B68C6009458AE /* Build configuration list for PBXNativeTarget "EmptyReplaceMe-iOS" */;
			buildPhases = (
				BF267CFA151B68C6009458AE /* Sources */,
				BF267CFB151B68C6009458AE /* Frameworks */,
				BF267CFC151B68C6009458AE /* Resources */,
				BF71EB1A151BFE01009F0CD9 /* ShellScript */,
			);
			buildRules = (
			);
			dependencies = (
			);
			name = "EmptyReplaceMe-iOS";
			productName = EmptyReplaceMe;
			productReference = BF267CFE151B68C6009458AE /* EmptyReplaceMe-iOS.app */;
			productType = "com.apple.product-type.application";
		};
/* End PBXNativeTarget section */

/* Begin PBXProject section */
		BF267CF5151B68C6009458AE /* Project object */ = {
			isa = PBXProject;
			attributes = {
				LastUpgradeCheck = 0920;
				TargetAttributes = {
					044C63AE1ADED17300BABD53 = {
						CreatedOnToolsVersion = 6.2;
					};
					BF267CFD151B68C6009458AE = {
						ProvisioningStyle = Manual;
					};
				};
			};
			buildConfigurationList = BF267CF8151B68C6009458AE /* Build configuration list for PBXProject "EmptyReplaceMe" */;
			compatibilityVersion = "Xcode 3.2";
			developmentRegion = English;
			hasScannedForEncodings = 0;
			knownRegions = (
				en,
				Base,
			);
			mainGroup = BF267CF3151B68C6009458AE;
			productRefGroup = BF267CFF151B68C6009458AE /* Products */;
			projectDirPath = "";
			projectRoot = "";
			targets = (
				BF267CFD151B68C6009458AE /* EmptyReplaceMe-iOS */,
				044C63AE1ADED17300BABD53 /* EmptyReplaceMe-OSX */,
				0423ABDA1AE2FDAD00C1AE29 /* EmptyReplaceMe-wx */,
			);
		};
/* End PBXProject section */

/* Begin PBXResourcesBuildPhase section */
		0423ABEF1AE2FDAD00C1AE29 /* Resources */ = {
			isa = PBXResourcesBuildPhase;
			buildActionMask = 2147483647;
			files = (
				0423ABF11AE2FDAD00C1AE29 /* MainMenu.xib in Resources */,
			);
			runOnlyForDeploymentPostprocessing = 0;
		};
		044C63AD1ADED17300BABD53 /* Resources */ = {
			isa = PBXResourcesBuildPhase;
			buildActionMask = 2147483647;
			files = (
				044C65341ADF129A00BABD53 /* MainMenu.xib in Resources */,
			);
			runOnlyForDeploymentPostprocessing = 0;
		};
		BF267CFC151B68C6009458AE /* Resources */ = {
			isa = PBXResourcesBuildPhase;
			buildActionMask = 2147483647;
			files = (
				04A4F9A71FE5AE1E002AA24B /* Assets.xcassets in Resources */,
				044C62C21ADDEB0900BABD53 /* ViewController_iPhone.xib in Resources */,
				044C62C11ADDEB0900BABD53 /* ViewController_iPad.xib in Resources */,
			);
			runOnlyForDeploymentPostprocessing = 0;
		};
/* End PBXResourcesBuildPhase section */

/* Begin PBXShellScriptBuildPhase section */
		BF71EB1A151BFE01009F0CD9 /* ShellScript */ = {
			isa = PBXShellScriptBuildPhase;
			buildActionMask = 2147483647;
			files = (
			);
			inputPaths = (
			);
			outputPaths = (
			);
			runOnlyForDeploymentPostprocessing = 0;
			shellPath = /bin/sh;
			shellScript = "touch -cm ${SRCROOT}/Data\nrsync -avL ${SRCROOT}/Data ${BUILT_PRODUCTS_DIR}/${WRAPPER_NAME}";
		};
/* End PBXShellScriptBuildPhase section */

/* Begin PBXSourcesBuildPhase section */
		0423ABDB1AE2FDAD00C1AE29 /* Sources */ = {
			isa = PBXSourcesBuildPhase;
			buildActionMask = 2147483647;
			files = (
				04936F001AE3F24B00344903 /* WinMainWx.cpp in Sources */,
				0423ABDC1AE2FDAD00C1AE29 /* GameCommonHeader.cpp in Sources */,
				0423ABDD1AE2FDAD00C1AE29 /* ComponentInputTrackMousePos.cpp in Sources */,
				0423ABDE1AE2FDAD00C1AE29 /* GameEmptyReplaceMe.cpp in Sources */,
				0423ABDF1AE2FDAD00C1AE29 /* GameComponentTypeManager.cpp in Sources */,
				04316D351FD4916E009DCA2E /* OSXMainWx.cpp in Sources */,
				0423ABE31AE2FDAD00C1AE29 /* ComponentAIChasePlayer.cpp in Sources */,
			);
			runOnlyForDeploymentPostprocessing = 0;
		};
		044C63AB1ADED17300BABD53 /* Sources */ = {
			isa = PBXSourcesBuildPhase;
			buildActionMask = 2147483647;
			files = (
				044C63CF1ADED2A600BABD53 /* GameCommonHeader.cpp in Sources */,
				044C63D31ADED2BA00BABD53 /* ComponentInputTrackMousePos.cpp in Sources */,
				044C63D11ADED2B300BABD53 /* GameEmptyReplaceMe.cpp in Sources */,
				044C63D01ADED2B300BABD53 /* GameComponentTypeManager.cpp in Sources */,
				044C65251ADF073100BABD53 /* AppDelegate.mm in Sources */,
				044C65271ADF075B00BABD53 /* MyOpenGLView.mm in Sources */,
				044C65261ADF073C00BABD53 /* main.m in Sources */,
				044C63D21ADED2BA00BABD53 /* ComponentAIChasePlayer.cpp in Sources */,
			);
			runOnlyForDeploymentPostprocessing = 0;
		};
		BF267CFA151B68C6009458AE /* Sources */ = {
			isa = PBXSourcesBuildPhase;
			buildActionMask = 2147483647;
			files = (
				044C62C31ADDEB0900BABD53 /* main.mm in Sources */,
				044C62BE1ADDEB0900BABD53 /* ComponentInputTrackMousePos.cpp in Sources */,
				044C62BC1ADDEB0900BABD53 /* GameCommonHeader.cpp in Sources */,
				044C62BD1ADDEB0900BABD53 /* ComponentAIChasePlayer.cpp in Sources */,
				044C62BB1ADDEB0900BABD53 /* GameEmptyReplaceMe.cpp in Sources */,
				044C62BA1ADDEB0900BABD53 /* GameComponentTypeManager.cpp in Sources */,
			);
			runOnlyForDeploymentPostprocessing = 0;
		};
/* End PBXSourcesBuildPhase section */

/* Begin PBXVariantGroup section */
		044C62B41ADDEB0900BABD53 /* ViewController_iPad.xib */ = {
			isa = PBXVariantGroup;
			children = (
				044C62B51ADDEB0900BABD53 /* en */,
			);
			name = ViewController_iPad.xib;
			sourceTree = "<group>";
		};
		044C62B61ADDEB0900BABD53 /* ViewController_iPhone.xib */ = {
			isa = PBXVariantGroup;
			children = (
				044C62B71ADDEB0900BABD53 /* en */,
			);
			name = ViewController_iPhone.xib;
			sourceTree = "<group>";
		};
/* End PBXVariantGroup section */

/* Begin XCBuildConfiguration section */
		0423ABF31AE2FDAD00C1AE29 /* Debug */ = {
			isa = XCBuildConfiguration;
			buildSettings = {
				GCC_PREPROCESSOR_DEFINITIONS = (
					"MYFW_OSX=1",
					"MYFW_USING_WX=1",
					__WXOSX_COCOA__,
					"$(inherited)",
				);
				INFOPLIST_FILE = "SourceOSX/Info-wx.plist";
				LIBRARY_SEARCH_PATHS = (
					"${inherited}",
					"../../Framework/Libraries/wxWidgets/build-cocoa-debug/lib",
				);
				PRODUCT_NAME = "EmptyReplaceMe-wx";
				SDKROOT = macosx;
				USER_HEADER_SEARCH_PATHS = "$(inherited) ../../Framework/Libraries/wxWidgets/include ../../Framework/Libraries/wxWidgets/build-cocoa-debug/lib/wx/include/osx_cocoa-unicode-3.1";
			};
			name = Debug;
		};
		0423ABF41AE2FDAD00C1AE29 /* Release */ = {
			isa = XCBuildConfiguration;
			buildSettings = {
				GCC_PREPROCESSOR_DEFINITIONS = (
					"MYFW_OSX=1",
					"MYFW_USING_WX=1",
					__WXOSX_COCOA__,
					"$(inherited)",
				);
				INFOPLIST_FILE = "SourceOSX/Info-wx.plist";
				LIBRARY_SEARCH_PATHS = (
					"${inherited}",
					"../../Framework/Libraries/wxWidgets/build-cocoa-debug/lib",
				);
				PRODUCT_NAME = "EmptyReplaceMe-wx";
				SDKROOT = macosx;
				USER_HEADER_SEARCH_PATHS = "$(inherited) ../../Framework/Libraries/wxWidgets/include ../../Framework/Libraries/wxWidgets/build-cocoa-debug/lib/wx/include/osx_cocoa-unicode-3.1";
			};
			name = Release;
		};
		044C63CA1ADED17400BABD53 /* Debug */ = {
			isa = XCBuildConfiguration;
			buildSettings = {
				CLANG_ENABLE_MODULES = YES;
				GCC_PREPROCESSOR_DEFINITIONS = (
					"MYFW_OSX=1",
					"$(inherited)",
				);
				INFOPLIST_FILE = SourceOSX/Info.plist;
				LD_RUNPATH_SEARCH_PATHS = "$(inherited) @executable_path/../Frameworks";
				PRODUCT_NAME = "EmptyReplaceMe-OSX";
				SDKROOT = macosx;
			};
			name = Debug;
		};
		044C63CB1ADED17400BABD53 /* Release */ = {
			isa = XCBuildConfiguration;
			buildSettings = {
				CLANG_ENABLE_MODULES = YES;
				GCC_PREPROCESSOR_DEFINITIONS = (
					"MYFW_OSX=1",
					"$(inherited)",
				);
				INFOPLIST_FILE = SourceOSX/Info.plist;
				LD_RUNPATH_SEARCH_PATHS = "$(inherited) @executable_path/../Frameworks";
				PRODUCT_NAME = "EmptyReplaceMe-OSX";
				SDKROOT = macosx;
			};
			name = Release;
		};
		BF267D25151B68C6009458AE /* Debug */ = {
			isa = XCBuildConfiguration;
			buildSettings = {
				ENABLE_TESTABILITY = YES;
				GCC_C_LANGUAGE_STANDARD = gnu99;
				GCC_OPTIMIZATION_LEVEL = 0;
				GCC_PREPROCESSOR_DEFINITIONS = "_DEBUG=1";
				LIBRARY_SEARCH_PATHS = ../../Engine/Libraries/bullet3/bin;
				MACOSX_DEPLOYMENT_TARGET = 10.7;
				ONLY_ACTIVE_ARCH = YES;
				PRODUCT_NAME = EmptyReplaceMe;
				USER_HEADER_SEARCH_PATHS = "./SourceCommon . ../../Framework/Libraries/b2Settings ../../Framework/Libraries/Box2D/Box2D ../../Engine/Libraries/bullet3/src";
			};
			name = Debug;
		};
		BF267D26151B68C6009458AE /* Release */ = {
			isa = XCBuildConfiguration;
			buildSettings = {
				GCC_C_LANGUAGE_STANDARD = gnu99;
				GCC_PREPROCESSOR_DEFINITIONS = "";
				LIBRARY_SEARCH_PATHS = ../../Engine/Libraries/bullet3/bin;
				MACOSX_DEPLOYMENT_TARGET = 10.7;
				PRODUCT_NAME = EmptyReplaceMe;
				USER_HEADER_SEARCH_PATHS = "./SourceCommon . ../../Framework/Libraries/b2Settings ../../Framework/Libraries/Box2D/Box2D ../../Engine/Libraries/bullet3/src";
			};
			name = Release;
		};
		BF267D28151B68C6009458AE /* Debug */ = {
			isa = XCBuildConfiguration;
			buildSettings = {
				ASSETCATALOG_COMPILER_APPICON_NAME = AppIcon;
				CODE_SIGN_IDENTITY = "";
				CODE_SIGN_STYLE = Manual;
				COMPRESS_PNG_FILES = NO;
				GCC_PREPROCESSOR_DEFINITIONS = (
					"MYFW_IOS=1",
					"MYFW_OPENGLES2=1",
					"$(inherited)",
				);
				INFOPLIST_FILE = SourceIOS/Info.plist;
				PRODUCT_BUNDLE_IDENTIFIER = com.flatheadgames.EmptyReplaceMe;
				PRODUCT_NAME = "EmptyReplaceMe-iOS";
				SDKROOT = iphoneos;
				TARGETED_DEVICE_FAMILY = "1,2";
			};
			name = Debug;
		};
		BF267D29151B68C6009458AE /* Release */ = {
			isa = XCBuildConfiguration;
			buildSettings = {
				ASSETCATALOG_COMPILER_APPICON_NAME = AppIcon;
				CODE_SIGN_IDENTITY = "";
				CODE_SIGN_STYLE = Manual;
				COMPRESS_PNG_FILES = NO;
				GCC_PREPROCESSOR_DEFINITIONS = (
					"MYFW_IOS=1",
					"MYFW_OPENGLES2=1",
					"$(inherited)",
				);
				INFOPLIST_FILE = SourceIOS/Info.plist;
				PRODUCT_BUNDLE_IDENTIFIER = com.flatheadgames.EmptyReplaceMe;
				PRODUCT_NAME = "EmptyReplaceMe-iOS";
				SDKROOT = iphoneos;
				TARGETED_DEVICE_FAMILY = "1,2";
			};
			name = Release;
		};
/* End XCBuildConfiguration section */

/* Begin XCConfigurationList section */
		0423ABF21AE2FDAD00C1AE29 /* Build configuration list for PBXNativeTarget "EmptyReplaceMe-wx" */ = {
			isa = XCConfigurationList;
			buildConfigurations = (
				0423ABF31AE2FDAD00C1AE29 /* Debug */,
				0423ABF41AE2FDAD00C1AE29 /* Release */,
			);
			defaultConfigurationIsVisible = 0;
			defaultConfigurationName = Release;
		};
		044C63C91ADED17400BABD53 /* Build configuration list for PBXNativeTarget "EmptyReplaceMe-OSX" */ = {
			isa = XCConfigurationList;
			buildConfigurations = (
				044C63CA1ADED17400BABD53 /* Debug */,
				044C63CB1ADED17400BABD53 /* Release */,
			);
			defaultConfigurationIsVisible = 0;
			defaultConfigurationName = Release;
		};
		BF267CF8151B68C6009458AE /* Build configuration list for PBXProject "EmptyReplaceMe" */ = {
			isa = XCConfigurationList;
			buildConfigurations = (
				BF267D25151B68C6009458AE /* Debug */,
				BF267D26151B68C6009458AE /* Release */,
			);
			defaultConfigurationIsVisible = 0;
			defaultConfigurationName = Release;
		};
		BF267D27151B68C6009458AE /* Build configuration list for PBXNativeTarget "EmptyReplaceMe-iOS" */ = {
			isa = XCConfigurationList;
			buildConfigurations = (
				BF267D28151B68C6009458AE /* Debug */,
				BF267D29151B68C6009458AE /* Release */,
			);
			defaultConfigurationIsVisible = 0;
			defaultConfigurationName = Release;
		};
/* End XCConfigurationList section */
	};
	rootObject = BF267CF5151B68C6009458AE /* Project object */;
}
